
Microsoft Visual Studio Solution File, Format Version 12.00
# Visual Studio Version 17
VisualStudioVersion = 17.0.31919.166
MinimumVisualStudioVersion = 10.0.40219.1
Project("{FAE04EC0-301F-11D3-BF4B-00C04F79EFBC}") = "DataManagmentEngine", "DataManagment_Engine\DataManagmentEngine.csproj", "{45983087-5E0E-4BFB-86C1-A5BC54D2A86F}"
EndProject
Project("{D954291E-2A0B-460D-934E-DC6B0785DB48}") = "DataManagmentEngineShared", "DataManagmentEngineShared\DataManagmentEngineShared.shproj", "{B5D91583-1EB4-4B3C-8288-88FD13E35556}"
EndProject
Project("{D954291E-2A0B-460D-934E-DC6B0785DB48}") = "DataManagmentModelsShared", "DataManagementModelsShared\DataManagmentModelsShared.shproj", "{2F745B0A-B2F4-4EB8-9A8E-5A87B2988F99}"
EndProject
Project("{FAE04EC0-301F-11D3-BF4B-00C04F79EFBC}") = "DMLogger", "DMLogger\DMLogger.csproj", "{EB5417EA-362A-40B6-8B2A-E48BC45C9C05}"
EndProject
Project("{FAE04EC0-301F-11D3-BF4B-00C04F79EFBC}") = "JsonFileLoader", "JsonFileLoader\JsonFileLoader.csproj", "{654608E6-4BB3-4D7F-8F39-144C1318AA7B}"
EndProject
Project("{2150E333-8FDC-42A3-9474-1A3956D46DE8}") = "Addon_plugins", "Addon_plugins", "{965432C9-5BD8-4E04-A2AA-AE7154CF0E37}"
EndProject
Project("{2150E333-8FDC-42A3-9474-1A3956D46DE8}") = "ToolsHelpers", "ToolsHelpers", "{09A058BC-88A5-4451-9636-09A17A82814F}"
EndProject
Project("{2150E333-8FDC-42A3-9474-1A3956D46DE8}") = "Solution Items", "Solution Items", "{6A6741F1-92CA-4D44-A468-3B87EBB81864}"
	ProjectSection(SolutionItems) = preProject
		.editorconfig = .editorconfig
	EndProjectSection
EndProject
Project("{FAE04EC0-301F-11D3-BF4B-00C04F79EFBC}") = "Assembly_helpers", "Assembly_helpers\Assembly_helpers.csproj", "{E987EC5E-563C-48D9-932F-1DFBC545752D}"
EndProject
Project("{FAE04EC0-301F-11D3-BF4B-00C04F79EFBC}") = "DemoApp", "DemoApp\DemoApp.csproj", "{ACA225C1-9447-4713-8330-B5187632BF85}"
EndProject
Project("{FAE04EC0-301F-11D3-BF4B-00C04F79EFBC}") = "DataManagmentModels", "DataManagmentModels\DataManagmentModels.csproj", "{7697EBDC-A4F2-49B1-AF91-79031516E679}"
EndProject
Project("{2150E333-8FDC-42A3-9474-1A3956D46DE8}") = "SampleAppandDemos", "SampleAppandDemos", "{26E78F15-70E6-4578-8F5B-C24798601957}"
EndProject
Project("{9A19103F-16F7-4668-BE54-9A1E7A4F7556}") = "DataManagmentEngineNet6", "DataManagmentEngineNet6\DataManagmentEngineNet6.csproj", "{66DB2CBD-27B5-4347-9C79-F34B801C8229}"
EndProject
Project("{9A19103F-16F7-4668-BE54-9A1E7A4F7556}") = "DataManagmentModelsNet6", "DataManagmentModelsNet6\DataManagmentModelsNet6.csproj", "{F9CBC585-ABA8-4AFE-9D43-1C7272C0B334}"
EndProject
Project("{2150E333-8FDC-42A3-9474-1A3956D46DE8}") = "Net6", "Net6", "{86BA5FBA-6FE3-4341-8468-7BE61B0FD781}"
EndProject
Project("{2150E333-8FDC-42A3-9474-1A3956D46DE8}") = "ToolsHelpers", "ToolsHelpers", "{21144467-DAE3-4045-AD5F-26EB56B167F3}"
EndProject
Project("{9A19103F-16F7-4668-BE54-9A1E7A4F7556}") = "Assembly_helpersNet6", "Assembly_helpersNet6\Assembly_helpersNet6.csproj", "{740D7158-C094-477D-96A8-A223F83F24B2}"
EndProject
Project("{9A19103F-16F7-4668-BE54-9A1E7A4F7556}") = "DMLoggerNet6", "DMLoggerNet6\DMLoggerNet6.csproj", "{E39B086D-CF65-4DAF-BFE2-5EA07EA05446}"
EndProject
Project("{9A19103F-16F7-4668-BE54-9A1E7A4F7556}") = "JsonFileLoaderNet6", "JsonFileLoaderNet6\JsonFileLoaderNet6.csproj", "{625236F8-43E8-4F70-85D1-CF9610C75818}"
EndProject
Global
	GlobalSection(SharedMSBuildProjectFiles) = preSolution
		DataManagementModelsShared\DataManagementModelsShared.projitems*{2f745b0a-b2f4-4eb8-9a8e-5a87b2988f99}*SharedItemsImports = 13
		DataManagmentEngineShared\DataManagmentEngineShared.projitems*{45983087-5e0e-4bfb-86c1-a5bc54d2a86f}*SharedItemsImports = 4
		DataManagementModelsShared\DataManagementModelsShared.projitems*{7697ebdc-a4f2-49b1-af91-79031516e679}*SharedItemsImports = 4
		DataManagmentEngineShared\DataManagmentEngineShared.projitems*{b5d91583-1eb4-4b3c-8288-88fd13e35556}*SharedItemsImports = 13
		DataManagementModelsShared\DataManagementModelsShared.projitems*{f9cbc585-aba8-4afe-9d43-1c7272c0b334}*SharedItemsImports = 5
	EndGlobalSection
	GlobalSection(SolutionConfigurationPlatforms) = preSolution
		Ad-Hoc|Any CPU = Ad-Hoc|Any CPU
		Ad-Hoc|ARM = Ad-Hoc|ARM
		Ad-Hoc|ARM64 = Ad-Hoc|ARM64
		Ad-Hoc|iPhone = Ad-Hoc|iPhone
		Ad-Hoc|iPhoneSimulator = Ad-Hoc|iPhoneSimulator
		Ad-Hoc|x64 = Ad-Hoc|x64
		Ad-Hoc|x86 = Ad-Hoc|x86
		AppStore|Any CPU = AppStore|Any CPU
		AppStore|ARM = AppStore|ARM
		AppStore|ARM64 = AppStore|ARM64
		AppStore|iPhone = AppStore|iPhone
		AppStore|iPhoneSimulator = AppStore|iPhoneSimulator
		AppStore|x64 = AppStore|x64
		AppStore|x86 = AppStore|x86
		Debug|Any CPU = Debug|Any CPU
		Debug|ARM = Debug|ARM
		Debug|ARM64 = Debug|ARM64
		Debug|iPhone = Debug|iPhone
		Debug|iPhoneSimulator = Debug|iPhoneSimulator
		Debug|x64 = Debug|x64
		Debug|x86 = Debug|x86
		Release|Any CPU = Release|Any CPU
		Release|ARM = Release|ARM
		Release|ARM64 = Release|ARM64
		Release|iPhone = Release|iPhone
		Release|iPhoneSimulator = Release|iPhoneSimulator
		Release|x64 = Release|x64
		Release|x86 = Release|x86
	EndGlobalSection
	GlobalSection(ProjectConfigurationPlatforms) = postSolution
		{45983087-5E0E-4BFB-86C1-A5BC54D2A86F}.Ad-Hoc|Any CPU.ActiveCfg = Release|Any CPU
		{45983087-5E0E-4BFB-86C1-A5BC54D2A86F}.Ad-Hoc|Any CPU.Build.0 = Release|Any CPU
		{45983087-5E0E-4BFB-86C1-A5BC54D2A86F}.Ad-Hoc|ARM.ActiveCfg = Release|Any CPU
		{45983087-5E0E-4BFB-86C1-A5BC54D2A86F}.Ad-Hoc|ARM.Build.0 = Release|Any CPU
		{45983087-5E0E-4BFB-86C1-A5BC54D2A86F}.Ad-Hoc|ARM64.ActiveCfg = Release|Any CPU
		{45983087-5E0E-4BFB-86C1-A5BC54D2A86F}.Ad-Hoc|ARM64.Build.0 = Release|Any CPU
		{45983087-5E0E-4BFB-86C1-A5BC54D2A86F}.Ad-Hoc|iPhone.ActiveCfg = Release|Any CPU
		{45983087-5E0E-4BFB-86C1-A5BC54D2A86F}.Ad-Hoc|iPhone.Build.0 = Release|Any CPU
		{45983087-5E0E-4BFB-86C1-A5BC54D2A86F}.Ad-Hoc|iPhoneSimulator.ActiveCfg = Release|Any CPU
		{45983087-5E0E-4BFB-86C1-A5BC54D2A86F}.Ad-Hoc|iPhoneSimulator.Build.0 = Release|Any CPU
		{45983087-5E0E-4BFB-86C1-A5BC54D2A86F}.Ad-Hoc|x64.ActiveCfg = Release|Any CPU
		{45983087-5E0E-4BFB-86C1-A5BC54D2A86F}.Ad-Hoc|x64.Build.0 = Release|Any CPU
		{45983087-5E0E-4BFB-86C1-A5BC54D2A86F}.Ad-Hoc|x86.ActiveCfg = Release|Any CPU
		{45983087-5E0E-4BFB-86C1-A5BC54D2A86F}.Ad-Hoc|x86.Build.0 = Release|Any CPU
		{45983087-5E0E-4BFB-86C1-A5BC54D2A86F}.AppStore|Any CPU.ActiveCfg = Release|Any CPU
		{45983087-5E0E-4BFB-86C1-A5BC54D2A86F}.AppStore|Any CPU.Build.0 = Release|Any CPU
		{45983087-5E0E-4BFB-86C1-A5BC54D2A86F}.AppStore|ARM.ActiveCfg = Release|Any CPU
		{45983087-5E0E-4BFB-86C1-A5BC54D2A86F}.AppStore|ARM.Build.0 = Release|Any CPU
		{45983087-5E0E-4BFB-86C1-A5BC54D2A86F}.AppStore|ARM64.ActiveCfg = Release|Any CPU
		{45983087-5E0E-4BFB-86C1-A5BC54D2A86F}.AppStore|ARM64.Build.0 = Release|Any CPU
		{45983087-5E0E-4BFB-86C1-A5BC54D2A86F}.AppStore|iPhone.ActiveCfg = Release|Any CPU
		{45983087-5E0E-4BFB-86C1-A5BC54D2A86F}.AppStore|iPhone.Build.0 = Release|Any CPU
		{45983087-5E0E-4BFB-86C1-A5BC54D2A86F}.AppStore|iPhoneSimulator.ActiveCfg = Release|Any CPU
		{45983087-5E0E-4BFB-86C1-A5BC54D2A86F}.AppStore|iPhoneSimulator.Build.0 = Release|Any CPU
		{45983087-5E0E-4BFB-86C1-A5BC54D2A86F}.AppStore|x64.ActiveCfg = Release|Any CPU
		{45983087-5E0E-4BFB-86C1-A5BC54D2A86F}.AppStore|x64.Build.0 = Release|Any CPU
		{45983087-5E0E-4BFB-86C1-A5BC54D2A86F}.AppStore|x86.ActiveCfg = Release|Any CPU
		{45983087-5E0E-4BFB-86C1-A5BC54D2A86F}.AppStore|x86.Build.0 = Release|Any CPU
		{45983087-5E0E-4BFB-86C1-A5BC54D2A86F}.Debug|Any CPU.ActiveCfg = Debug|Any CPU
		{45983087-5E0E-4BFB-86C1-A5BC54D2A86F}.Debug|Any CPU.Build.0 = Debug|Any CPU
		{45983087-5E0E-4BFB-86C1-A5BC54D2A86F}.Debug|ARM.ActiveCfg = Debug|Any CPU
		{45983087-5E0E-4BFB-86C1-A5BC54D2A86F}.Debug|ARM.Build.0 = Debug|Any CPU
		{45983087-5E0E-4BFB-86C1-A5BC54D2A86F}.Debug|ARM64.ActiveCfg = Debug|Any CPU
		{45983087-5E0E-4BFB-86C1-A5BC54D2A86F}.Debug|ARM64.Build.0 = Debug|Any CPU
		{45983087-5E0E-4BFB-86C1-A5BC54D2A86F}.Debug|iPhone.ActiveCfg = Debug|Any CPU
		{45983087-5E0E-4BFB-86C1-A5BC54D2A86F}.Debug|iPhone.Build.0 = Debug|Any CPU
		{45983087-5E0E-4BFB-86C1-A5BC54D2A86F}.Debug|iPhoneSimulator.ActiveCfg = Debug|Any CPU
		{45983087-5E0E-4BFB-86C1-A5BC54D2A86F}.Debug|iPhoneSimulator.Build.0 = Debug|Any CPU
		{45983087-5E0E-4BFB-86C1-A5BC54D2A86F}.Debug|x64.ActiveCfg = Debug|Any CPU
		{45983087-5E0E-4BFB-86C1-A5BC54D2A86F}.Debug|x64.Build.0 = Debug|Any CPU
		{45983087-5E0E-4BFB-86C1-A5BC54D2A86F}.Debug|x86.ActiveCfg = Debug|Any CPU
		{45983087-5E0E-4BFB-86C1-A5BC54D2A86F}.Debug|x86.Build.0 = Debug|Any CPU
		{45983087-5E0E-4BFB-86C1-A5BC54D2A86F}.Release|Any CPU.ActiveCfg = Release|Any CPU
		{45983087-5E0E-4BFB-86C1-A5BC54D2A86F}.Release|Any CPU.Build.0 = Release|Any CPU
		{45983087-5E0E-4BFB-86C1-A5BC54D2A86F}.Release|ARM.ActiveCfg = Release|Any CPU
		{45983087-5E0E-4BFB-86C1-A5BC54D2A86F}.Release|ARM.Build.0 = Release|Any CPU
		{45983087-5E0E-4BFB-86C1-A5BC54D2A86F}.Release|ARM64.ActiveCfg = Release|Any CPU
		{45983087-5E0E-4BFB-86C1-A5BC54D2A86F}.Release|ARM64.Build.0 = Release|Any CPU
		{45983087-5E0E-4BFB-86C1-A5BC54D2A86F}.Release|iPhone.ActiveCfg = Release|Any CPU
		{45983087-5E0E-4BFB-86C1-A5BC54D2A86F}.Release|iPhone.Build.0 = Release|Any CPU
		{45983087-5E0E-4BFB-86C1-A5BC54D2A86F}.Release|iPhoneSimulator.ActiveCfg = Release|Any CPU
		{45983087-5E0E-4BFB-86C1-A5BC54D2A86F}.Release|iPhoneSimulator.Build.0 = Release|Any CPU
		{45983087-5E0E-4BFB-86C1-A5BC54D2A86F}.Release|x64.ActiveCfg = Release|Any CPU
		{45983087-5E0E-4BFB-86C1-A5BC54D2A86F}.Release|x64.Build.0 = Release|Any CPU
		{45983087-5E0E-4BFB-86C1-A5BC54D2A86F}.Release|x86.ActiveCfg = Release|Any CPU
		{45983087-5E0E-4BFB-86C1-A5BC54D2A86F}.Release|x86.Build.0 = Release|Any CPU
		{EB5417EA-362A-40B6-8B2A-E48BC45C9C05}.Ad-Hoc|Any CPU.ActiveCfg = Release|Any CPU
		{EB5417EA-362A-40B6-8B2A-E48BC45C9C05}.Ad-Hoc|Any CPU.Build.0 = Release|Any CPU
		{EB5417EA-362A-40B6-8B2A-E48BC45C9C05}.Ad-Hoc|ARM.ActiveCfg = Release|Any CPU
		{EB5417EA-362A-40B6-8B2A-E48BC45C9C05}.Ad-Hoc|ARM.Build.0 = Release|Any CPU
		{EB5417EA-362A-40B6-8B2A-E48BC45C9C05}.Ad-Hoc|ARM64.ActiveCfg = Release|Any CPU
		{EB5417EA-362A-40B6-8B2A-E48BC45C9C05}.Ad-Hoc|ARM64.Build.0 = Release|Any CPU
		{EB5417EA-362A-40B6-8B2A-E48BC45C9C05}.Ad-Hoc|iPhone.ActiveCfg = Release|Any CPU
		{EB5417EA-362A-40B6-8B2A-E48BC45C9C05}.Ad-Hoc|iPhone.Build.0 = Release|Any CPU
		{EB5417EA-362A-40B6-8B2A-E48BC45C9C05}.Ad-Hoc|iPhoneSimulator.ActiveCfg = Release|Any CPU
		{EB5417EA-362A-40B6-8B2A-E48BC45C9C05}.Ad-Hoc|iPhoneSimulator.Build.0 = Release|Any CPU
		{EB5417EA-362A-40B6-8B2A-E48BC45C9C05}.Ad-Hoc|x64.ActiveCfg = Release|Any CPU
		{EB5417EA-362A-40B6-8B2A-E48BC45C9C05}.Ad-Hoc|x64.Build.0 = Release|Any CPU
		{EB5417EA-362A-40B6-8B2A-E48BC45C9C05}.Ad-Hoc|x86.ActiveCfg = Release|Any CPU
		{EB5417EA-362A-40B6-8B2A-E48BC45C9C05}.Ad-Hoc|x86.Build.0 = Release|Any CPU
		{EB5417EA-362A-40B6-8B2A-E48BC45C9C05}.AppStore|Any CPU.ActiveCfg = Release|Any CPU
		{EB5417EA-362A-40B6-8B2A-E48BC45C9C05}.AppStore|Any CPU.Build.0 = Release|Any CPU
		{EB5417EA-362A-40B6-8B2A-E48BC45C9C05}.AppStore|ARM.ActiveCfg = Release|Any CPU
		{EB5417EA-362A-40B6-8B2A-E48BC45C9C05}.AppStore|ARM.Build.0 = Release|Any CPU
		{EB5417EA-362A-40B6-8B2A-E48BC45C9C05}.AppStore|ARM64.ActiveCfg = Release|Any CPU
		{EB5417EA-362A-40B6-8B2A-E48BC45C9C05}.AppStore|ARM64.Build.0 = Release|Any CPU
		{EB5417EA-362A-40B6-8B2A-E48BC45C9C05}.AppStore|iPhone.ActiveCfg = Release|Any CPU
		{EB5417EA-362A-40B6-8B2A-E48BC45C9C05}.AppStore|iPhone.Build.0 = Release|Any CPU
		{EB5417EA-362A-40B6-8B2A-E48BC45C9C05}.AppStore|iPhoneSimulator.ActiveCfg = Release|Any CPU
		{EB5417EA-362A-40B6-8B2A-E48BC45C9C05}.AppStore|iPhoneSimulator.Build.0 = Release|Any CPU
		{EB5417EA-362A-40B6-8B2A-E48BC45C9C05}.AppStore|x64.ActiveCfg = Release|Any CPU
		{EB5417EA-362A-40B6-8B2A-E48BC45C9C05}.AppStore|x64.Build.0 = Release|Any CPU
		{EB5417EA-362A-40B6-8B2A-E48BC45C9C05}.AppStore|x86.ActiveCfg = Release|Any CPU
		{EB5417EA-362A-40B6-8B2A-E48BC45C9C05}.AppStore|x86.Build.0 = Release|Any CPU
		{EB5417EA-362A-40B6-8B2A-E48BC45C9C05}.Debug|Any CPU.ActiveCfg = Debug|Any CPU
		{EB5417EA-362A-40B6-8B2A-E48BC45C9C05}.Debug|Any CPU.Build.0 = Debug|Any CPU
		{EB5417EA-362A-40B6-8B2A-E48BC45C9C05}.Debug|ARM.ActiveCfg = Debug|Any CPU
		{EB5417EA-362A-40B6-8B2A-E48BC45C9C05}.Debug|ARM.Build.0 = Debug|Any CPU
		{EB5417EA-362A-40B6-8B2A-E48BC45C9C05}.Debug|ARM64.ActiveCfg = Debug|Any CPU
		{EB5417EA-362A-40B6-8B2A-E48BC45C9C05}.Debug|ARM64.Build.0 = Debug|Any CPU
		{EB5417EA-362A-40B6-8B2A-E48BC45C9C05}.Debug|iPhone.ActiveCfg = Debug|Any CPU
		{EB5417EA-362A-40B6-8B2A-E48BC45C9C05}.Debug|iPhone.Build.0 = Debug|Any CPU
		{EB5417EA-362A-40B6-8B2A-E48BC45C9C05}.Debug|iPhoneSimulator.ActiveCfg = Debug|Any CPU
		{EB5417EA-362A-40B6-8B2A-E48BC45C9C05}.Debug|iPhoneSimulator.Build.0 = Debug|Any CPU
		{EB5417EA-362A-40B6-8B2A-E48BC45C9C05}.Debug|x64.ActiveCfg = Debug|Any CPU
		{EB5417EA-362A-40B6-8B2A-E48BC45C9C05}.Debug|x64.Build.0 = Debug|Any CPU
		{EB5417EA-362A-40B6-8B2A-E48BC45C9C05}.Debug|x86.ActiveCfg = Debug|Any CPU
		{EB5417EA-362A-40B6-8B2A-E48BC45C9C05}.Debug|x86.Build.0 = Debug|Any CPU
		{EB5417EA-362A-40B6-8B2A-E48BC45C9C05}.Release|Any CPU.ActiveCfg = Release|Any CPU
		{EB5417EA-362A-40B6-8B2A-E48BC45C9C05}.Release|Any CPU.Build.0 = Release|Any CPU
		{EB5417EA-362A-40B6-8B2A-E48BC45C9C05}.Release|ARM.ActiveCfg = Release|Any CPU
		{EB5417EA-362A-40B6-8B2A-E48BC45C9C05}.Release|ARM.Build.0 = Release|Any CPU
		{EB5417EA-362A-40B6-8B2A-E48BC45C9C05}.Release|ARM64.ActiveCfg = Release|Any CPU
		{EB5417EA-362A-40B6-8B2A-E48BC45C9C05}.Release|ARM64.Build.0 = Release|Any CPU
		{EB5417EA-362A-40B6-8B2A-E48BC45C9C05}.Release|iPhone.ActiveCfg = Release|Any CPU
		{EB5417EA-362A-40B6-8B2A-E48BC45C9C05}.Release|iPhone.Build.0 = Release|Any CPU
		{EB5417EA-362A-40B6-8B2A-E48BC45C9C05}.Release|iPhoneSimulator.ActiveCfg = Release|Any CPU
		{EB5417EA-362A-40B6-8B2A-E48BC45C9C05}.Release|iPhoneSimulator.Build.0 = Release|Any CPU
		{EB5417EA-362A-40B6-8B2A-E48BC45C9C05}.Release|x64.ActiveCfg = Release|Any CPU
		{EB5417EA-362A-40B6-8B2A-E48BC45C9C05}.Release|x64.Build.0 = Release|Any CPU
		{EB5417EA-362A-40B6-8B2A-E48BC45C9C05}.Release|x86.ActiveCfg = Release|Any CPU
		{EB5417EA-362A-40B6-8B2A-E48BC45C9C05}.Release|x86.Build.0 = Release|Any CPU
		{654608E6-4BB3-4D7F-8F39-144C1318AA7B}.Ad-Hoc|Any CPU.ActiveCfg = Release|Any CPU
		{654608E6-4BB3-4D7F-8F39-144C1318AA7B}.Ad-Hoc|Any CPU.Build.0 = Release|Any CPU
		{654608E6-4BB3-4D7F-8F39-144C1318AA7B}.Ad-Hoc|ARM.ActiveCfg = Release|Any CPU
		{654608E6-4BB3-4D7F-8F39-144C1318AA7B}.Ad-Hoc|ARM.Build.0 = Release|Any CPU
		{654608E6-4BB3-4D7F-8F39-144C1318AA7B}.Ad-Hoc|ARM64.ActiveCfg = Release|Any CPU
		{654608E6-4BB3-4D7F-8F39-144C1318AA7B}.Ad-Hoc|ARM64.Build.0 = Release|Any CPU
		{654608E6-4BB3-4D7F-8F39-144C1318AA7B}.Ad-Hoc|iPhone.ActiveCfg = Release|Any CPU
		{654608E6-4BB3-4D7F-8F39-144C1318AA7B}.Ad-Hoc|iPhone.Build.0 = Release|Any CPU
		{654608E6-4BB3-4D7F-8F39-144C1318AA7B}.Ad-Hoc|iPhoneSimulator.ActiveCfg = Release|Any CPU
		{654608E6-4BB3-4D7F-8F39-144C1318AA7B}.Ad-Hoc|iPhoneSimulator.Build.0 = Release|Any CPU
		{654608E6-4BB3-4D7F-8F39-144C1318AA7B}.Ad-Hoc|x64.ActiveCfg = Release|Any CPU
		{654608E6-4BB3-4D7F-8F39-144C1318AA7B}.Ad-Hoc|x64.Build.0 = Release|Any CPU
		{654608E6-4BB3-4D7F-8F39-144C1318AA7B}.Ad-Hoc|x86.ActiveCfg = Release|Any CPU
		{654608E6-4BB3-4D7F-8F39-144C1318AA7B}.Ad-Hoc|x86.Build.0 = Release|Any CPU
		{654608E6-4BB3-4D7F-8F39-144C1318AA7B}.AppStore|Any CPU.ActiveCfg = Release|Any CPU
		{654608E6-4BB3-4D7F-8F39-144C1318AA7B}.AppStore|Any CPU.Build.0 = Release|Any CPU
		{654608E6-4BB3-4D7F-8F39-144C1318AA7B}.AppStore|ARM.ActiveCfg = Release|Any CPU
		{654608E6-4BB3-4D7F-8F39-144C1318AA7B}.AppStore|ARM.Build.0 = Release|Any CPU
		{654608E6-4BB3-4D7F-8F39-144C1318AA7B}.AppStore|ARM64.ActiveCfg = Release|Any CPU
		{654608E6-4BB3-4D7F-8F39-144C1318AA7B}.AppStore|ARM64.Build.0 = Release|Any CPU
		{654608E6-4BB3-4D7F-8F39-144C1318AA7B}.AppStore|iPhone.ActiveCfg = Release|Any CPU
		{654608E6-4BB3-4D7F-8F39-144C1318AA7B}.AppStore|iPhone.Build.0 = Release|Any CPU
		{654608E6-4BB3-4D7F-8F39-144C1318AA7B}.AppStore|iPhoneSimulator.ActiveCfg = Release|Any CPU
		{654608E6-4BB3-4D7F-8F39-144C1318AA7B}.AppStore|iPhoneSimulator.Build.0 = Release|Any CPU
		{654608E6-4BB3-4D7F-8F39-144C1318AA7B}.AppStore|x64.ActiveCfg = Release|Any CPU
		{654608E6-4BB3-4D7F-8F39-144C1318AA7B}.AppStore|x64.Build.0 = Release|Any CPU
		{654608E6-4BB3-4D7F-8F39-144C1318AA7B}.AppStore|x86.ActiveCfg = Release|Any CPU
		{654608E6-4BB3-4D7F-8F39-144C1318AA7B}.AppStore|x86.Build.0 = Release|Any CPU
		{654608E6-4BB3-4D7F-8F39-144C1318AA7B}.Debug|Any CPU.ActiveCfg = Debug|Any CPU
		{654608E6-4BB3-4D7F-8F39-144C1318AA7B}.Debug|Any CPU.Build.0 = Debug|Any CPU
		{654608E6-4BB3-4D7F-8F39-144C1318AA7B}.Debug|ARM.ActiveCfg = Debug|Any CPU
		{654608E6-4BB3-4D7F-8F39-144C1318AA7B}.Debug|ARM.Build.0 = Debug|Any CPU
		{654608E6-4BB3-4D7F-8F39-144C1318AA7B}.Debug|ARM64.ActiveCfg = Debug|Any CPU
		{654608E6-4BB3-4D7F-8F39-144C1318AA7B}.Debug|ARM64.Build.0 = Debug|Any CPU
		{654608E6-4BB3-4D7F-8F39-144C1318AA7B}.Debug|iPhone.ActiveCfg = Debug|Any CPU
		{654608E6-4BB3-4D7F-8F39-144C1318AA7B}.Debug|iPhone.Build.0 = Debug|Any CPU
		{654608E6-4BB3-4D7F-8F39-144C1318AA7B}.Debug|iPhoneSimulator.ActiveCfg = Debug|Any CPU
		{654608E6-4BB3-4D7F-8F39-144C1318AA7B}.Debug|iPhoneSimulator.Build.0 = Debug|Any CPU
		{654608E6-4BB3-4D7F-8F39-144C1318AA7B}.Debug|x64.ActiveCfg = Debug|Any CPU
		{654608E6-4BB3-4D7F-8F39-144C1318AA7B}.Debug|x64.Build.0 = Debug|Any CPU
		{654608E6-4BB3-4D7F-8F39-144C1318AA7B}.Debug|x86.ActiveCfg = Debug|Any CPU
		{654608E6-4BB3-4D7F-8F39-144C1318AA7B}.Debug|x86.Build.0 = Debug|Any CPU
		{654608E6-4BB3-4D7F-8F39-144C1318AA7B}.Release|Any CPU.ActiveCfg = Release|Any CPU
		{654608E6-4BB3-4D7F-8F39-144C1318AA7B}.Release|Any CPU.Build.0 = Release|Any CPU
		{654608E6-4BB3-4D7F-8F39-144C1318AA7B}.Release|ARM.ActiveCfg = Release|Any CPU
		{654608E6-4BB3-4D7F-8F39-144C1318AA7B}.Release|ARM.Build.0 = Release|Any CPU
		{654608E6-4BB3-4D7F-8F39-144C1318AA7B}.Release|ARM64.ActiveCfg = Release|Any CPU
		{654608E6-4BB3-4D7F-8F39-144C1318AA7B}.Release|ARM64.Build.0 = Release|Any CPU
		{654608E6-4BB3-4D7F-8F39-144C1318AA7B}.Release|iPhone.ActiveCfg = Release|Any CPU
		{654608E6-4BB3-4D7F-8F39-144C1318AA7B}.Release|iPhone.Build.0 = Release|Any CPU
		{654608E6-4BB3-4D7F-8F39-144C1318AA7B}.Release|iPhoneSimulator.ActiveCfg = Release|Any CPU
		{654608E6-4BB3-4D7F-8F39-144C1318AA7B}.Release|iPhoneSimulator.Build.0 = Release|Any CPU
		{654608E6-4BB3-4D7F-8F39-144C1318AA7B}.Release|x64.ActiveCfg = Release|Any CPU
		{654608E6-4BB3-4D7F-8F39-144C1318AA7B}.Release|x64.Build.0 = Release|Any CPU
		{654608E6-4BB3-4D7F-8F39-144C1318AA7B}.Release|x86.ActiveCfg = Release|Any CPU
		{654608E6-4BB3-4D7F-8F39-144C1318AA7B}.Release|x86.Build.0 = Release|Any CPU
		{E987EC5E-563C-48D9-932F-1DFBC545752D}.Ad-Hoc|Any CPU.ActiveCfg = Debug|Any CPU
		{E987EC5E-563C-48D9-932F-1DFBC545752D}.Ad-Hoc|Any CPU.Build.0 = Debug|Any CPU
		{E987EC5E-563C-48D9-932F-1DFBC545752D}.Ad-Hoc|ARM.ActiveCfg = Debug|Any CPU
		{E987EC5E-563C-48D9-932F-1DFBC545752D}.Ad-Hoc|ARM.Build.0 = Debug|Any CPU
		{E987EC5E-563C-48D9-932F-1DFBC545752D}.Ad-Hoc|ARM64.ActiveCfg = Debug|Any CPU
		{E987EC5E-563C-48D9-932F-1DFBC545752D}.Ad-Hoc|ARM64.Build.0 = Debug|Any CPU
		{E987EC5E-563C-48D9-932F-1DFBC545752D}.Ad-Hoc|iPhone.ActiveCfg = Debug|Any CPU
		{E987EC5E-563C-48D9-932F-1DFBC545752D}.Ad-Hoc|iPhone.Build.0 = Debug|Any CPU
		{E987EC5E-563C-48D9-932F-1DFBC545752D}.Ad-Hoc|iPhoneSimulator.ActiveCfg = Debug|Any CPU
		{E987EC5E-563C-48D9-932F-1DFBC545752D}.Ad-Hoc|iPhoneSimulator.Build.0 = Debug|Any CPU
		{E987EC5E-563C-48D9-932F-1DFBC545752D}.Ad-Hoc|x64.ActiveCfg = Debug|Any CPU
		{E987EC5E-563C-48D9-932F-1DFBC545752D}.Ad-Hoc|x64.Build.0 = Debug|Any CPU
		{E987EC5E-563C-48D9-932F-1DFBC545752D}.Ad-Hoc|x86.ActiveCfg = Debug|Any CPU
		{E987EC5E-563C-48D9-932F-1DFBC545752D}.Ad-Hoc|x86.Build.0 = Debug|Any CPU
		{E987EC5E-563C-48D9-932F-1DFBC545752D}.AppStore|Any CPU.ActiveCfg = Debug|Any CPU
		{E987EC5E-563C-48D9-932F-1DFBC545752D}.AppStore|Any CPU.Build.0 = Debug|Any CPU
		{E987EC5E-563C-48D9-932F-1DFBC545752D}.AppStore|ARM.ActiveCfg = Debug|Any CPU
		{E987EC5E-563C-48D9-932F-1DFBC545752D}.AppStore|ARM.Build.0 = Debug|Any CPU
		{E987EC5E-563C-48D9-932F-1DFBC545752D}.AppStore|ARM64.ActiveCfg = Debug|Any CPU
		{E987EC5E-563C-48D9-932F-1DFBC545752D}.AppStore|ARM64.Build.0 = Debug|Any CPU
		{E987EC5E-563C-48D9-932F-1DFBC545752D}.AppStore|iPhone.ActiveCfg = Debug|Any CPU
		{E987EC5E-563C-48D9-932F-1DFBC545752D}.AppStore|iPhone.Build.0 = Debug|Any CPU
		{E987EC5E-563C-48D9-932F-1DFBC545752D}.AppStore|iPhoneSimulator.ActiveCfg = Debug|Any CPU
		{E987EC5E-563C-48D9-932F-1DFBC545752D}.AppStore|iPhoneSimulator.Build.0 = Debug|Any CPU
		{E987EC5E-563C-48D9-932F-1DFBC545752D}.AppStore|x64.ActiveCfg = Debug|Any CPU
		{E987EC5E-563C-48D9-932F-1DFBC545752D}.AppStore|x64.Build.0 = Debug|Any CPU
		{E987EC5E-563C-48D9-932F-1DFBC545752D}.AppStore|x86.ActiveCfg = Debug|Any CPU
		{E987EC5E-563C-48D9-932F-1DFBC545752D}.AppStore|x86.Build.0 = Debug|Any CPU
		{E987EC5E-563C-48D9-932F-1DFBC545752D}.Debug|Any CPU.ActiveCfg = Debug|Any CPU
		{E987EC5E-563C-48D9-932F-1DFBC545752D}.Debug|Any CPU.Build.0 = Debug|Any CPU
		{E987EC5E-563C-48D9-932F-1DFBC545752D}.Debug|ARM.ActiveCfg = Debug|Any CPU
		{E987EC5E-563C-48D9-932F-1DFBC545752D}.Debug|ARM.Build.0 = Debug|Any CPU
		{E987EC5E-563C-48D9-932F-1DFBC545752D}.Debug|ARM64.ActiveCfg = Debug|Any CPU
		{E987EC5E-563C-48D9-932F-1DFBC545752D}.Debug|ARM64.Build.0 = Debug|Any CPU
		{E987EC5E-563C-48D9-932F-1DFBC545752D}.Debug|iPhone.ActiveCfg = Debug|Any CPU
		{E987EC5E-563C-48D9-932F-1DFBC545752D}.Debug|iPhone.Build.0 = Debug|Any CPU
		{E987EC5E-563C-48D9-932F-1DFBC545752D}.Debug|iPhoneSimulator.ActiveCfg = Debug|Any CPU
		{E987EC5E-563C-48D9-932F-1DFBC545752D}.Debug|iPhoneSimulator.Build.0 = Debug|Any CPU
		{E987EC5E-563C-48D9-932F-1DFBC545752D}.Debug|x64.ActiveCfg = Debug|Any CPU
		{E987EC5E-563C-48D9-932F-1DFBC545752D}.Debug|x64.Build.0 = Debug|Any CPU
		{E987EC5E-563C-48D9-932F-1DFBC545752D}.Debug|x86.ActiveCfg = Debug|Any CPU
		{E987EC5E-563C-48D9-932F-1DFBC545752D}.Debug|x86.Build.0 = Debug|Any CPU
		{E987EC5E-563C-48D9-932F-1DFBC545752D}.Release|Any CPU.ActiveCfg = Release|Any CPU
		{E987EC5E-563C-48D9-932F-1DFBC545752D}.Release|Any CPU.Build.0 = Release|Any CPU
		{E987EC5E-563C-48D9-932F-1DFBC545752D}.Release|ARM.ActiveCfg = Release|Any CPU
		{E987EC5E-563C-48D9-932F-1DFBC545752D}.Release|ARM.Build.0 = Release|Any CPU
		{E987EC5E-563C-48D9-932F-1DFBC545752D}.Release|ARM64.ActiveCfg = Release|Any CPU
		{E987EC5E-563C-48D9-932F-1DFBC545752D}.Release|ARM64.Build.0 = Release|Any CPU
		{E987EC5E-563C-48D9-932F-1DFBC545752D}.Release|iPhone.ActiveCfg = Release|Any CPU
		{E987EC5E-563C-48D9-932F-1DFBC545752D}.Release|iPhone.Build.0 = Release|Any CPU
		{E987EC5E-563C-48D9-932F-1DFBC545752D}.Release|iPhoneSimulator.ActiveCfg = Release|Any CPU
		{E987EC5E-563C-48D9-932F-1DFBC545752D}.Release|iPhoneSimulator.Build.0 = Release|Any CPU
		{E987EC5E-563C-48D9-932F-1DFBC545752D}.Release|x64.ActiveCfg = Release|Any CPU
		{E987EC5E-563C-48D9-932F-1DFBC545752D}.Release|x64.Build.0 = Release|Any CPU
		{E987EC5E-563C-48D9-932F-1DFBC545752D}.Release|x86.ActiveCfg = Release|Any CPU
		{E987EC5E-563C-48D9-932F-1DFBC545752D}.Release|x86.Build.0 = Release|Any CPU
		{ACA225C1-9447-4713-8330-B5187632BF85}.Ad-Hoc|Any CPU.ActiveCfg = Debug|Any CPU
		{ACA225C1-9447-4713-8330-B5187632BF85}.Ad-Hoc|Any CPU.Build.0 = Debug|Any CPU
		{ACA225C1-9447-4713-8330-B5187632BF85}.Ad-Hoc|ARM.ActiveCfg = Debug|Any CPU
		{ACA225C1-9447-4713-8330-B5187632BF85}.Ad-Hoc|ARM.Build.0 = Debug|Any CPU
		{ACA225C1-9447-4713-8330-B5187632BF85}.Ad-Hoc|ARM64.ActiveCfg = Debug|Any CPU
		{ACA225C1-9447-4713-8330-B5187632BF85}.Ad-Hoc|ARM64.Build.0 = Debug|Any CPU
		{ACA225C1-9447-4713-8330-B5187632BF85}.Ad-Hoc|iPhone.ActiveCfg = Debug|Any CPU
		{ACA225C1-9447-4713-8330-B5187632BF85}.Ad-Hoc|iPhone.Build.0 = Debug|Any CPU
		{ACA225C1-9447-4713-8330-B5187632BF85}.Ad-Hoc|iPhoneSimulator.ActiveCfg = Debug|Any CPU
		{ACA225C1-9447-4713-8330-B5187632BF85}.Ad-Hoc|iPhoneSimulator.Build.0 = Debug|Any CPU
		{ACA225C1-9447-4713-8330-B5187632BF85}.Ad-Hoc|x64.ActiveCfg = Debug|Any CPU
		{ACA225C1-9447-4713-8330-B5187632BF85}.Ad-Hoc|x64.Build.0 = Debug|Any CPU
		{ACA225C1-9447-4713-8330-B5187632BF85}.Ad-Hoc|x86.ActiveCfg = Debug|Any CPU
		{ACA225C1-9447-4713-8330-B5187632BF85}.Ad-Hoc|x86.Build.0 = Debug|Any CPU
		{ACA225C1-9447-4713-8330-B5187632BF85}.AppStore|Any CPU.ActiveCfg = Debug|Any CPU
		{ACA225C1-9447-4713-8330-B5187632BF85}.AppStore|Any CPU.Build.0 = Debug|Any CPU
		{ACA225C1-9447-4713-8330-B5187632BF85}.AppStore|ARM.ActiveCfg = Debug|Any CPU
		{ACA225C1-9447-4713-8330-B5187632BF85}.AppStore|ARM.Build.0 = Debug|Any CPU
		{ACA225C1-9447-4713-8330-B5187632BF85}.AppStore|ARM64.ActiveCfg = Debug|Any CPU
		{ACA225C1-9447-4713-8330-B5187632BF85}.AppStore|ARM64.Build.0 = Debug|Any CPU
		{ACA225C1-9447-4713-8330-B5187632BF85}.AppStore|iPhone.ActiveCfg = Debug|Any CPU
		{ACA225C1-9447-4713-8330-B5187632BF85}.AppStore|iPhone.Build.0 = Debug|Any CPU
		{ACA225C1-9447-4713-8330-B5187632BF85}.AppStore|iPhoneSimulator.ActiveCfg = Debug|Any CPU
		{ACA225C1-9447-4713-8330-B5187632BF85}.AppStore|iPhoneSimulator.Build.0 = Debug|Any CPU
		{ACA225C1-9447-4713-8330-B5187632BF85}.AppStore|x64.ActiveCfg = Debug|Any CPU
		{ACA225C1-9447-4713-8330-B5187632BF85}.AppStore|x64.Build.0 = Debug|Any CPU
		{ACA225C1-9447-4713-8330-B5187632BF85}.AppStore|x86.ActiveCfg = Debug|Any CPU
		{ACA225C1-9447-4713-8330-B5187632BF85}.AppStore|x86.Build.0 = Debug|Any CPU
		{ACA225C1-9447-4713-8330-B5187632BF85}.Debug|Any CPU.ActiveCfg = Debug|Any CPU
		{ACA225C1-9447-4713-8330-B5187632BF85}.Debug|Any CPU.Build.0 = Debug|Any CPU
		{ACA225C1-9447-4713-8330-B5187632BF85}.Debug|ARM.ActiveCfg = Debug|Any CPU
		{ACA225C1-9447-4713-8330-B5187632BF85}.Debug|ARM.Build.0 = Debug|Any CPU
		{ACA225C1-9447-4713-8330-B5187632BF85}.Debug|ARM64.ActiveCfg = Debug|Any CPU
		{ACA225C1-9447-4713-8330-B5187632BF85}.Debug|ARM64.Build.0 = Debug|Any CPU
		{ACA225C1-9447-4713-8330-B5187632BF85}.Debug|iPhone.ActiveCfg = Debug|Any CPU
		{ACA225C1-9447-4713-8330-B5187632BF85}.Debug|iPhone.Build.0 = Debug|Any CPU
		{ACA225C1-9447-4713-8330-B5187632BF85}.Debug|iPhoneSimulator.ActiveCfg = Debug|Any CPU
		{ACA225C1-9447-4713-8330-B5187632BF85}.Debug|iPhoneSimulator.Build.0 = Debug|Any CPU
		{ACA225C1-9447-4713-8330-B5187632BF85}.Debug|x64.ActiveCfg = Debug|Any CPU
		{ACA225C1-9447-4713-8330-B5187632BF85}.Debug|x64.Build.0 = Debug|Any CPU
		{ACA225C1-9447-4713-8330-B5187632BF85}.Debug|x86.ActiveCfg = Debug|Any CPU
		{ACA225C1-9447-4713-8330-B5187632BF85}.Debug|x86.Build.0 = Debug|Any CPU
		{ACA225C1-9447-4713-8330-B5187632BF85}.Release|Any CPU.ActiveCfg = Release|Any CPU
		{ACA225C1-9447-4713-8330-B5187632BF85}.Release|Any CPU.Build.0 = Release|Any CPU
		{ACA225C1-9447-4713-8330-B5187632BF85}.Release|ARM.ActiveCfg = Release|Any CPU
		{ACA225C1-9447-4713-8330-B5187632BF85}.Release|ARM.Build.0 = Release|Any CPU
		{ACA225C1-9447-4713-8330-B5187632BF85}.Release|ARM64.ActiveCfg = Release|Any CPU
		{ACA225C1-9447-4713-8330-B5187632BF85}.Release|ARM64.Build.0 = Release|Any CPU
		{ACA225C1-9447-4713-8330-B5187632BF85}.Release|iPhone.ActiveCfg = Release|Any CPU
		{ACA225C1-9447-4713-8330-B5187632BF85}.Release|iPhone.Build.0 = Release|Any CPU
		{ACA225C1-9447-4713-8330-B5187632BF85}.Release|iPhoneSimulator.ActiveCfg = Release|Any CPU
		{ACA225C1-9447-4713-8330-B5187632BF85}.Release|iPhoneSimulator.Build.0 = Release|Any CPU
		{ACA225C1-9447-4713-8330-B5187632BF85}.Release|x64.ActiveCfg = Release|Any CPU
		{ACA225C1-9447-4713-8330-B5187632BF85}.Release|x64.Build.0 = Release|Any CPU
		{ACA225C1-9447-4713-8330-B5187632BF85}.Release|x86.ActiveCfg = Release|Any CPU
		{ACA225C1-9447-4713-8330-B5187632BF85}.Release|x86.Build.0 = Release|Any CPU
		{7697EBDC-A4F2-49B1-AF91-79031516E679}.Ad-Hoc|Any CPU.ActiveCfg = Debug|Any CPU
		{7697EBDC-A4F2-49B1-AF91-79031516E679}.Ad-Hoc|Any CPU.Build.0 = Debug|Any CPU
		{7697EBDC-A4F2-49B1-AF91-79031516E679}.Ad-Hoc|ARM.ActiveCfg = Debug|Any CPU
		{7697EBDC-A4F2-49B1-AF91-79031516E679}.Ad-Hoc|ARM.Build.0 = Debug|Any CPU
		{7697EBDC-A4F2-49B1-AF91-79031516E679}.Ad-Hoc|ARM64.ActiveCfg = Debug|Any CPU
		{7697EBDC-A4F2-49B1-AF91-79031516E679}.Ad-Hoc|ARM64.Build.0 = Debug|Any CPU
		{7697EBDC-A4F2-49B1-AF91-79031516E679}.Ad-Hoc|iPhone.ActiveCfg = Debug|Any CPU
		{7697EBDC-A4F2-49B1-AF91-79031516E679}.Ad-Hoc|iPhone.Build.0 = Debug|Any CPU
		{7697EBDC-A4F2-49B1-AF91-79031516E679}.Ad-Hoc|iPhoneSimulator.ActiveCfg = Debug|Any CPU
		{7697EBDC-A4F2-49B1-AF91-79031516E679}.Ad-Hoc|iPhoneSimulator.Build.0 = Debug|Any CPU
		{7697EBDC-A4F2-49B1-AF91-79031516E679}.Ad-Hoc|x64.ActiveCfg = Debug|Any CPU
		{7697EBDC-A4F2-49B1-AF91-79031516E679}.Ad-Hoc|x64.Build.0 = Debug|Any CPU
		{7697EBDC-A4F2-49B1-AF91-79031516E679}.Ad-Hoc|x86.ActiveCfg = Debug|Any CPU
		{7697EBDC-A4F2-49B1-AF91-79031516E679}.Ad-Hoc|x86.Build.0 = Debug|Any CPU
		{7697EBDC-A4F2-49B1-AF91-79031516E679}.AppStore|Any CPU.ActiveCfg = Debug|Any CPU
		{7697EBDC-A4F2-49B1-AF91-79031516E679}.AppStore|Any CPU.Build.0 = Debug|Any CPU
		{7697EBDC-A4F2-49B1-AF91-79031516E679}.AppStore|ARM.ActiveCfg = Debug|Any CPU
		{7697EBDC-A4F2-49B1-AF91-79031516E679}.AppStore|ARM.Build.0 = Debug|Any CPU
		{7697EBDC-A4F2-49B1-AF91-79031516E679}.AppStore|ARM64.ActiveCfg = Debug|Any CPU
		{7697EBDC-A4F2-49B1-AF91-79031516E679}.AppStore|ARM64.Build.0 = Debug|Any CPU
		{7697EBDC-A4F2-49B1-AF91-79031516E679}.AppStore|iPhone.ActiveCfg = Debug|Any CPU
		{7697EBDC-A4F2-49B1-AF91-79031516E679}.AppStore|iPhone.Build.0 = Debug|Any CPU
		{7697EBDC-A4F2-49B1-AF91-79031516E679}.AppStore|iPhoneSimulator.ActiveCfg = Debug|Any CPU
		{7697EBDC-A4F2-49B1-AF91-79031516E679}.AppStore|iPhoneSimulator.Build.0 = Debug|Any CPU
		{7697EBDC-A4F2-49B1-AF91-79031516E679}.AppStore|x64.ActiveCfg = Debug|Any CPU
		{7697EBDC-A4F2-49B1-AF91-79031516E679}.AppStore|x64.Build.0 = Debug|Any CPU
		{7697EBDC-A4F2-49B1-AF91-79031516E679}.AppStore|x86.ActiveCfg = Debug|Any CPU
		{7697EBDC-A4F2-49B1-AF91-79031516E679}.AppStore|x86.Build.0 = Debug|Any CPU
		{7697EBDC-A4F2-49B1-AF91-79031516E679}.Debug|Any CPU.ActiveCfg = Debug|Any CPU
		{7697EBDC-A4F2-49B1-AF91-79031516E679}.Debug|Any CPU.Build.0 = Debug|Any CPU
		{7697EBDC-A4F2-49B1-AF91-79031516E679}.Debug|ARM.ActiveCfg = Debug|Any CPU
		{7697EBDC-A4F2-49B1-AF91-79031516E679}.Debug|ARM.Build.0 = Debug|Any CPU
		{7697EBDC-A4F2-49B1-AF91-79031516E679}.Debug|ARM64.ActiveCfg = Debug|Any CPU
		{7697EBDC-A4F2-49B1-AF91-79031516E679}.Debug|ARM64.Build.0 = Debug|Any CPU
		{7697EBDC-A4F2-49B1-AF91-79031516E679}.Debug|iPhone.ActiveCfg = Debug|Any CPU
		{7697EBDC-A4F2-49B1-AF91-79031516E679}.Debug|iPhone.Build.0 = Debug|Any CPU
		{7697EBDC-A4F2-49B1-AF91-79031516E679}.Debug|iPhoneSimulator.ActiveCfg = Debug|Any CPU
		{7697EBDC-A4F2-49B1-AF91-79031516E679}.Debug|iPhoneSimulator.Build.0 = Debug|Any CPU
		{7697EBDC-A4F2-49B1-AF91-79031516E679}.Debug|x64.ActiveCfg = Debug|Any CPU
		{7697EBDC-A4F2-49B1-AF91-79031516E679}.Debug|x64.Build.0 = Debug|Any CPU
		{7697EBDC-A4F2-49B1-AF91-79031516E679}.Debug|x86.ActiveCfg = Debug|Any CPU
		{7697EBDC-A4F2-49B1-AF91-79031516E679}.Debug|x86.Build.0 = Debug|Any CPU
		{7697EBDC-A4F2-49B1-AF91-79031516E679}.Release|Any CPU.ActiveCfg = Release|Any CPU
		{7697EBDC-A4F2-49B1-AF91-79031516E679}.Release|Any CPU.Build.0 = Release|Any CPU
		{7697EBDC-A4F2-49B1-AF91-79031516E679}.Release|ARM.ActiveCfg = Release|Any CPU
		{7697EBDC-A4F2-49B1-AF91-79031516E679}.Release|ARM.Build.0 = Release|Any CPU
		{7697EBDC-A4F2-49B1-AF91-79031516E679}.Release|ARM64.ActiveCfg = Release|Any CPU
		{7697EBDC-A4F2-49B1-AF91-79031516E679}.Release|ARM64.Build.0 = Release|Any CPU
		{7697EBDC-A4F2-49B1-AF91-79031516E679}.Release|iPhone.ActiveCfg = Release|Any CPU
		{7697EBDC-A4F2-49B1-AF91-79031516E679}.Release|iPhone.Build.0 = Release|Any CPU
		{7697EBDC-A4F2-49B1-AF91-79031516E679}.Release|iPhoneSimulator.ActiveCfg = Release|Any CPU
		{7697EBDC-A4F2-49B1-AF91-79031516E679}.Release|iPhoneSimulator.Build.0 = Release|Any CPU
		{7697EBDC-A4F2-49B1-AF91-79031516E679}.Release|x64.ActiveCfg = Release|Any CPU
		{7697EBDC-A4F2-49B1-AF91-79031516E679}.Release|x64.Build.0 = Release|Any CPU
		{7697EBDC-A4F2-49B1-AF91-79031516E679}.Release|x86.ActiveCfg = Release|Any CPU
		{7697EBDC-A4F2-49B1-AF91-79031516E679}.Release|x86.Build.0 = Release|Any CPU
		{66DB2CBD-27B5-4347-9C79-F34B801C8229}.Ad-Hoc|Any CPU.ActiveCfg = Debug|Any CPU
		{66DB2CBD-27B5-4347-9C79-F34B801C8229}.Ad-Hoc|Any CPU.Build.0 = Debug|Any CPU
		{66DB2CBD-27B5-4347-9C79-F34B801C8229}.Ad-Hoc|ARM.ActiveCfg = Debug|Any CPU
		{66DB2CBD-27B5-4347-9C79-F34B801C8229}.Ad-Hoc|ARM.Build.0 = Debug|Any CPU
		{66DB2CBD-27B5-4347-9C79-F34B801C8229}.Ad-Hoc|ARM64.ActiveCfg = Debug|Any CPU
		{66DB2CBD-27B5-4347-9C79-F34B801C8229}.Ad-Hoc|ARM64.Build.0 = Debug|Any CPU
		{66DB2CBD-27B5-4347-9C79-F34B801C8229}.Ad-Hoc|iPhone.ActiveCfg = Debug|Any CPU
		{66DB2CBD-27B5-4347-9C79-F34B801C8229}.Ad-Hoc|iPhone.Build.0 = Debug|Any CPU
		{66DB2CBD-27B5-4347-9C79-F34B801C8229}.Ad-Hoc|iPhoneSimulator.ActiveCfg = Debug|Any CPU
		{66DB2CBD-27B5-4347-9C79-F34B801C8229}.Ad-Hoc|iPhoneSimulator.Build.0 = Debug|Any CPU
		{66DB2CBD-27B5-4347-9C79-F34B801C8229}.Ad-Hoc|x64.ActiveCfg = Debug|Any CPU
		{66DB2CBD-27B5-4347-9C79-F34B801C8229}.Ad-Hoc|x64.Build.0 = Debug|Any CPU
		{66DB2CBD-27B5-4347-9C79-F34B801C8229}.Ad-Hoc|x86.ActiveCfg = Debug|Any CPU
		{66DB2CBD-27B5-4347-9C79-F34B801C8229}.Ad-Hoc|x86.Build.0 = Debug|Any CPU
		{66DB2CBD-27B5-4347-9C79-F34B801C8229}.AppStore|Any CPU.ActiveCfg = Debug|Any CPU
		{66DB2CBD-27B5-4347-9C79-F34B801C8229}.AppStore|Any CPU.Build.0 = Debug|Any CPU
		{66DB2CBD-27B5-4347-9C79-F34B801C8229}.AppStore|ARM.ActiveCfg = Debug|Any CPU
		{66DB2CBD-27B5-4347-9C79-F34B801C8229}.AppStore|ARM.Build.0 = Debug|Any CPU
		{66DB2CBD-27B5-4347-9C79-F34B801C8229}.AppStore|ARM64.ActiveCfg = Debug|Any CPU
		{66DB2CBD-27B5-4347-9C79-F34B801C8229}.AppStore|ARM64.Build.0 = Debug|Any CPU
		{66DB2CBD-27B5-4347-9C79-F34B801C8229}.AppStore|iPhone.ActiveCfg = Debug|Any CPU
		{66DB2CBD-27B5-4347-9C79-F34B801C8229}.AppStore|iPhone.Build.0 = Debug|Any CPU
		{66DB2CBD-27B5-4347-9C79-F34B801C8229}.AppStore|iPhoneSimulator.ActiveCfg = Debug|Any CPU
		{66DB2CBD-27B5-4347-9C79-F34B801C8229}.AppStore|iPhoneSimulator.Build.0 = Debug|Any CPU
		{66DB2CBD-27B5-4347-9C79-F34B801C8229}.AppStore|x64.ActiveCfg = Debug|Any CPU
		{66DB2CBD-27B5-4347-9C79-F34B801C8229}.AppStore|x64.Build.0 = Debug|Any CPU
		{66DB2CBD-27B5-4347-9C79-F34B801C8229}.AppStore|x86.ActiveCfg = Debug|Any CPU
		{66DB2CBD-27B5-4347-9C79-F34B801C8229}.AppStore|x86.Build.0 = Debug|Any CPU
		{66DB2CBD-27B5-4347-9C79-F34B801C8229}.Debug|Any CPU.ActiveCfg = Debug|Any CPU
		{66DB2CBD-27B5-4347-9C79-F34B801C8229}.Debug|Any CPU.Build.0 = Debug|Any CPU
		{66DB2CBD-27B5-4347-9C79-F34B801C8229}.Debug|ARM.ActiveCfg = Debug|Any CPU
		{66DB2CBD-27B5-4347-9C79-F34B801C8229}.Debug|ARM.Build.0 = Debug|Any CPU
		{66DB2CBD-27B5-4347-9C79-F34B801C8229}.Debug|ARM64.ActiveCfg = Debug|Any CPU
		{66DB2CBD-27B5-4347-9C79-F34B801C8229}.Debug|ARM64.Build.0 = Debug|Any CPU
		{66DB2CBD-27B5-4347-9C79-F34B801C8229}.Debug|iPhone.ActiveCfg = Debug|Any CPU
		{66DB2CBD-27B5-4347-9C79-F34B801C8229}.Debug|iPhone.Build.0 = Debug|Any CPU
		{66DB2CBD-27B5-4347-9C79-F34B801C8229}.Debug|iPhoneSimulator.ActiveCfg = Debug|Any CPU
		{66DB2CBD-27B5-4347-9C79-F34B801C8229}.Debug|iPhoneSimulator.Build.0 = Debug|Any CPU
		{66DB2CBD-27B5-4347-9C79-F34B801C8229}.Debug|x64.ActiveCfg = Debug|Any CPU
		{66DB2CBD-27B5-4347-9C79-F34B801C8229}.Debug|x64.Build.0 = Debug|Any CPU
		{66DB2CBD-27B5-4347-9C79-F34B801C8229}.Debug|x86.ActiveCfg = Debug|Any CPU
		{66DB2CBD-27B5-4347-9C79-F34B801C8229}.Debug|x86.Build.0 = Debug|Any CPU
		{66DB2CBD-27B5-4347-9C79-F34B801C8229}.Release|Any CPU.ActiveCfg = Release|Any CPU
		{66DB2CBD-27B5-4347-9C79-F34B801C8229}.Release|Any CPU.Build.0 = Release|Any CPU
		{66DB2CBD-27B5-4347-9C79-F34B801C8229}.Release|ARM.ActiveCfg = Release|Any CPU
		{66DB2CBD-27B5-4347-9C79-F34B801C8229}.Release|ARM.Build.0 = Release|Any CPU
		{66DB2CBD-27B5-4347-9C79-F34B801C8229}.Release|ARM64.ActiveCfg = Release|Any CPU
		{66DB2CBD-27B5-4347-9C79-F34B801C8229}.Release|ARM64.Build.0 = Release|Any CPU
		{66DB2CBD-27B5-4347-9C79-F34B801C8229}.Release|iPhone.ActiveCfg = Release|Any CPU
		{66DB2CBD-27B5-4347-9C79-F34B801C8229}.Release|iPhone.Build.0 = Release|Any CPU
		{66DB2CBD-27B5-4347-9C79-F34B801C8229}.Release|iPhoneSimulator.ActiveCfg = Release|Any CPU
		{66DB2CBD-27B5-4347-9C79-F34B801C8229}.Release|iPhoneSimulator.Build.0 = Release|Any CPU
		{66DB2CBD-27B5-4347-9C79-F34B801C8229}.Release|x64.ActiveCfg = Release|Any CPU
		{66DB2CBD-27B5-4347-9C79-F34B801C8229}.Release|x64.Build.0 = Release|Any CPU
		{66DB2CBD-27B5-4347-9C79-F34B801C8229}.Release|x86.ActiveCfg = Release|Any CPU
		{66DB2CBD-27B5-4347-9C79-F34B801C8229}.Release|x86.Build.0 = Release|Any CPU
		{F9CBC585-ABA8-4AFE-9D43-1C7272C0B334}.Ad-Hoc|Any CPU.ActiveCfg = Debug|Any CPU
		{F9CBC585-ABA8-4AFE-9D43-1C7272C0B334}.Ad-Hoc|Any CPU.Build.0 = Debug|Any CPU
		{F9CBC585-ABA8-4AFE-9D43-1C7272C0B334}.Ad-Hoc|ARM.ActiveCfg = Debug|Any CPU
		{F9CBC585-ABA8-4AFE-9D43-1C7272C0B334}.Ad-Hoc|ARM.Build.0 = Debug|Any CPU
		{F9CBC585-ABA8-4AFE-9D43-1C7272C0B334}.Ad-Hoc|ARM64.ActiveCfg = Debug|Any CPU
		{F9CBC585-ABA8-4AFE-9D43-1C7272C0B334}.Ad-Hoc|ARM64.Build.0 = Debug|Any CPU
		{F9CBC585-ABA8-4AFE-9D43-1C7272C0B334}.Ad-Hoc|iPhone.ActiveCfg = Debug|Any CPU
		{F9CBC585-ABA8-4AFE-9D43-1C7272C0B334}.Ad-Hoc|iPhone.Build.0 = Debug|Any CPU
		{F9CBC585-ABA8-4AFE-9D43-1C7272C0B334}.Ad-Hoc|iPhoneSimulator.ActiveCfg = Debug|Any CPU
		{F9CBC585-ABA8-4AFE-9D43-1C7272C0B334}.Ad-Hoc|iPhoneSimulator.Build.0 = Debug|Any CPU
		{F9CBC585-ABA8-4AFE-9D43-1C7272C0B334}.Ad-Hoc|x64.ActiveCfg = Debug|Any CPU
		{F9CBC585-ABA8-4AFE-9D43-1C7272C0B334}.Ad-Hoc|x64.Build.0 = Debug|Any CPU
		{F9CBC585-ABA8-4AFE-9D43-1C7272C0B334}.Ad-Hoc|x86.ActiveCfg = Debug|Any CPU
		{F9CBC585-ABA8-4AFE-9D43-1C7272C0B334}.Ad-Hoc|x86.Build.0 = Debug|Any CPU
		{F9CBC585-ABA8-4AFE-9D43-1C7272C0B334}.AppStore|Any CPU.ActiveCfg = Debug|Any CPU
		{F9CBC585-ABA8-4AFE-9D43-1C7272C0B334}.AppStore|Any CPU.Build.0 = Debug|Any CPU
		{F9CBC585-ABA8-4AFE-9D43-1C7272C0B334}.AppStore|ARM.ActiveCfg = Debug|Any CPU
		{F9CBC585-ABA8-4AFE-9D43-1C7272C0B334}.AppStore|ARM.Build.0 = Debug|Any CPU
		{F9CBC585-ABA8-4AFE-9D43-1C7272C0B334}.AppStore|ARM64.ActiveCfg = Debug|Any CPU
		{F9CBC585-ABA8-4AFE-9D43-1C7272C0B334}.AppStore|ARM64.Build.0 = Debug|Any CPU
		{F9CBC585-ABA8-4AFE-9D43-1C7272C0B334}.AppStore|iPhone.ActiveCfg = Debug|Any CPU
		{F9CBC585-ABA8-4AFE-9D43-1C7272C0B334}.AppStore|iPhone.Build.0 = Debug|Any CPU
		{F9CBC585-ABA8-4AFE-9D43-1C7272C0B334}.AppStore|iPhoneSimulator.ActiveCfg = Debug|Any CPU
		{F9CBC585-ABA8-4AFE-9D43-1C7272C0B334}.AppStore|iPhoneSimulator.Build.0 = Debug|Any CPU
		{F9CBC585-ABA8-4AFE-9D43-1C7272C0B334}.AppStore|x64.ActiveCfg = Debug|Any CPU
		{F9CBC585-ABA8-4AFE-9D43-1C7272C0B334}.AppStore|x64.Build.0 = Debug|Any CPU
		{F9CBC585-ABA8-4AFE-9D43-1C7272C0B334}.AppStore|x86.ActiveCfg = Debug|Any CPU
		{F9CBC585-ABA8-4AFE-9D43-1C7272C0B334}.AppStore|x86.Build.0 = Debug|Any CPU
		{F9CBC585-ABA8-4AFE-9D43-1C7272C0B334}.Debug|Any CPU.ActiveCfg = Debug|Any CPU
		{F9CBC585-ABA8-4AFE-9D43-1C7272C0B334}.Debug|Any CPU.Build.0 = Debug|Any CPU
		{F9CBC585-ABA8-4AFE-9D43-1C7272C0B334}.Debug|ARM.ActiveCfg = Debug|Any CPU
		{F9CBC585-ABA8-4AFE-9D43-1C7272C0B334}.Debug|ARM.Build.0 = Debug|Any CPU
		{F9CBC585-ABA8-4AFE-9D43-1C7272C0B334}.Debug|ARM64.ActiveCfg = Debug|Any CPU
		{F9CBC585-ABA8-4AFE-9D43-1C7272C0B334}.Debug|ARM64.Build.0 = Debug|Any CPU
		{F9CBC585-ABA8-4AFE-9D43-1C7272C0B334}.Debug|iPhone.ActiveCfg = Debug|Any CPU
		{F9CBC585-ABA8-4AFE-9D43-1C7272C0B334}.Debug|iPhone.Build.0 = Debug|Any CPU
		{F9CBC585-ABA8-4AFE-9D43-1C7272C0B334}.Debug|iPhoneSimulator.ActiveCfg = Debug|Any CPU
		{F9CBC585-ABA8-4AFE-9D43-1C7272C0B334}.Debug|iPhoneSimulator.Build.0 = Debug|Any CPU
		{F9CBC585-ABA8-4AFE-9D43-1C7272C0B334}.Debug|x64.ActiveCfg = Debug|Any CPU
		{F9CBC585-ABA8-4AFE-9D43-1C7272C0B334}.Debug|x64.Build.0 = Debug|Any CPU
		{F9CBC585-ABA8-4AFE-9D43-1C7272C0B334}.Debug|x86.ActiveCfg = Debug|Any CPU
		{F9CBC585-ABA8-4AFE-9D43-1C7272C0B334}.Debug|x86.Build.0 = Debug|Any CPU
		{F9CBC585-ABA8-4AFE-9D43-1C7272C0B334}.Release|Any CPU.ActiveCfg = Release|Any CPU
		{F9CBC585-ABA8-4AFE-9D43-1C7272C0B334}.Release|Any CPU.Build.0 = Release|Any CPU
		{F9CBC585-ABA8-4AFE-9D43-1C7272C0B334}.Release|ARM.ActiveCfg = Release|Any CPU
		{F9CBC585-ABA8-4AFE-9D43-1C7272C0B334}.Release|ARM.Build.0 = Release|Any CPU
		{F9CBC585-ABA8-4AFE-9D43-1C7272C0B334}.Release|ARM64.ActiveCfg = Release|Any CPU
		{F9CBC585-ABA8-4AFE-9D43-1C7272C0B334}.Release|ARM64.Build.0 = Release|Any CPU
		{F9CBC585-ABA8-4AFE-9D43-1C7272C0B334}.Release|iPhone.ActiveCfg = Release|Any CPU
		{F9CBC585-ABA8-4AFE-9D43-1C7272C0B334}.Release|iPhone.Build.0 = Release|Any CPU
		{F9CBC585-ABA8-4AFE-9D43-1C7272C0B334}.Release|iPhoneSimulator.ActiveCfg = Release|Any CPU
		{F9CBC585-ABA8-4AFE-9D43-1C7272C0B334}.Release|iPhoneSimulator.Build.0 = Release|Any CPU
		{F9CBC585-ABA8-4AFE-9D43-1C7272C0B334}.Release|x64.ActiveCfg = Release|Any CPU
		{F9CBC585-ABA8-4AFE-9D43-1C7272C0B334}.Release|x64.Build.0 = Release|Any CPU
		{F9CBC585-ABA8-4AFE-9D43-1C7272C0B334}.Release|x86.ActiveCfg = Release|Any CPU
		{F9CBC585-ABA8-4AFE-9D43-1C7272C0B334}.Release|x86.Build.0 = Release|Any CPU
		{740D7158-C094-477D-96A8-A223F83F24B2}.Ad-Hoc|Any CPU.ActiveCfg = Debug|Any CPU
		{740D7158-C094-477D-96A8-A223F83F24B2}.Ad-Hoc|Any CPU.Build.0 = Debug|Any CPU
		{740D7158-C094-477D-96A8-A223F83F24B2}.Ad-Hoc|ARM.ActiveCfg = Debug|Any CPU
		{740D7158-C094-477D-96A8-A223F83F24B2}.Ad-Hoc|ARM.Build.0 = Debug|Any CPU
		{740D7158-C094-477D-96A8-A223F83F24B2}.Ad-Hoc|ARM64.ActiveCfg = Debug|Any CPU
		{740D7158-C094-477D-96A8-A223F83F24B2}.Ad-Hoc|ARM64.Build.0 = Debug|Any CPU
		{740D7158-C094-477D-96A8-A223F83F24B2}.Ad-Hoc|iPhone.ActiveCfg = Debug|Any CPU
		{740D7158-C094-477D-96A8-A223F83F24B2}.Ad-Hoc|iPhone.Build.0 = Debug|Any CPU
		{740D7158-C094-477D-96A8-A223F83F24B2}.Ad-Hoc|iPhoneSimulator.ActiveCfg = Debug|Any CPU
		{740D7158-C094-477D-96A8-A223F83F24B2}.Ad-Hoc|iPhoneSimulator.Build.0 = Debug|Any CPU
		{740D7158-C094-477D-96A8-A223F83F24B2}.Ad-Hoc|x64.ActiveCfg = Debug|Any CPU
		{740D7158-C094-477D-96A8-A223F83F24B2}.Ad-Hoc|x64.Build.0 = Debug|Any CPU
		{740D7158-C094-477D-96A8-A223F83F24B2}.Ad-Hoc|x86.ActiveCfg = Debug|Any CPU
		{740D7158-C094-477D-96A8-A223F83F24B2}.Ad-Hoc|x86.Build.0 = Debug|Any CPU
		{740D7158-C094-477D-96A8-A223F83F24B2}.AppStore|Any CPU.ActiveCfg = Debug|Any CPU
		{740D7158-C094-477D-96A8-A223F83F24B2}.AppStore|Any CPU.Build.0 = Debug|Any CPU
		{740D7158-C094-477D-96A8-A223F83F24B2}.AppStore|ARM.ActiveCfg = Debug|Any CPU
		{740D7158-C094-477D-96A8-A223F83F24B2}.AppStore|ARM.Build.0 = Debug|Any CPU
		{740D7158-C094-477D-96A8-A223F83F24B2}.AppStore|ARM64.ActiveCfg = Debug|Any CPU
		{740D7158-C094-477D-96A8-A223F83F24B2}.AppStore|ARM64.Build.0 = Debug|Any CPU
		{740D7158-C094-477D-96A8-A223F83F24B2}.AppStore|iPhone.ActiveCfg = Debug|Any CPU
		{740D7158-C094-477D-96A8-A223F83F24B2}.AppStore|iPhone.Build.0 = Debug|Any CPU
		{740D7158-C094-477D-96A8-A223F83F24B2}.AppStore|iPhoneSimulator.ActiveCfg = Debug|Any CPU
		{740D7158-C094-477D-96A8-A223F83F24B2}.AppStore|iPhoneSimulator.Build.0 = Debug|Any CPU
		{740D7158-C094-477D-96A8-A223F83F24B2}.AppStore|x64.ActiveCfg = Debug|Any CPU
		{740D7158-C094-477D-96A8-A223F83F24B2}.AppStore|x64.Build.0 = Debug|Any CPU
		{740D7158-C094-477D-96A8-A223F83F24B2}.AppStore|x86.ActiveCfg = Debug|Any CPU
		{740D7158-C094-477D-96A8-A223F83F24B2}.AppStore|x86.Build.0 = Debug|Any CPU
		{740D7158-C094-477D-96A8-A223F83F24B2}.Debug|Any CPU.ActiveCfg = Debug|Any CPU
		{740D7158-C094-477D-96A8-A223F83F24B2}.Debug|Any CPU.Build.0 = Debug|Any CPU
		{740D7158-C094-477D-96A8-A223F83F24B2}.Debug|ARM.ActiveCfg = Debug|Any CPU
		{740D7158-C094-477D-96A8-A223F83F24B2}.Debug|ARM.Build.0 = Debug|Any CPU
		{740D7158-C094-477D-96A8-A223F83F24B2}.Debug|ARM64.ActiveCfg = Debug|Any CPU
		{740D7158-C094-477D-96A8-A223F83F24B2}.Debug|ARM64.Build.0 = Debug|Any CPU
		{740D7158-C094-477D-96A8-A223F83F24B2}.Debug|iPhone.ActiveCfg = Debug|Any CPU
		{740D7158-C094-477D-96A8-A223F83F24B2}.Debug|iPhone.Build.0 = Debug|Any CPU
		{740D7158-C094-477D-96A8-A223F83F24B2}.Debug|iPhoneSimulator.ActiveCfg = Debug|Any CPU
		{740D7158-C094-477D-96A8-A223F83F24B2}.Debug|iPhoneSimulator.Build.0 = Debug|Any CPU
		{740D7158-C094-477D-96A8-A223F83F24B2}.Debug|x64.ActiveCfg = Debug|Any CPU
		{740D7158-C094-477D-96A8-A223F83F24B2}.Debug|x64.Build.0 = Debug|Any CPU
		{740D7158-C094-477D-96A8-A223F83F24B2}.Debug|x86.ActiveCfg = Debug|Any CPU
		{740D7158-C094-477D-96A8-A223F83F24B2}.Debug|x86.Build.0 = Debug|Any CPU
		{740D7158-C094-477D-96A8-A223F83F24B2}.Release|Any CPU.ActiveCfg = Release|Any CPU
		{740D7158-C094-477D-96A8-A223F83F24B2}.Release|Any CPU.Build.0 = Release|Any CPU
		{740D7158-C094-477D-96A8-A223F83F24B2}.Release|ARM.ActiveCfg = Release|Any CPU
		{740D7158-C094-477D-96A8-A223F83F24B2}.Release|ARM.Build.0 = Release|Any CPU
		{740D7158-C094-477D-96A8-A223F83F24B2}.Release|ARM64.ActiveCfg = Release|Any CPU
		{740D7158-C094-477D-96A8-A223F83F24B2}.Release|ARM64.Build.0 = Release|Any CPU
		{740D7158-C094-477D-96A8-A223F83F24B2}.Release|iPhone.ActiveCfg = Release|Any CPU
		{740D7158-C094-477D-96A8-A223F83F24B2}.Release|iPhone.Build.0 = Release|Any CPU
		{740D7158-C094-477D-96A8-A223F83F24B2}.Release|iPhoneSimulator.ActiveCfg = Release|Any CPU
		{740D7158-C094-477D-96A8-A223F83F24B2}.Release|iPhoneSimulator.Build.0 = Release|Any CPU
		{740D7158-C094-477D-96A8-A223F83F24B2}.Release|x64.ActiveCfg = Release|Any CPU
		{740D7158-C094-477D-96A8-A223F83F24B2}.Release|x64.Build.0 = Release|Any CPU
		{740D7158-C094-477D-96A8-A223F83F24B2}.Release|x86.ActiveCfg = Release|Any CPU
		{740D7158-C094-477D-96A8-A223F83F24B2}.Release|x86.Build.0 = Release|Any CPU
		{E39B086D-CF65-4DAF-BFE2-5EA07EA05446}.Ad-Hoc|Any CPU.ActiveCfg = Debug|Any CPU
		{E39B086D-CF65-4DAF-BFE2-5EA07EA05446}.Ad-Hoc|Any CPU.Build.0 = Debug|Any CPU
		{E39B086D-CF65-4DAF-BFE2-5EA07EA05446}.Ad-Hoc|ARM.ActiveCfg = Debug|Any CPU
		{E39B086D-CF65-4DAF-BFE2-5EA07EA05446}.Ad-Hoc|ARM.Build.0 = Debug|Any CPU
		{E39B086D-CF65-4DAF-BFE2-5EA07EA05446}.Ad-Hoc|ARM64.ActiveCfg = Debug|Any CPU
		{E39B086D-CF65-4DAF-BFE2-5EA07EA05446}.Ad-Hoc|ARM64.Build.0 = Debug|Any CPU
		{E39B086D-CF65-4DAF-BFE2-5EA07EA05446}.Ad-Hoc|iPhone.ActiveCfg = Debug|Any CPU
		{E39B086D-CF65-4DAF-BFE2-5EA07EA05446}.Ad-Hoc|iPhone.Build.0 = Debug|Any CPU
		{E39B086D-CF65-4DAF-BFE2-5EA07EA05446}.Ad-Hoc|iPhoneSimulator.ActiveCfg = Debug|Any CPU
		{E39B086D-CF65-4DAF-BFE2-5EA07EA05446}.Ad-Hoc|iPhoneSimulator.Build.0 = Debug|Any CPU
		{E39B086D-CF65-4DAF-BFE2-5EA07EA05446}.Ad-Hoc|x64.ActiveCfg = Debug|Any CPU
		{E39B086D-CF65-4DAF-BFE2-5EA07EA05446}.Ad-Hoc|x64.Build.0 = Debug|Any CPU
		{E39B086D-CF65-4DAF-BFE2-5EA07EA05446}.Ad-Hoc|x86.ActiveCfg = Debug|Any CPU
		{E39B086D-CF65-4DAF-BFE2-5EA07EA05446}.Ad-Hoc|x86.Build.0 = Debug|Any CPU
		{E39B086D-CF65-4DAF-BFE2-5EA07EA05446}.AppStore|Any CPU.ActiveCfg = Debug|Any CPU
		{E39B086D-CF65-4DAF-BFE2-5EA07EA05446}.AppStore|Any CPU.Build.0 = Debug|Any CPU
		{E39B086D-CF65-4DAF-BFE2-5EA07EA05446}.AppStore|ARM.ActiveCfg = Debug|Any CPU
		{E39B086D-CF65-4DAF-BFE2-5EA07EA05446}.AppStore|ARM.Build.0 = Debug|Any CPU
		{E39B086D-CF65-4DAF-BFE2-5EA07EA05446}.AppStore|ARM64.ActiveCfg = Debug|Any CPU
		{E39B086D-CF65-4DAF-BFE2-5EA07EA05446}.AppStore|ARM64.Build.0 = Debug|Any CPU
		{E39B086D-CF65-4DAF-BFE2-5EA07EA05446}.AppStore|iPhone.ActiveCfg = Debug|Any CPU
		{E39B086D-CF65-4DAF-BFE2-5EA07EA05446}.AppStore|iPhone.Build.0 = Debug|Any CPU
		{E39B086D-CF65-4DAF-BFE2-5EA07EA05446}.AppStore|iPhoneSimulator.ActiveCfg = Debug|Any CPU
		{E39B086D-CF65-4DAF-BFE2-5EA07EA05446}.AppStore|iPhoneSimulator.Build.0 = Debug|Any CPU
		{E39B086D-CF65-4DAF-BFE2-5EA07EA05446}.AppStore|x64.ActiveCfg = Debug|Any CPU
		{E39B086D-CF65-4DAF-BFE2-5EA07EA05446}.AppStore|x64.Build.0 = Debug|Any CPU
		{E39B086D-CF65-4DAF-BFE2-5EA07EA05446}.AppStore|x86.ActiveCfg = Debug|Any CPU
		{E39B086D-CF65-4DAF-BFE2-5EA07EA05446}.AppStore|x86.Build.0 = Debug|Any CPU
		{E39B086D-CF65-4DAF-BFE2-5EA07EA05446}.Debug|Any CPU.ActiveCfg = Debug|Any CPU
		{E39B086D-CF65-4DAF-BFE2-5EA07EA05446}.Debug|Any CPU.Build.0 = Debug|Any CPU
		{E39B086D-CF65-4DAF-BFE2-5EA07EA05446}.Debug|ARM.ActiveCfg = Debug|Any CPU
		{E39B086D-CF65-4DAF-BFE2-5EA07EA05446}.Debug|ARM.Build.0 = Debug|Any CPU
		{E39B086D-CF65-4DAF-BFE2-5EA07EA05446}.Debug|ARM64.ActiveCfg = Debug|Any CPU
		{E39B086D-CF65-4DAF-BFE2-5EA07EA05446}.Debug|ARM64.Build.0 = Debug|Any CPU
		{E39B086D-CF65-4DAF-BFE2-5EA07EA05446}.Debug|iPhone.ActiveCfg = Debug|Any CPU
		{E39B086D-CF65-4DAF-BFE2-5EA07EA05446}.Debug|iPhone.Build.0 = Debug|Any CPU
		{E39B086D-CF65-4DAF-BFE2-5EA07EA05446}.Debug|iPhoneSimulator.ActiveCfg = Debug|Any CPU
		{E39B086D-CF65-4DAF-BFE2-5EA07EA05446}.Debug|iPhoneSimulator.Build.0 = Debug|Any CPU
		{E39B086D-CF65-4DAF-BFE2-5EA07EA05446}.Debug|x64.ActiveCfg = Debug|Any CPU
		{E39B086D-CF65-4DAF-BFE2-5EA07EA05446}.Debug|x64.Build.0 = Debug|Any CPU
		{E39B086D-CF65-4DAF-BFE2-5EA07EA05446}.Debug|x86.ActiveCfg = Debug|Any CPU
		{E39B086D-CF65-4DAF-BFE2-5EA07EA05446}.Debug|x86.Build.0 = Debug|Any CPU
		{E39B086D-CF65-4DAF-BFE2-5EA07EA05446}.Release|Any CPU.ActiveCfg = Release|Any CPU
		{E39B086D-CF65-4DAF-BFE2-5EA07EA05446}.Release|Any CPU.Build.0 = Release|Any CPU
		{E39B086D-CF65-4DAF-BFE2-5EA07EA05446}.Release|ARM.ActiveCfg = Release|Any CPU
		{E39B086D-CF65-4DAF-BFE2-5EA07EA05446}.Release|ARM.Build.0 = Release|Any CPU
		{E39B086D-CF65-4DAF-BFE2-5EA07EA05446}.Release|ARM64.ActiveCfg = Release|Any CPU
		{E39B086D-CF65-4DAF-BFE2-5EA07EA05446}.Release|ARM64.Build.0 = Release|Any CPU
		{E39B086D-CF65-4DAF-BFE2-5EA07EA05446}.Release|iPhone.ActiveCfg = Release|Any CPU
		{E39B086D-CF65-4DAF-BFE2-5EA07EA05446}.Release|iPhone.Build.0 = Release|Any CPU
		{E39B086D-CF65-4DAF-BFE2-5EA07EA05446}.Release|iPhoneSimulator.ActiveCfg = Release|Any CPU
		{E39B086D-CF65-4DAF-BFE2-5EA07EA05446}.Release|iPhoneSimulator.Build.0 = Release|Any CPU
		{E39B086D-CF65-4DAF-BFE2-5EA07EA05446}.Release|x64.ActiveCfg = Release|Any CPU
		{E39B086D-CF65-4DAF-BFE2-5EA07EA05446}.Release|x64.Build.0 = Release|Any CPU
		{E39B086D-CF65-4DAF-BFE2-5EA07EA05446}.Release|x86.ActiveCfg = Release|Any CPU
		{E39B086D-CF65-4DAF-BFE2-5EA07EA05446}.Release|x86.Build.0 = Release|Any CPU
		{625236F8-43E8-4F70-85D1-CF9610C75818}.Ad-Hoc|Any CPU.ActiveCfg = Debug|Any CPU
		{625236F8-43E8-4F70-85D1-CF9610C75818}.Ad-Hoc|Any CPU.Build.0 = Debug|Any CPU
		{625236F8-43E8-4F70-85D1-CF9610C75818}.Ad-Hoc|ARM.ActiveCfg = Debug|Any CPU
		{625236F8-43E8-4F70-85D1-CF9610C75818}.Ad-Hoc|ARM.Build.0 = Debug|Any CPU
		{625236F8-43E8-4F70-85D1-CF9610C75818}.Ad-Hoc|ARM64.ActiveCfg = Debug|Any CPU
		{625236F8-43E8-4F70-85D1-CF9610C75818}.Ad-Hoc|ARM64.Build.0 = Debug|Any CPU
		{625236F8-43E8-4F70-85D1-CF9610C75818}.Ad-Hoc|iPhone.ActiveCfg = Debug|Any CPU
		{625236F8-43E8-4F70-85D1-CF9610C75818}.Ad-Hoc|iPhone.Build.0 = Debug|Any CPU
		{625236F8-43E8-4F70-85D1-CF9610C75818}.Ad-Hoc|iPhoneSimulator.ActiveCfg = Debug|Any CPU
		{625236F8-43E8-4F70-85D1-CF9610C75818}.Ad-Hoc|iPhoneSimulator.Build.0 = Debug|Any CPU
		{625236F8-43E8-4F70-85D1-CF9610C75818}.Ad-Hoc|x64.ActiveCfg = Debug|Any CPU
		{625236F8-43E8-4F70-85D1-CF9610C75818}.Ad-Hoc|x64.Build.0 = Debug|Any CPU
		{625236F8-43E8-4F70-85D1-CF9610C75818}.Ad-Hoc|x86.ActiveCfg = Debug|Any CPU
		{625236F8-43E8-4F70-85D1-CF9610C75818}.Ad-Hoc|x86.Build.0 = Debug|Any CPU
		{625236F8-43E8-4F70-85D1-CF9610C75818}.AppStore|Any CPU.ActiveCfg = Debug|Any CPU
		{625236F8-43E8-4F70-85D1-CF9610C75818}.AppStore|Any CPU.Build.0 = Debug|Any CPU
		{625236F8-43E8-4F70-85D1-CF9610C75818}.AppStore|ARM.ActiveCfg = Debug|Any CPU
		{625236F8-43E8-4F70-85D1-CF9610C75818}.AppStore|ARM.Build.0 = Debug|Any CPU
		{625236F8-43E8-4F70-85D1-CF9610C75818}.AppStore|ARM64.ActiveCfg = Debug|Any CPU
		{625236F8-43E8-4F70-85D1-CF9610C75818}.AppStore|ARM64.Build.0 = Debug|Any CPU
		{625236F8-43E8-4F70-85D1-CF9610C75818}.AppStore|iPhone.ActiveCfg = Debug|Any CPU
		{625236F8-43E8-4F70-85D1-CF9610C75818}.AppStore|iPhone.Build.0 = Debug|Any CPU
		{625236F8-43E8-4F70-85D1-CF9610C75818}.AppStore|iPhoneSimulator.ActiveCfg = Debug|Any CPU
		{625236F8-43E8-4F70-85D1-CF9610C75818}.AppStore|iPhoneSimulator.Build.0 = Debug|Any CPU
		{625236F8-43E8-4F70-85D1-CF9610C75818}.AppStore|x64.ActiveCfg = Debug|Any CPU
		{625236F8-43E8-4F70-85D1-CF9610C75818}.AppStore|x64.Build.0 = Debug|Any CPU
		{625236F8-43E8-4F70-85D1-CF9610C75818}.AppStore|x86.ActiveCfg = Debug|Any CPU
		{625236F8-43E8-4F70-85D1-CF9610C75818}.AppStore|x86.Build.0 = Debug|Any CPU
		{625236F8-43E8-4F70-85D1-CF9610C75818}.Debug|Any CPU.ActiveCfg = Debug|Any CPU
		{625236F8-43E8-4F70-85D1-CF9610C75818}.Debug|Any CPU.Build.0 = Debug|Any CPU
		{625236F8-43E8-4F70-85D1-CF9610C75818}.Debug|ARM.ActiveCfg = Debug|Any CPU
		{625236F8-43E8-4F70-85D1-CF9610C75818}.Debug|ARM.Build.0 = Debug|Any CPU
		{625236F8-43E8-4F70-85D1-CF9610C75818}.Debug|ARM64.ActiveCfg = Debug|Any CPU
		{625236F8-43E8-4F70-85D1-CF9610C75818}.Debug|ARM64.Build.0 = Debug|Any CPU
		{625236F8-43E8-4F70-85D1-CF9610C75818}.Debug|iPhone.ActiveCfg = Debug|Any CPU
		{625236F8-43E8-4F70-85D1-CF9610C75818}.Debug|iPhone.Build.0 = Debug|Any CPU
		{625236F8-43E8-4F70-85D1-CF9610C75818}.Debug|iPhoneSimulator.ActiveCfg = Debug|Any CPU
		{625236F8-43E8-4F70-85D1-CF9610C75818}.Debug|iPhoneSimulator.Build.0 = Debug|Any CPU
		{625236F8-43E8-4F70-85D1-CF9610C75818}.Debug|x64.ActiveCfg = Debug|Any CPU
		{625236F8-43E8-4F70-85D1-CF9610C75818}.Debug|x64.Build.0 = Debug|Any CPU
		{625236F8-43E8-4F70-85D1-CF9610C75818}.Debug|x86.ActiveCfg = Debug|Any CPU
		{625236F8-43E8-4F70-85D1-CF9610C75818}.Debug|x86.Build.0 = Debug|Any CPU
		{625236F8-43E8-4F70-85D1-CF9610C75818}.Release|Any CPU.ActiveCfg = Release|Any CPU
		{625236F8-43E8-4F70-85D1-CF9610C75818}.Release|Any CPU.Build.0 = Release|Any CPU
		{625236F8-43E8-4F70-85D1-CF9610C75818}.Release|ARM.ActiveCfg = Release|Any CPU
		{625236F8-43E8-4F70-85D1-CF9610C75818}.Release|ARM.Build.0 = Release|Any CPU
		{625236F8-43E8-4F70-85D1-CF9610C75818}.Release|ARM64.ActiveCfg = Release|Any CPU
		{625236F8-43E8-4F70-85D1-CF9610C75818}.Release|ARM64.Build.0 = Release|Any CPU
		{625236F8-43E8-4F70-85D1-CF9610C75818}.Release|iPhone.ActiveCfg = Release|Any CPU
		{625236F8-43E8-4F70-85D1-CF9610C75818}.Release|iPhone.Build.0 = Release|Any CPU
		{625236F8-43E8-4F70-85D1-CF9610C75818}.Release|iPhoneSimulator.ActiveCfg = Release|Any CPU
		{625236F8-43E8-4F70-85D1-CF9610C75818}.Release|iPhoneSimulator.Build.0 = Release|Any CPU
		{625236F8-43E8-4F70-85D1-CF9610C75818}.Release|x64.ActiveCfg = Release|Any CPU
		{625236F8-43E8-4F70-85D1-CF9610C75818}.Release|x64.Build.0 = Release|Any CPU
		{625236F8-43E8-4F70-85D1-CF9610C75818}.Release|x86.ActiveCfg = Release|Any CPU
		{625236F8-43E8-4F70-85D1-CF9610C75818}.Release|x86.Build.0 = Release|Any CPU
	EndGlobalSection
	GlobalSection(SolutionProperties) = preSolution
		HideSolutionNode = FALSE
	EndGlobalSection
	GlobalSection(NestedProjects) = preSolution
		{EB5417EA-362A-40B6-8B2A-E48BC45C9C05} = {09A058BC-88A5-4451-9636-09A17A82814F}
		{654608E6-4BB3-4D7F-8F39-144C1318AA7B} = {09A058BC-88A5-4451-9636-09A17A82814F}
		{E987EC5E-563C-48D9-932F-1DFBC545752D} = {09A058BC-88A5-4451-9636-09A17A82814F}
		{ACA225C1-9447-4713-8330-B5187632BF85} = {26E78F15-70E6-4578-8F5B-C24798601957}
		{66DB2CBD-27B5-4347-9C79-F34B801C8229} = {86BA5FBA-6FE3-4341-8468-7BE61B0FD781}
		{F9CBC585-ABA8-4AFE-9D43-1C7272C0B334} = {86BA5FBA-6FE3-4341-8468-7BE61B0FD781}
		{21144467-DAE3-4045-AD5F-26EB56B167F3} = {86BA5FBA-6FE3-4341-8468-7BE61B0FD781}
		{740D7158-C094-477D-96A8-A223F83F24B2} = {21144467-DAE3-4045-AD5F-26EB56B167F3}
		{E39B086D-CF65-4DAF-BFE2-5EA07EA05446} = {21144467-DAE3-4045-AD5F-26EB56B167F3}
		{625236F8-43E8-4F70-85D1-CF9610C75818} = {21144467-DAE3-4045-AD5F-26EB56B167F3}
	EndGlobalSection
	GlobalSection(ExtensibilityGlobals) = postSolution
		SolutionGuid = {39440075-E230-4736-AAA7-1F9CD3EB062F}
	EndGlobalSection
EndGlobal
