
Microsoft Visual Studio Solution File, Format Version 12.00
# Visual Studio Version 17
VisualStudioVersion = 17.0.31919.166
MinimumVisualStudioVersion = 10.0.40219.1
Project("{FAE04EC0-301F-11D3-BF4B-00C04F79EFBC}") = "DataManagmentEngine", "DataManagment_Engine\DataManagmentEngine.csproj", "{45983087-5E0E-4BFB-86C1-A5BC54D2A86F}"
EndProject
Project("{D954291E-2A0B-460D-934E-DC6B0785DB48}") = "DataManagmentEngineShared", "DataManagmentEngineShared\DataManagmentEngineShared.shproj", "{B5D91583-1EB4-4B3C-8288-88FD13E35556}"
EndProject
Project("{D954291E-2A0B-460D-934E-DC6B0785DB48}") = "DataManagmentModelsShared", "DataManagementModelsShared\DataManagmentModelsShared.shproj", "{2F745B0A-B2F4-4EB8-9A8E-5A87B2988F99}"
EndProject
Project("{FAE04EC0-301F-11D3-BF4B-00C04F79EFBC}") = "DMLogger", "DMLogger\DMLogger.csproj", "{EB5417EA-362A-40B6-8B2A-E48BC45C9C05}"
EndProject
Project("{FAE04EC0-301F-11D3-BF4B-00C04F79EFBC}") = "JsonFileLoader", "JsonFileLoader\JsonFileLoader.csproj", "{654608E6-4BB3-4D7F-8F39-144C1318AA7B}"
EndProject
Project("{2150E333-8FDC-42A3-9474-1A3956D46DE8}") = "Addon_plugins", "Addon_plugins", "{965432C9-5BD8-4E04-A2AA-AE7154CF0E37}"
EndProject
Project("{2150E333-8FDC-42A3-9474-1A3956D46DE8}") = "ToolsHelpers", "ToolsHelpers", "{09A058BC-88A5-4451-9636-09A17A82814F}"
EndProject
Project("{2150E333-8FDC-42A3-9474-1A3956D46DE8}") = "Solution Items", "Solution Items", "{6A6741F1-92CA-4D44-A468-3B87EBB81864}"
	ProjectSection(SolutionItems) = preProject
		.editorconfig = .editorconfig
	EndProjectSection
EndProject
Project("{FAE04EC0-301F-11D3-BF4B-00C04F79EFBC}") = "Assembly_helpers", "Assembly_helpers\Assembly_helpers.csproj", "{E987EC5E-563C-48D9-932F-1DFBC545752D}"
EndProject
Project("{FAE04EC0-301F-11D3-BF4B-00C04F79EFBC}") = "DataManagmentModels", "DataManagmentModels\DataManagmentModels.csproj", "{7697EBDC-A4F2-49B1-AF91-79031516E679}"
EndProject
Project("{FAE04EC0-301F-11D3-BF4B-00C04F79EFBC}") = "DataManagementEngineStandard", "DataManagementEngineStandard\DataManagementEngineStandard.csproj", "{171F8AA4-2CEC-4630-9F2C-7297FB73827F}"
EndProject
Project("{FAE04EC0-301F-11D3-BF4B-00C04F79EFBC}") = "DataManagementModelsStandard", "DataManagementModelsStandard\DataManagementModelsStandard.csproj", "{CEF167D7-B37A-4D82-B004-3E2B6181257B}"
EndProject
Project("{9A19103F-16F7-4668-BE54-9A1E7A4F7556}") = "DataManagmentEngineNet6", "DataManagmentEngineNet6\DataManagmentEngineNet6.csproj", "{898C295C-684B-4AD1-8F6E-F0F0F1662DD0}"
EndProject
Project("{9A19103F-16F7-4668-BE54-9A1E7A4F7556}") = "DataManagmentModelsNet6", "DataManagmentModelsNet6\DataManagmentModelsNet6.csproj", "{BFA7A1AF-F35D-48D0-BD4A-155287C0BF40}"
EndProject
Project("{9A19103F-16F7-4668-BE54-9A1E7A4F7556}") = "Assembly_helpersNet6", "Assembly_helpersNet6\Assembly_helpersNet6.csproj", "{7DF3AA5E-1423-4FD9-BF38-B421BCEBB9DB}"
EndProject
Project("{9A19103F-16F7-4668-BE54-9A1E7A4F7556}") = "DMLoggerNet6", "DMLoggerNet6\DMLoggerNet6.csproj", "{5496085E-BD68-4C86-875A-B946C0A570A8}"
EndProject
Project("{9A19103F-16F7-4668-BE54-9A1E7A4F7556}") = "JsonFileLoaderNet6", "JsonFileLoaderNet6\JsonFileLoaderNet6.csproj", "{216E62AF-E59F-41F6-874F-9B4A2B66DA25}"
EndProject
Project("{FAE04EC0-301F-11D3-BF4B-00C04F79EFBC}") = "Assembly_helpersStandard", "Assembly_helpersStandard\Assembly_helpersStandard.csproj", "{52CEE9CD-982A-4FFF-A42C-570EDA61E743}"
EndProject
Project("{FAE04EC0-301F-11D3-BF4B-00C04F79EFBC}") = "DMLoggerStandard", "DMLoggerStandard\DMLoggerStandard.csproj", "{F5B5F869-129E-4921-8ED7-DE7FDDFE6758}"
EndProject
Project("{FAE04EC0-301F-11D3-BF4B-00C04F79EFBC}") = "JsonFileLoaderStandard", "JsonFileLoaderStandard\JsonFileLoaderStandard.csproj", "{8B3DD821-009C-49DE-9BA1-4FA658300064}"
EndProject
Global
	GlobalSection(SharedMSBuildProjectFiles) = preSolution
		DataManagmentEngineShared\DataManagmentEngineShared.projitems*{171f8aa4-2cec-4630-9f2c-7297fb73827f}*SharedItemsImports = 5
		DataManagementModelsShared\DataManagementModelsShared.projitems*{2f745b0a-b2f4-4eb8-9a8e-5a87b2988f99}*SharedItemsImports = 13
		DataManagmentEngineShared\DataManagmentEngineShared.projitems*{45983087-5e0e-4bfb-86c1-a5bc54d2a86f}*SharedItemsImports = 4
		DataManagementModelsShared\DataManagementModelsShared.projitems*{7697ebdc-a4f2-49b1-af91-79031516e679}*SharedItemsImports = 4
		DataManagmentEngineShared\DataManagmentEngineShared.projitems*{898c295c-684b-4ad1-8f6e-f0f0f1662dd0}*SharedItemsImports = 5
		DataManagmentEngineShared\DataManagmentEngineShared.projitems*{b5d91583-1eb4-4b3c-8288-88fd13e35556}*SharedItemsImports = 13
		DataManagementModelsShared\DataManagementModelsShared.projitems*{bfa7a1af-f35d-48d0-bd4a-155287c0bf40}*SharedItemsImports = 5
		DataManagementModelsShared\DataManagementModelsShared.projitems*{cef167d7-b37a-4d82-b004-3e2b6181257b}*SharedItemsImports = 5
	EndGlobalSection
	GlobalSection(SolutionConfigurationPlatforms) = preSolution
		Ad-Hoc|Any CPU = Ad-Hoc|Any CPU
		Ad-Hoc|ARM = Ad-Hoc|ARM
		Ad-Hoc|ARM64 = Ad-Hoc|ARM64
		Ad-Hoc|iPhone = Ad-Hoc|iPhone
		Ad-Hoc|iPhoneSimulator = Ad-Hoc|iPhoneSimulator
		Ad-Hoc|x64 = Ad-Hoc|x64
		Ad-Hoc|x86 = Ad-Hoc|x86
		AppStore|Any CPU = AppStore|Any CPU
		AppStore|ARM = AppStore|ARM
		AppStore|ARM64 = AppStore|ARM64
		AppStore|iPhone = AppStore|iPhone
		AppStore|iPhoneSimulator = AppStore|iPhoneSimulator
		AppStore|x64 = AppStore|x64
		AppStore|x86 = AppStore|x86
		Debug|Any CPU = Debug|Any CPU
		Debug|ARM = Debug|ARM
		Debug|ARM64 = Debug|ARM64
		Debug|iPhone = Debug|iPhone
		Debug|iPhoneSimulator = Debug|iPhoneSimulator
		Debug|x64 = Debug|x64
		Debug|x86 = Debug|x86
		Release|Any CPU = Release|Any CPU
		Release|ARM = Release|ARM
		Release|ARM64 = Release|ARM64
		Release|iPhone = Release|iPhone
		Release|iPhoneSimulator = Release|iPhoneSimulator
		Release|x64 = Release|x64
		Release|x86 = Release|x86
	EndGlobalSection
	GlobalSection(ProjectConfigurationPlatforms) = postSolution
		{45983087-5E0E-4BFB-86C1-A5BC54D2A86F}.Ad-Hoc|Any CPU.ActiveCfg = Release|Any CPU
		{45983087-5E0E-4BFB-86C1-A5BC54D2A86F}.Ad-Hoc|Any CPU.Build.0 = Release|Any CPU
		{45983087-5E0E-4BFB-86C1-A5BC54D2A86F}.Ad-Hoc|ARM.ActiveCfg = Release|Any CPU
		{45983087-5E0E-4BFB-86C1-A5BC54D2A86F}.Ad-Hoc|ARM.Build.0 = Release|Any CPU
		{45983087-5E0E-4BFB-86C1-A5BC54D2A86F}.Ad-Hoc|ARM64.ActiveCfg = Release|Any CPU
		{45983087-5E0E-4BFB-86C1-A5BC54D2A86F}.Ad-Hoc|ARM64.Build.0 = Release|Any CPU
		{45983087-5E0E-4BFB-86C1-A5BC54D2A86F}.Ad-Hoc|iPhone.ActiveCfg = Release|Any CPU
		{45983087-5E0E-4BFB-86C1-A5BC54D2A86F}.Ad-Hoc|iPhone.Build.0 = Release|Any CPU
		{45983087-5E0E-4BFB-86C1-A5BC54D2A86F}.Ad-Hoc|iPhoneSimulator.ActiveCfg = Release|Any CPU
		{45983087-5E0E-4BFB-86C1-A5BC54D2A86F}.Ad-Hoc|iPhoneSimulator.Build.0 = Release|Any CPU
		{45983087-5E0E-4BFB-86C1-A5BC54D2A86F}.Ad-Hoc|x64.ActiveCfg = Release|Any CPU
		{45983087-5E0E-4BFB-86C1-A5BC54D2A86F}.Ad-Hoc|x64.Build.0 = Release|Any CPU
		{45983087-5E0E-4BFB-86C1-A5BC54D2A86F}.Ad-Hoc|x86.ActiveCfg = Release|Any CPU
		{45983087-5E0E-4BFB-86C1-A5BC54D2A86F}.Ad-Hoc|x86.Build.0 = Release|Any CPU
		{45983087-5E0E-4BFB-86C1-A5BC54D2A86F}.AppStore|Any CPU.ActiveCfg = Release|Any CPU
		{45983087-5E0E-4BFB-86C1-A5BC54D2A86F}.AppStore|Any CPU.Build.0 = Release|Any CPU
		{45983087-5E0E-4BFB-86C1-A5BC54D2A86F}.AppStore|ARM.ActiveCfg = Release|Any CPU
		{45983087-5E0E-4BFB-86C1-A5BC54D2A86F}.AppStore|ARM.Build.0 = Release|Any CPU
		{45983087-5E0E-4BFB-86C1-A5BC54D2A86F}.AppStore|ARM64.ActiveCfg = Release|Any CPU
		{45983087-5E0E-4BFB-86C1-A5BC54D2A86F}.AppStore|ARM64.Build.0 = Release|Any CPU
		{45983087-5E0E-4BFB-86C1-A5BC54D2A86F}.AppStore|iPhone.ActiveCfg = Release|Any CPU
		{45983087-5E0E-4BFB-86C1-A5BC54D2A86F}.AppStore|iPhone.Build.0 = Release|Any CPU
		{45983087-5E0E-4BFB-86C1-A5BC54D2A86F}.AppStore|iPhoneSimulator.ActiveCfg = Release|Any CPU
		{45983087-5E0E-4BFB-86C1-A5BC54D2A86F}.AppStore|iPhoneSimulator.Build.0 = Release|Any CPU
		{45983087-5E0E-4BFB-86C1-A5BC54D2A86F}.AppStore|x64.ActiveCfg = Release|Any CPU
		{45983087-5E0E-4BFB-86C1-A5BC54D2A86F}.AppStore|x64.Build.0 = Release|Any CPU
		{45983087-5E0E-4BFB-86C1-A5BC54D2A86F}.AppStore|x86.ActiveCfg = Release|Any CPU
		{45983087-5E0E-4BFB-86C1-A5BC54D2A86F}.AppStore|x86.Build.0 = Release|Any CPU
		{45983087-5E0E-4BFB-86C1-A5BC54D2A86F}.Debug|Any CPU.ActiveCfg = Debug|Any CPU
		{45983087-5E0E-4BFB-86C1-A5BC54D2A86F}.Debug|Any CPU.Build.0 = Debug|Any CPU
		{45983087-5E0E-4BFB-86C1-A5BC54D2A86F}.Debug|ARM.ActiveCfg = Debug|Any CPU
		{45983087-5E0E-4BFB-86C1-A5BC54D2A86F}.Debug|ARM.Build.0 = Debug|Any CPU
		{45983087-5E0E-4BFB-86C1-A5BC54D2A86F}.Debug|ARM64.ActiveCfg = Debug|Any CPU
		{45983087-5E0E-4BFB-86C1-A5BC54D2A86F}.Debug|ARM64.Build.0 = Debug|Any CPU
		{45983087-5E0E-4BFB-86C1-A5BC54D2A86F}.Debug|iPhone.ActiveCfg = Debug|Any CPU
		{45983087-5E0E-4BFB-86C1-A5BC54D2A86F}.Debug|iPhone.Build.0 = Debug|Any CPU
		{45983087-5E0E-4BFB-86C1-A5BC54D2A86F}.Debug|iPhoneSimulator.ActiveCfg = Debug|Any CPU
		{45983087-5E0E-4BFB-86C1-A5BC54D2A86F}.Debug|iPhoneSimulator.Build.0 = Debug|Any CPU
		{45983087-5E0E-4BFB-86C1-A5BC54D2A86F}.Debug|x64.ActiveCfg = Debug|Any CPU
		{45983087-5E0E-4BFB-86C1-A5BC54D2A86F}.Debug|x64.Build.0 = Debug|Any CPU
		{45983087-5E0E-4BFB-86C1-A5BC54D2A86F}.Debug|x86.ActiveCfg = Debug|Any CPU
		{45983087-5E0E-4BFB-86C1-A5BC54D2A86F}.Debug|x86.Build.0 = Debug|Any CPU
		{45983087-5E0E-4BFB-86C1-A5BC54D2A86F}.Release|Any CPU.ActiveCfg = Release|Any CPU
		{45983087-5E0E-4BFB-86C1-A5BC54D2A86F}.Release|Any CPU.Build.0 = Release|Any CPU
		{45983087-5E0E-4BFB-86C1-A5BC54D2A86F}.Release|ARM.ActiveCfg = Release|Any CPU
		{45983087-5E0E-4BFB-86C1-A5BC54D2A86F}.Release|ARM.Build.0 = Release|Any CPU
		{45983087-5E0E-4BFB-86C1-A5BC54D2A86F}.Release|ARM64.ActiveCfg = Release|Any CPU
		{45983087-5E0E-4BFB-86C1-A5BC54D2A86F}.Release|ARM64.Build.0 = Release|Any CPU
		{45983087-5E0E-4BFB-86C1-A5BC54D2A86F}.Release|iPhone.ActiveCfg = Release|Any CPU
		{45983087-5E0E-4BFB-86C1-A5BC54D2A86F}.Release|iPhone.Build.0 = Release|Any CPU
		{45983087-5E0E-4BFB-86C1-A5BC54D2A86F}.Release|iPhoneSimulator.ActiveCfg = Release|Any CPU
		{45983087-5E0E-4BFB-86C1-A5BC54D2A86F}.Release|iPhoneSimulator.Build.0 = Release|Any CPU
		{45983087-5E0E-4BFB-86C1-A5BC54D2A86F}.Release|x64.ActiveCfg = Release|Any CPU
		{45983087-5E0E-4BFB-86C1-A5BC54D2A86F}.Release|x64.Build.0 = Release|Any CPU
		{45983087-5E0E-4BFB-86C1-A5BC54D2A86F}.Release|x86.ActiveCfg = Release|Any CPU
		{45983087-5E0E-4BFB-86C1-A5BC54D2A86F}.Release|x86.Build.0 = Release|Any CPU
		{EB5417EA-362A-40B6-8B2A-E48BC45C9C05}.Ad-Hoc|Any CPU.ActiveCfg = Release|Any CPU
		{EB5417EA-362A-40B6-8B2A-E48BC45C9C05}.Ad-Hoc|Any CPU.Build.0 = Release|Any CPU
		{EB5417EA-362A-40B6-8B2A-E48BC45C9C05}.Ad-Hoc|ARM.ActiveCfg = Release|Any CPU
		{EB5417EA-362A-40B6-8B2A-E48BC45C9C05}.Ad-Hoc|ARM.Build.0 = Release|Any CPU
		{EB5417EA-362A-40B6-8B2A-E48BC45C9C05}.Ad-Hoc|ARM64.ActiveCfg = Release|Any CPU
		{EB5417EA-362A-40B6-8B2A-E48BC45C9C05}.Ad-Hoc|ARM64.Build.0 = Release|Any CPU
		{EB5417EA-362A-40B6-8B2A-E48BC45C9C05}.Ad-Hoc|iPhone.ActiveCfg = Release|Any CPU
		{EB5417EA-362A-40B6-8B2A-E48BC45C9C05}.Ad-Hoc|iPhone.Build.0 = Release|Any CPU
		{EB5417EA-362A-40B6-8B2A-E48BC45C9C05}.Ad-Hoc|iPhoneSimulator.ActiveCfg = Release|Any CPU
		{EB5417EA-362A-40B6-8B2A-E48BC45C9C05}.Ad-Hoc|iPhoneSimulator.Build.0 = Release|Any CPU
		{EB5417EA-362A-40B6-8B2A-E48BC45C9C05}.Ad-Hoc|x64.ActiveCfg = Release|Any CPU
		{EB5417EA-362A-40B6-8B2A-E48BC45C9C05}.Ad-Hoc|x64.Build.0 = Release|Any CPU
		{EB5417EA-362A-40B6-8B2A-E48BC45C9C05}.Ad-Hoc|x86.ActiveCfg = Release|Any CPU
		{EB5417EA-362A-40B6-8B2A-E48BC45C9C05}.Ad-Hoc|x86.Build.0 = Release|Any CPU
		{EB5417EA-362A-40B6-8B2A-E48BC45C9C05}.AppStore|Any CPU.ActiveCfg = Release|Any CPU
		{EB5417EA-362A-40B6-8B2A-E48BC45C9C05}.AppStore|Any CPU.Build.0 = Release|Any CPU
		{EB5417EA-362A-40B6-8B2A-E48BC45C9C05}.AppStore|ARM.ActiveCfg = Release|Any CPU
		{EB5417EA-362A-40B6-8B2A-E48BC45C9C05}.AppStore|ARM.Build.0 = Release|Any CPU
		{EB5417EA-362A-40B6-8B2A-E48BC45C9C05}.AppStore|ARM64.ActiveCfg = Release|Any CPU
		{EB5417EA-362A-40B6-8B2A-E48BC45C9C05}.AppStore|ARM64.Build.0 = Release|Any CPU
		{EB5417EA-362A-40B6-8B2A-E48BC45C9C05}.AppStore|iPhone.ActiveCfg = Release|Any CPU
		{EB5417EA-362A-40B6-8B2A-E48BC45C9C05}.AppStore|iPhone.Build.0 = Release|Any CPU
		{EB5417EA-362A-40B6-8B2A-E48BC45C9C05}.AppStore|iPhoneSimulator.ActiveCfg = Release|Any CPU
		{EB5417EA-362A-40B6-8B2A-E48BC45C9C05}.AppStore|iPhoneSimulator.Build.0 = Release|Any CPU
		{EB5417EA-362A-40B6-8B2A-E48BC45C9C05}.AppStore|x64.ActiveCfg = Release|Any CPU
		{EB5417EA-362A-40B6-8B2A-E48BC45C9C05}.AppStore|x64.Build.0 = Release|Any CPU
		{EB5417EA-362A-40B6-8B2A-E48BC45C9C05}.AppStore|x86.ActiveCfg = Release|Any CPU
		{EB5417EA-362A-40B6-8B2A-E48BC45C9C05}.AppStore|x86.Build.0 = Release|Any CPU
		{EB5417EA-362A-40B6-8B2A-E48BC45C9C05}.Debug|Any CPU.ActiveCfg = Debug|Any CPU
		{EB5417EA-362A-40B6-8B2A-E48BC45C9C05}.Debug|Any CPU.Build.0 = Debug|Any CPU
		{EB5417EA-362A-40B6-8B2A-E48BC45C9C05}.Debug|ARM.ActiveCfg = Debug|Any CPU
		{EB5417EA-362A-40B6-8B2A-E48BC45C9C05}.Debug|ARM.Build.0 = Debug|Any CPU
		{EB5417EA-362A-40B6-8B2A-E48BC45C9C05}.Debug|ARM64.ActiveCfg = Debug|Any CPU
		{EB5417EA-362A-40B6-8B2A-E48BC45C9C05}.Debug|ARM64.Build.0 = Debug|Any CPU
		{EB5417EA-362A-40B6-8B2A-E48BC45C9C05}.Debug|iPhone.ActiveCfg = Debug|Any CPU
		{EB5417EA-362A-40B6-8B2A-E48BC45C9C05}.Debug|iPhone.Build.0 = Debug|Any CPU
		{EB5417EA-362A-40B6-8B2A-E48BC45C9C05}.Debug|iPhoneSimulator.ActiveCfg = Debug|Any CPU
		{EB5417EA-362A-40B6-8B2A-E48BC45C9C05}.Debug|iPhoneSimulator.Build.0 = Debug|Any CPU
		{EB5417EA-362A-40B6-8B2A-E48BC45C9C05}.Debug|x64.ActiveCfg = Debug|Any CPU
		{EB5417EA-362A-40B6-8B2A-E48BC45C9C05}.Debug|x64.Build.0 = Debug|Any CPU
		{EB5417EA-362A-40B6-8B2A-E48BC45C9C05}.Debug|x86.ActiveCfg = Debug|Any CPU
		{EB5417EA-362A-40B6-8B2A-E48BC45C9C05}.Debug|x86.Build.0 = Debug|Any CPU
		{EB5417EA-362A-40B6-8B2A-E48BC45C9C05}.Release|Any CPU.ActiveCfg = Release|Any CPU
		{EB5417EA-362A-40B6-8B2A-E48BC45C9C05}.Release|Any CPU.Build.0 = Release|Any CPU
		{EB5417EA-362A-40B6-8B2A-E48BC45C9C05}.Release|ARM.ActiveCfg = Release|Any CPU
		{EB5417EA-362A-40B6-8B2A-E48BC45C9C05}.Release|ARM.Build.0 = Release|Any CPU
		{EB5417EA-362A-40B6-8B2A-E48BC45C9C05}.Release|ARM64.ActiveCfg = Release|Any CPU
		{EB5417EA-362A-40B6-8B2A-E48BC45C9C05}.Release|ARM64.Build.0 = Release|Any CPU
		{EB5417EA-362A-40B6-8B2A-E48BC45C9C05}.Release|iPhone.ActiveCfg = Release|Any CPU
		{EB5417EA-362A-40B6-8B2A-E48BC45C9C05}.Release|iPhone.Build.0 = Release|Any CPU
		{EB5417EA-362A-40B6-8B2A-E48BC45C9C05}.Release|iPhoneSimulator.ActiveCfg = Release|Any CPU
		{EB5417EA-362A-40B6-8B2A-E48BC45C9C05}.Release|iPhoneSimulator.Build.0 = Release|Any CPU
		{EB5417EA-362A-40B6-8B2A-E48BC45C9C05}.Release|x64.ActiveCfg = Release|Any CPU
		{EB5417EA-362A-40B6-8B2A-E48BC45C9C05}.Release|x64.Build.0 = Release|Any CPU
		{EB5417EA-362A-40B6-8B2A-E48BC45C9C05}.Release|x86.ActiveCfg = Release|Any CPU
		{EB5417EA-362A-40B6-8B2A-E48BC45C9C05}.Release|x86.Build.0 = Release|Any CPU
		{654608E6-4BB3-4D7F-8F39-144C1318AA7B}.Ad-Hoc|Any CPU.ActiveCfg = Release|Any CPU
		{654608E6-4BB3-4D7F-8F39-144C1318AA7B}.Ad-Hoc|Any CPU.Build.0 = Release|Any CPU
		{654608E6-4BB3-4D7F-8F39-144C1318AA7B}.Ad-Hoc|ARM.ActiveCfg = Release|Any CPU
		{654608E6-4BB3-4D7F-8F39-144C1318AA7B}.Ad-Hoc|ARM.Build.0 = Release|Any CPU
		{654608E6-4BB3-4D7F-8F39-144C1318AA7B}.Ad-Hoc|ARM64.ActiveCfg = Release|Any CPU
		{654608E6-4BB3-4D7F-8F39-144C1318AA7B}.Ad-Hoc|ARM64.Build.0 = Release|Any CPU
		{654608E6-4BB3-4D7F-8F39-144C1318AA7B}.Ad-Hoc|iPhone.ActiveCfg = Release|Any CPU
		{654608E6-4BB3-4D7F-8F39-144C1318AA7B}.Ad-Hoc|iPhone.Build.0 = Release|Any CPU
		{654608E6-4BB3-4D7F-8F39-144C1318AA7B}.Ad-Hoc|iPhoneSimulator.ActiveCfg = Release|Any CPU
		{654608E6-4BB3-4D7F-8F39-144C1318AA7B}.Ad-Hoc|iPhoneSimulator.Build.0 = Release|Any CPU
		{654608E6-4BB3-4D7F-8F39-144C1318AA7B}.Ad-Hoc|x64.ActiveCfg = Release|Any CPU
		{654608E6-4BB3-4D7F-8F39-144C1318AA7B}.Ad-Hoc|x64.Build.0 = Release|Any CPU
		{654608E6-4BB3-4D7F-8F39-144C1318AA7B}.Ad-Hoc|x86.ActiveCfg = Release|Any CPU
		{654608E6-4BB3-4D7F-8F39-144C1318AA7B}.Ad-Hoc|x86.Build.0 = Release|Any CPU
		{654608E6-4BB3-4D7F-8F39-144C1318AA7B}.AppStore|Any CPU.ActiveCfg = Release|Any CPU
		{654608E6-4BB3-4D7F-8F39-144C1318AA7B}.AppStore|Any CPU.Build.0 = Release|Any CPU
		{654608E6-4BB3-4D7F-8F39-144C1318AA7B}.AppStore|ARM.ActiveCfg = Release|Any CPU
		{654608E6-4BB3-4D7F-8F39-144C1318AA7B}.AppStore|ARM.Build.0 = Release|Any CPU
		{654608E6-4BB3-4D7F-8F39-144C1318AA7B}.AppStore|ARM64.ActiveCfg = Release|Any CPU
		{654608E6-4BB3-4D7F-8F39-144C1318AA7B}.AppStore|ARM64.Build.0 = Release|Any CPU
		{654608E6-4BB3-4D7F-8F39-144C1318AA7B}.AppStore|iPhone.ActiveCfg = Release|Any CPU
		{654608E6-4BB3-4D7F-8F39-144C1318AA7B}.AppStore|iPhone.Build.0 = Release|Any CPU
		{654608E6-4BB3-4D7F-8F39-144C1318AA7B}.AppStore|iPhoneSimulator.ActiveCfg = Release|Any CPU
		{654608E6-4BB3-4D7F-8F39-144C1318AA7B}.AppStore|iPhoneSimulator.Build.0 = Release|Any CPU
		{654608E6-4BB3-4D7F-8F39-144C1318AA7B}.AppStore|x64.ActiveCfg = Release|Any CPU
		{654608E6-4BB3-4D7F-8F39-144C1318AA7B}.AppStore|x64.Build.0 = Release|Any CPU
		{654608E6-4BB3-4D7F-8F39-144C1318AA7B}.AppStore|x86.ActiveCfg = Release|Any CPU
		{654608E6-4BB3-4D7F-8F39-144C1318AA7B}.AppStore|x86.Build.0 = Release|Any CPU
		{654608E6-4BB3-4D7F-8F39-144C1318AA7B}.Debug|Any CPU.ActiveCfg = Debug|Any CPU
		{654608E6-4BB3-4D7F-8F39-144C1318AA7B}.Debug|Any CPU.Build.0 = Debug|Any CPU
		{654608E6-4BB3-4D7F-8F39-144C1318AA7B}.Debug|ARM.ActiveCfg = Debug|Any CPU
		{654608E6-4BB3-4D7F-8F39-144C1318AA7B}.Debug|ARM.Build.0 = Debug|Any CPU
		{654608E6-4BB3-4D7F-8F39-144C1318AA7B}.Debug|ARM64.ActiveCfg = Debug|Any CPU
		{654608E6-4BB3-4D7F-8F39-144C1318AA7B}.Debug|ARM64.Build.0 = Debug|Any CPU
		{654608E6-4BB3-4D7F-8F39-144C1318AA7B}.Debug|iPhone.ActiveCfg = Debug|Any CPU
		{654608E6-4BB3-4D7F-8F39-144C1318AA7B}.Debug|iPhone.Build.0 = Debug|Any CPU
		{654608E6-4BB3-4D7F-8F39-144C1318AA7B}.Debug|iPhoneSimulator.ActiveCfg = Debug|Any CPU
		{654608E6-4BB3-4D7F-8F39-144C1318AA7B}.Debug|iPhoneSimulator.Build.0 = Debug|Any CPU
		{654608E6-4BB3-4D7F-8F39-144C1318AA7B}.Debug|x64.ActiveCfg = Debug|Any CPU
		{654608E6-4BB3-4D7F-8F39-144C1318AA7B}.Debug|x64.Build.0 = Debug|Any CPU
		{654608E6-4BB3-4D7F-8F39-144C1318AA7B}.Debug|x86.ActiveCfg = Debug|Any CPU
		{654608E6-4BB3-4D7F-8F39-144C1318AA7B}.Debug|x86.Build.0 = Debug|Any CPU
		{654608E6-4BB3-4D7F-8F39-144C1318AA7B}.Release|Any CPU.ActiveCfg = Release|Any CPU
		{654608E6-4BB3-4D7F-8F39-144C1318AA7B}.Release|Any CPU.Build.0 = Release|Any CPU
		{654608E6-4BB3-4D7F-8F39-144C1318AA7B}.Release|ARM.ActiveCfg = Release|Any CPU
		{654608E6-4BB3-4D7F-8F39-144C1318AA7B}.Release|ARM.Build.0 = Release|Any CPU
		{654608E6-4BB3-4D7F-8F39-144C1318AA7B}.Release|ARM64.ActiveCfg = Release|Any CPU
		{654608E6-4BB3-4D7F-8F39-144C1318AA7B}.Release|ARM64.Build.0 = Release|Any CPU
		{654608E6-4BB3-4D7F-8F39-144C1318AA7B}.Release|iPhone.ActiveCfg = Release|Any CPU
		{654608E6-4BB3-4D7F-8F39-144C1318AA7B}.Release|iPhone.Build.0 = Release|Any CPU
		{654608E6-4BB3-4D7F-8F39-144C1318AA7B}.Release|iPhoneSimulator.ActiveCfg = Release|Any CPU
		{654608E6-4BB3-4D7F-8F39-144C1318AA7B}.Release|iPhoneSimulator.Build.0 = Release|Any CPU
		{654608E6-4BB3-4D7F-8F39-144C1318AA7B}.Release|x64.ActiveCfg = Release|Any CPU
		{654608E6-4BB3-4D7F-8F39-144C1318AA7B}.Release|x64.Build.0 = Release|Any CPU
		{654608E6-4BB3-4D7F-8F39-144C1318AA7B}.Release|x86.ActiveCfg = Release|Any CPU
		{654608E6-4BB3-4D7F-8F39-144C1318AA7B}.Release|x86.Build.0 = Release|Any CPU
		{E987EC5E-563C-48D9-932F-1DFBC545752D}.Ad-Hoc|Any CPU.ActiveCfg = Debug|Any CPU
		{E987EC5E-563C-48D9-932F-1DFBC545752D}.Ad-Hoc|Any CPU.Build.0 = Debug|Any CPU
		{E987EC5E-563C-48D9-932F-1DFBC545752D}.Ad-Hoc|ARM.ActiveCfg = Debug|Any CPU
		{E987EC5E-563C-48D9-932F-1DFBC545752D}.Ad-Hoc|ARM.Build.0 = Debug|Any CPU
		{E987EC5E-563C-48D9-932F-1DFBC545752D}.Ad-Hoc|ARM64.ActiveCfg = Debug|Any CPU
		{E987EC5E-563C-48D9-932F-1DFBC545752D}.Ad-Hoc|ARM64.Build.0 = Debug|Any CPU
		{E987EC5E-563C-48D9-932F-1DFBC545752D}.Ad-Hoc|iPhone.ActiveCfg = Debug|Any CPU
		{E987EC5E-563C-48D9-932F-1DFBC545752D}.Ad-Hoc|iPhone.Build.0 = Debug|Any CPU
		{E987EC5E-563C-48D9-932F-1DFBC545752D}.Ad-Hoc|iPhoneSimulator.ActiveCfg = Debug|Any CPU
		{E987EC5E-563C-48D9-932F-1DFBC545752D}.Ad-Hoc|iPhoneSimulator.Build.0 = Debug|Any CPU
		{E987EC5E-563C-48D9-932F-1DFBC545752D}.Ad-Hoc|x64.ActiveCfg = Debug|Any CPU
		{E987EC5E-563C-48D9-932F-1DFBC545752D}.Ad-Hoc|x64.Build.0 = Debug|Any CPU
		{E987EC5E-563C-48D9-932F-1DFBC545752D}.Ad-Hoc|x86.ActiveCfg = Debug|Any CPU
		{E987EC5E-563C-48D9-932F-1DFBC545752D}.Ad-Hoc|x86.Build.0 = Debug|Any CPU
		{E987EC5E-563C-48D9-932F-1DFBC545752D}.AppStore|Any CPU.ActiveCfg = Debug|Any CPU
		{E987EC5E-563C-48D9-932F-1DFBC545752D}.AppStore|Any CPU.Build.0 = Debug|Any CPU
		{E987EC5E-563C-48D9-932F-1DFBC545752D}.AppStore|ARM.ActiveCfg = Debug|Any CPU
		{E987EC5E-563C-48D9-932F-1DFBC545752D}.AppStore|ARM.Build.0 = Debug|Any CPU
		{E987EC5E-563C-48D9-932F-1DFBC545752D}.AppStore|ARM64.ActiveCfg = Debug|Any CPU
		{E987EC5E-563C-48D9-932F-1DFBC545752D}.AppStore|ARM64.Build.0 = Debug|Any CPU
		{E987EC5E-563C-48D9-932F-1DFBC545752D}.AppStore|iPhone.ActiveCfg = Debug|Any CPU
		{E987EC5E-563C-48D9-932F-1DFBC545752D}.AppStore|iPhone.Build.0 = Debug|Any CPU
		{E987EC5E-563C-48D9-932F-1DFBC545752D}.AppStore|iPhoneSimulator.ActiveCfg = Debug|Any CPU
		{E987EC5E-563C-48D9-932F-1DFBC545752D}.AppStore|iPhoneSimulator.Build.0 = Debug|Any CPU
		{E987EC5E-563C-48D9-932F-1DFBC545752D}.AppStore|x64.ActiveCfg = Debug|Any CPU
		{E987EC5E-563C-48D9-932F-1DFBC545752D}.AppStore|x64.Build.0 = Debug|Any CPU
		{E987EC5E-563C-48D9-932F-1DFBC545752D}.AppStore|x86.ActiveCfg = Debug|Any CPU
		{E987EC5E-563C-48D9-932F-1DFBC545752D}.AppStore|x86.Build.0 = Debug|Any CPU
		{E987EC5E-563C-48D9-932F-1DFBC545752D}.Debug|Any CPU.ActiveCfg = Debug|Any CPU
		{E987EC5E-563C-48D9-932F-1DFBC545752D}.Debug|Any CPU.Build.0 = Debug|Any CPU
		{E987EC5E-563C-48D9-932F-1DFBC545752D}.Debug|ARM.ActiveCfg = Debug|Any CPU
		{E987EC5E-563C-48D9-932F-1DFBC545752D}.Debug|ARM.Build.0 = Debug|Any CPU
		{E987EC5E-563C-48D9-932F-1DFBC545752D}.Debug|ARM64.ActiveCfg = Debug|Any CPU
		{E987EC5E-563C-48D9-932F-1DFBC545752D}.Debug|ARM64.Build.0 = Debug|Any CPU
		{E987EC5E-563C-48D9-932F-1DFBC545752D}.Debug|iPhone.ActiveCfg = Debug|Any CPU
		{E987EC5E-563C-48D9-932F-1DFBC545752D}.Debug|iPhone.Build.0 = Debug|Any CPU
		{E987EC5E-563C-48D9-932F-1DFBC545752D}.Debug|iPhoneSimulator.ActiveCfg = Debug|Any CPU
		{E987EC5E-563C-48D9-932F-1DFBC545752D}.Debug|iPhoneSimulator.Build.0 = Debug|Any CPU
		{E987EC5E-563C-48D9-932F-1DFBC545752D}.Debug|x64.ActiveCfg = Debug|Any CPU
		{E987EC5E-563C-48D9-932F-1DFBC545752D}.Debug|x64.Build.0 = Debug|Any CPU
		{E987EC5E-563C-48D9-932F-1DFBC545752D}.Debug|x86.ActiveCfg = Debug|Any CPU
		{E987EC5E-563C-48D9-932F-1DFBC545752D}.Debug|x86.Build.0 = Debug|Any CPU
		{E987EC5E-563C-48D9-932F-1DFBC545752D}.Release|Any CPU.ActiveCfg = Release|Any CPU
		{E987EC5E-563C-48D9-932F-1DFBC545752D}.Release|Any CPU.Build.0 = Release|Any CPU
		{E987EC5E-563C-48D9-932F-1DFBC545752D}.Release|ARM.ActiveCfg = Release|Any CPU
		{E987EC5E-563C-48D9-932F-1DFBC545752D}.Release|ARM.Build.0 = Release|Any CPU
		{E987EC5E-563C-48D9-932F-1DFBC545752D}.Release|ARM64.ActiveCfg = Release|Any CPU
		{E987EC5E-563C-48D9-932F-1DFBC545752D}.Release|ARM64.Build.0 = Release|Any CPU
		{E987EC5E-563C-48D9-932F-1DFBC545752D}.Release|iPhone.ActiveCfg = Release|Any CPU
		{E987EC5E-563C-48D9-932F-1DFBC545752D}.Release|iPhone.Build.0 = Release|Any CPU
		{E987EC5E-563C-48D9-932F-1DFBC545752D}.Release|iPhoneSimulator.ActiveCfg = Release|Any CPU
		{E987EC5E-563C-48D9-932F-1DFBC545752D}.Release|iPhoneSimulator.Build.0 = Release|Any CPU
		{E987EC5E-563C-48D9-932F-1DFBC545752D}.Release|x64.ActiveCfg = Release|Any CPU
		{E987EC5E-563C-48D9-932F-1DFBC545752D}.Release|x64.Build.0 = Release|Any CPU
		{E987EC5E-563C-48D9-932F-1DFBC545752D}.Release|x86.ActiveCfg = Release|Any CPU
		{E987EC5E-563C-48D9-932F-1DFBC545752D}.Release|x86.Build.0 = Release|Any CPU
		{7697EBDC-A4F2-49B1-AF91-79031516E679}.Ad-Hoc|Any CPU.ActiveCfg = Debug|Any CPU
		{7697EBDC-A4F2-49B1-AF91-79031516E679}.Ad-Hoc|Any CPU.Build.0 = Debug|Any CPU
		{7697EBDC-A4F2-49B1-AF91-79031516E679}.Ad-Hoc|ARM.ActiveCfg = Debug|Any CPU
		{7697EBDC-A4F2-49B1-AF91-79031516E679}.Ad-Hoc|ARM.Build.0 = Debug|Any CPU
		{7697EBDC-A4F2-49B1-AF91-79031516E679}.Ad-Hoc|ARM64.ActiveCfg = Debug|Any CPU
		{7697EBDC-A4F2-49B1-AF91-79031516E679}.Ad-Hoc|ARM64.Build.0 = Debug|Any CPU
		{7697EBDC-A4F2-49B1-AF91-79031516E679}.Ad-Hoc|iPhone.ActiveCfg = Debug|Any CPU
		{7697EBDC-A4F2-49B1-AF91-79031516E679}.Ad-Hoc|iPhone.Build.0 = Debug|Any CPU
		{7697EBDC-A4F2-49B1-AF91-79031516E679}.Ad-Hoc|iPhoneSimulator.ActiveCfg = Debug|Any CPU
		{7697EBDC-A4F2-49B1-AF91-79031516E679}.Ad-Hoc|iPhoneSimulator.Build.0 = Debug|Any CPU
		{7697EBDC-A4F2-49B1-AF91-79031516E679}.Ad-Hoc|x64.ActiveCfg = Debug|Any CPU
		{7697EBDC-A4F2-49B1-AF91-79031516E679}.Ad-Hoc|x64.Build.0 = Debug|Any CPU
		{7697EBDC-A4F2-49B1-AF91-79031516E679}.Ad-Hoc|x86.ActiveCfg = Debug|Any CPU
		{7697EBDC-A4F2-49B1-AF91-79031516E679}.Ad-Hoc|x86.Build.0 = Debug|Any CPU
		{7697EBDC-A4F2-49B1-AF91-79031516E679}.AppStore|Any CPU.ActiveCfg = Debug|Any CPU
		{7697EBDC-A4F2-49B1-AF91-79031516E679}.AppStore|Any CPU.Build.0 = Debug|Any CPU
		{7697EBDC-A4F2-49B1-AF91-79031516E679}.AppStore|ARM.ActiveCfg = Debug|Any CPU
		{7697EBDC-A4F2-49B1-AF91-79031516E679}.AppStore|ARM.Build.0 = Debug|Any CPU
		{7697EBDC-A4F2-49B1-AF91-79031516E679}.AppStore|ARM64.ActiveCfg = Debug|Any CPU
		{7697EBDC-A4F2-49B1-AF91-79031516E679}.AppStore|ARM64.Build.0 = Debug|Any CPU
		{7697EBDC-A4F2-49B1-AF91-79031516E679}.AppStore|iPhone.ActiveCfg = Debug|Any CPU
		{7697EBDC-A4F2-49B1-AF91-79031516E679}.AppStore|iPhone.Build.0 = Debug|Any CPU
		{7697EBDC-A4F2-49B1-AF91-79031516E679}.AppStore|iPhoneSimulator.ActiveCfg = Debug|Any CPU
		{7697EBDC-A4F2-49B1-AF91-79031516E679}.AppStore|iPhoneSimulator.Build.0 = Debug|Any CPU
		{7697EBDC-A4F2-49B1-AF91-79031516E679}.AppStore|x64.ActiveCfg = Debug|Any CPU
		{7697EBDC-A4F2-49B1-AF91-79031516E679}.AppStore|x64.Build.0 = Debug|Any CPU
		{7697EBDC-A4F2-49B1-AF91-79031516E679}.AppStore|x86.ActiveCfg = Debug|Any CPU
		{7697EBDC-A4F2-49B1-AF91-79031516E679}.AppStore|x86.Build.0 = Debug|Any CPU
		{7697EBDC-A4F2-49B1-AF91-79031516E679}.Debug|Any CPU.ActiveCfg = Debug|Any CPU
		{7697EBDC-A4F2-49B1-AF91-79031516E679}.Debug|Any CPU.Build.0 = Debug|Any CPU
		{7697EBDC-A4F2-49B1-AF91-79031516E679}.Debug|ARM.ActiveCfg = Debug|Any CPU
		{7697EBDC-A4F2-49B1-AF91-79031516E679}.Debug|ARM.Build.0 = Debug|Any CPU
		{7697EBDC-A4F2-49B1-AF91-79031516E679}.Debug|ARM64.ActiveCfg = Debug|Any CPU
		{7697EBDC-A4F2-49B1-AF91-79031516E679}.Debug|ARM64.Build.0 = Debug|Any CPU
		{7697EBDC-A4F2-49B1-AF91-79031516E679}.Debug|iPhone.ActiveCfg = Debug|Any CPU
		{7697EBDC-A4F2-49B1-AF91-79031516E679}.Debug|iPhone.Build.0 = Debug|Any CPU
		{7697EBDC-A4F2-49B1-AF91-79031516E679}.Debug|iPhoneSimulator.ActiveCfg = Debug|Any CPU
		{7697EBDC-A4F2-49B1-AF91-79031516E679}.Debug|iPhoneSimulator.Build.0 = Debug|Any CPU
		{7697EBDC-A4F2-49B1-AF91-79031516E679}.Debug|x64.ActiveCfg = Debug|Any CPU
		{7697EBDC-A4F2-49B1-AF91-79031516E679}.Debug|x64.Build.0 = Debug|Any CPU
		{7697EBDC-A4F2-49B1-AF91-79031516E679}.Debug|x86.ActiveCfg = Debug|Any CPU
		{7697EBDC-A4F2-49B1-AF91-79031516E679}.Debug|x86.Build.0 = Debug|Any CPU
		{7697EBDC-A4F2-49B1-AF91-79031516E679}.Release|Any CPU.ActiveCfg = Release|Any CPU
		{7697EBDC-A4F2-49B1-AF91-79031516E679}.Release|Any CPU.Build.0 = Release|Any CPU
		{7697EBDC-A4F2-49B1-AF91-79031516E679}.Release|ARM.ActiveCfg = Release|Any CPU
		{7697EBDC-A4F2-49B1-AF91-79031516E679}.Release|ARM.Build.0 = Release|Any CPU
		{7697EBDC-A4F2-49B1-AF91-79031516E679}.Release|ARM64.ActiveCfg = Release|Any CPU
		{7697EBDC-A4F2-49B1-AF91-79031516E679}.Release|ARM64.Build.0 = Release|Any CPU
		{7697EBDC-A4F2-49B1-AF91-79031516E679}.Release|iPhone.ActiveCfg = Release|Any CPU
		{7697EBDC-A4F2-49B1-AF91-79031516E679}.Release|iPhone.Build.0 = Release|Any CPU
		{7697EBDC-A4F2-49B1-AF91-79031516E679}.Release|iPhoneSimulator.ActiveCfg = Release|Any CPU
		{7697EBDC-A4F2-49B1-AF91-79031516E679}.Release|iPhoneSimulator.Build.0 = Release|Any CPU
		{7697EBDC-A4F2-49B1-AF91-79031516E679}.Release|x64.ActiveCfg = Release|Any CPU
		{7697EBDC-A4F2-49B1-AF91-79031516E679}.Release|x64.Build.0 = Release|Any CPU
		{7697EBDC-A4F2-49B1-AF91-79031516E679}.Release|x86.ActiveCfg = Release|Any CPU
		{7697EBDC-A4F2-49B1-AF91-79031516E679}.Release|x86.Build.0 = Release|Any CPU
		{171F8AA4-2CEC-4630-9F2C-7297FB73827F}.Ad-Hoc|Any CPU.ActiveCfg = Debug|Any CPU
		{171F8AA4-2CEC-4630-9F2C-7297FB73827F}.Ad-Hoc|Any CPU.Build.0 = Debug|Any CPU
		{171F8AA4-2CEC-4630-9F2C-7297FB73827F}.Ad-Hoc|ARM.ActiveCfg = Debug|Any CPU
		{171F8AA4-2CEC-4630-9F2C-7297FB73827F}.Ad-Hoc|ARM.Build.0 = Debug|Any CPU
		{171F8AA4-2CEC-4630-9F2C-7297FB73827F}.Ad-Hoc|ARM64.ActiveCfg = Debug|Any CPU
		{171F8AA4-2CEC-4630-9F2C-7297FB73827F}.Ad-Hoc|ARM64.Build.0 = Debug|Any CPU
		{171F8AA4-2CEC-4630-9F2C-7297FB73827F}.Ad-Hoc|iPhone.ActiveCfg = Debug|Any CPU
		{171F8AA4-2CEC-4630-9F2C-7297FB73827F}.Ad-Hoc|iPhone.Build.0 = Debug|Any CPU
		{171F8AA4-2CEC-4630-9F2C-7297FB73827F}.Ad-Hoc|iPhoneSimulator.ActiveCfg = Debug|Any CPU
		{171F8AA4-2CEC-4630-9F2C-7297FB73827F}.Ad-Hoc|iPhoneSimulator.Build.0 = Debug|Any CPU
		{171F8AA4-2CEC-4630-9F2C-7297FB73827F}.Ad-Hoc|x64.ActiveCfg = Debug|Any CPU
		{171F8AA4-2CEC-4630-9F2C-7297FB73827F}.Ad-Hoc|x64.Build.0 = Debug|Any CPU
		{171F8AA4-2CEC-4630-9F2C-7297FB73827F}.Ad-Hoc|x86.ActiveCfg = Debug|Any CPU
		{171F8AA4-2CEC-4630-9F2C-7297FB73827F}.Ad-Hoc|x86.Build.0 = Debug|Any CPU
		{171F8AA4-2CEC-4630-9F2C-7297FB73827F}.AppStore|Any CPU.ActiveCfg = Debug|Any CPU
		{171F8AA4-2CEC-4630-9F2C-7297FB73827F}.AppStore|Any CPU.Build.0 = Debug|Any CPU
		{171F8AA4-2CEC-4630-9F2C-7297FB73827F}.AppStore|ARM.ActiveCfg = Debug|Any CPU
		{171F8AA4-2CEC-4630-9F2C-7297FB73827F}.AppStore|ARM.Build.0 = Debug|Any CPU
		{171F8AA4-2CEC-4630-9F2C-7297FB73827F}.AppStore|ARM64.ActiveCfg = Debug|Any CPU
		{171F8AA4-2CEC-4630-9F2C-7297FB73827F}.AppStore|ARM64.Build.0 = Debug|Any CPU
		{171F8AA4-2CEC-4630-9F2C-7297FB73827F}.AppStore|iPhone.ActiveCfg = Debug|Any CPU
		{171F8AA4-2CEC-4630-9F2C-7297FB73827F}.AppStore|iPhone.Build.0 = Debug|Any CPU
		{171F8AA4-2CEC-4630-9F2C-7297FB73827F}.AppStore|iPhoneSimulator.ActiveCfg = Debug|Any CPU
		{171F8AA4-2CEC-4630-9F2C-7297FB73827F}.AppStore|iPhoneSimulator.Build.0 = Debug|Any CPU
		{171F8AA4-2CEC-4630-9F2C-7297FB73827F}.AppStore|x64.ActiveCfg = Debug|Any CPU
		{171F8AA4-2CEC-4630-9F2C-7297FB73827F}.AppStore|x64.Build.0 = Debug|Any CPU
		{171F8AA4-2CEC-4630-9F2C-7297FB73827F}.AppStore|x86.ActiveCfg = Debug|Any CPU
		{171F8AA4-2CEC-4630-9F2C-7297FB73827F}.AppStore|x86.Build.0 = Debug|Any CPU
		{171F8AA4-2CEC-4630-9F2C-7297FB73827F}.Debug|Any CPU.ActiveCfg = Debug|Any CPU
		{171F8AA4-2CEC-4630-9F2C-7297FB73827F}.Debug|Any CPU.Build.0 = Debug|Any CPU
		{171F8AA4-2CEC-4630-9F2C-7297FB73827F}.Debug|ARM.ActiveCfg = Debug|Any CPU
		{171F8AA4-2CEC-4630-9F2C-7297FB73827F}.Debug|ARM.Build.0 = Debug|Any CPU
		{171F8AA4-2CEC-4630-9F2C-7297FB73827F}.Debug|ARM64.ActiveCfg = Debug|Any CPU
		{171F8AA4-2CEC-4630-9F2C-7297FB73827F}.Debug|ARM64.Build.0 = Debug|Any CPU
		{171F8AA4-2CEC-4630-9F2C-7297FB73827F}.Debug|iPhone.ActiveCfg = Debug|Any CPU
		{171F8AA4-2CEC-4630-9F2C-7297FB73827F}.Debug|iPhone.Build.0 = Debug|Any CPU
		{171F8AA4-2CEC-4630-9F2C-7297FB73827F}.Debug|iPhoneSimulator.ActiveCfg = Debug|Any CPU
		{171F8AA4-2CEC-4630-9F2C-7297FB73827F}.Debug|iPhoneSimulator.Build.0 = Debug|Any CPU
		{171F8AA4-2CEC-4630-9F2C-7297FB73827F}.Debug|x64.ActiveCfg = Debug|Any CPU
		{171F8AA4-2CEC-4630-9F2C-7297FB73827F}.Debug|x64.Build.0 = Debug|Any CPU
		{171F8AA4-2CEC-4630-9F2C-7297FB73827F}.Debug|x86.ActiveCfg = Debug|Any CPU
		{171F8AA4-2CEC-4630-9F2C-7297FB73827F}.Debug|x86.Build.0 = Debug|Any CPU
		{171F8AA4-2CEC-4630-9F2C-7297FB73827F}.Release|Any CPU.ActiveCfg = Release|Any CPU
		{171F8AA4-2CEC-4630-9F2C-7297FB73827F}.Release|Any CPU.Build.0 = Release|Any CPU
		{171F8AA4-2CEC-4630-9F2C-7297FB73827F}.Release|ARM.ActiveCfg = Release|Any CPU
		{171F8AA4-2CEC-4630-9F2C-7297FB73827F}.Release|ARM.Build.0 = Release|Any CPU
		{171F8AA4-2CEC-4630-9F2C-7297FB73827F}.Release|ARM64.ActiveCfg = Release|Any CPU
		{171F8AA4-2CEC-4630-9F2C-7297FB73827F}.Release|ARM64.Build.0 = Release|Any CPU
		{171F8AA4-2CEC-4630-9F2C-7297FB73827F}.Release|iPhone.ActiveCfg = Release|Any CPU
		{171F8AA4-2CEC-4630-9F2C-7297FB73827F}.Release|iPhone.Build.0 = Release|Any CPU
		{171F8AA4-2CEC-4630-9F2C-7297FB73827F}.Release|iPhoneSimulator.ActiveCfg = Release|Any CPU
		{171F8AA4-2CEC-4630-9F2C-7297FB73827F}.Release|iPhoneSimulator.Build.0 = Release|Any CPU
		{171F8AA4-2CEC-4630-9F2C-7297FB73827F}.Release|x64.ActiveCfg = Release|Any CPU
		{171F8AA4-2CEC-4630-9F2C-7297FB73827F}.Release|x64.Build.0 = Release|Any CPU
		{171F8AA4-2CEC-4630-9F2C-7297FB73827F}.Release|x86.ActiveCfg = Release|Any CPU
		{171F8AA4-2CEC-4630-9F2C-7297FB73827F}.Release|x86.Build.0 = Release|Any CPU
		{CEF167D7-B37A-4D82-B004-3E2B6181257B}.Ad-Hoc|Any CPU.ActiveCfg = Debug|Any CPU
		{CEF167D7-B37A-4D82-B004-3E2B6181257B}.Ad-Hoc|Any CPU.Build.0 = Debug|Any CPU
		{CEF167D7-B37A-4D82-B004-3E2B6181257B}.Ad-Hoc|ARM.ActiveCfg = Debug|Any CPU
		{CEF167D7-B37A-4D82-B004-3E2B6181257B}.Ad-Hoc|ARM.Build.0 = Debug|Any CPU
		{CEF167D7-B37A-4D82-B004-3E2B6181257B}.Ad-Hoc|ARM64.ActiveCfg = Debug|Any CPU
		{CEF167D7-B37A-4D82-B004-3E2B6181257B}.Ad-Hoc|ARM64.Build.0 = Debug|Any CPU
		{CEF167D7-B37A-4D82-B004-3E2B6181257B}.Ad-Hoc|iPhone.ActiveCfg = Debug|Any CPU
		{CEF167D7-B37A-4D82-B004-3E2B6181257B}.Ad-Hoc|iPhone.Build.0 = Debug|Any CPU
		{CEF167D7-B37A-4D82-B004-3E2B6181257B}.Ad-Hoc|iPhoneSimulator.ActiveCfg = Debug|Any CPU
		{CEF167D7-B37A-4D82-B004-3E2B6181257B}.Ad-Hoc|iPhoneSimulator.Build.0 = Debug|Any CPU
		{CEF167D7-B37A-4D82-B004-3E2B6181257B}.Ad-Hoc|x64.ActiveCfg = Debug|Any CPU
		{CEF167D7-B37A-4D82-B004-3E2B6181257B}.Ad-Hoc|x64.Build.0 = Debug|Any CPU
		{CEF167D7-B37A-4D82-B004-3E2B6181257B}.Ad-Hoc|x86.ActiveCfg = Debug|Any CPU
		{CEF167D7-B37A-4D82-B004-3E2B6181257B}.Ad-Hoc|x86.Build.0 = Debug|Any CPU
		{CEF167D7-B37A-4D82-B004-3E2B6181257B}.AppStore|Any CPU.ActiveCfg = Debug|Any CPU
		{CEF167D7-B37A-4D82-B004-3E2B6181257B}.AppStore|Any CPU.Build.0 = Debug|Any CPU
		{CEF167D7-B37A-4D82-B004-3E2B6181257B}.AppStore|ARM.ActiveCfg = Debug|Any CPU
		{CEF167D7-B37A-4D82-B004-3E2B6181257B}.AppStore|ARM.Build.0 = Debug|Any CPU
		{CEF167D7-B37A-4D82-B004-3E2B6181257B}.AppStore|ARM64.ActiveCfg = Debug|Any CPU
		{CEF167D7-B37A-4D82-B004-3E2B6181257B}.AppStore|ARM64.Build.0 = Debug|Any CPU
		{CEF167D7-B37A-4D82-B004-3E2B6181257B}.AppStore|iPhone.ActiveCfg = Debug|Any CPU
		{CEF167D7-B37A-4D82-B004-3E2B6181257B}.AppStore|iPhone.Build.0 = Debug|Any CPU
		{CEF167D7-B37A-4D82-B004-3E2B6181257B}.AppStore|iPhoneSimulator.ActiveCfg = Debug|Any CPU
		{CEF167D7-B37A-4D82-B004-3E2B6181257B}.AppStore|iPhoneSimulator.Build.0 = Debug|Any CPU
		{CEF167D7-B37A-4D82-B004-3E2B6181257B}.AppStore|x64.ActiveCfg = Debug|Any CPU
		{CEF167D7-B37A-4D82-B004-3E2B6181257B}.AppStore|x64.Build.0 = Debug|Any CPU
		{CEF167D7-B37A-4D82-B004-3E2B6181257B}.AppStore|x86.ActiveCfg = Debug|Any CPU
		{CEF167D7-B37A-4D82-B004-3E2B6181257B}.AppStore|x86.Build.0 = Debug|Any CPU
		{CEF167D7-B37A-4D82-B004-3E2B6181257B}.Debug|Any CPU.ActiveCfg = Debug|Any CPU
		{CEF167D7-B37A-4D82-B004-3E2B6181257B}.Debug|Any CPU.Build.0 = Debug|Any CPU
		{CEF167D7-B37A-4D82-B004-3E2B6181257B}.Debug|ARM.ActiveCfg = Debug|Any CPU
		{CEF167D7-B37A-4D82-B004-3E2B6181257B}.Debug|ARM.Build.0 = Debug|Any CPU
		{CEF167D7-B37A-4D82-B004-3E2B6181257B}.Debug|ARM64.ActiveCfg = Debug|Any CPU
		{CEF167D7-B37A-4D82-B004-3E2B6181257B}.Debug|ARM64.Build.0 = Debug|Any CPU
		{CEF167D7-B37A-4D82-B004-3E2B6181257B}.Debug|iPhone.ActiveCfg = Debug|Any CPU
		{CEF167D7-B37A-4D82-B004-3E2B6181257B}.Debug|iPhone.Build.0 = Debug|Any CPU
		{CEF167D7-B37A-4D82-B004-3E2B6181257B}.Debug|iPhoneSimulator.ActiveCfg = Debug|Any CPU
		{CEF167D7-B37A-4D82-B004-3E2B6181257B}.Debug|iPhoneSimulator.Build.0 = Debug|Any CPU
		{CEF167D7-B37A-4D82-B004-3E2B6181257B}.Debug|x64.ActiveCfg = Debug|Any CPU
		{CEF167D7-B37A-4D82-B004-3E2B6181257B}.Debug|x64.Build.0 = Debug|Any CPU
		{CEF167D7-B37A-4D82-B004-3E2B6181257B}.Debug|x86.ActiveCfg = Debug|Any CPU
		{CEF167D7-B37A-4D82-B004-3E2B6181257B}.Debug|x86.Build.0 = Debug|Any CPU
		{CEF167D7-B37A-4D82-B004-3E2B6181257B}.Release|Any CPU.ActiveCfg = Release|Any CPU
		{CEF167D7-B37A-4D82-B004-3E2B6181257B}.Release|Any CPU.Build.0 = Release|Any CPU
		{CEF167D7-B37A-4D82-B004-3E2B6181257B}.Release|ARM.ActiveCfg = Release|Any CPU
		{CEF167D7-B37A-4D82-B004-3E2B6181257B}.Release|ARM.Build.0 = Release|Any CPU
		{CEF167D7-B37A-4D82-B004-3E2B6181257B}.Release|ARM64.ActiveCfg = Release|Any CPU
		{CEF167D7-B37A-4D82-B004-3E2B6181257B}.Release|ARM64.Build.0 = Release|Any CPU
		{CEF167D7-B37A-4D82-B004-3E2B6181257B}.Release|iPhone.ActiveCfg = Release|Any CPU
		{CEF167D7-B37A-4D82-B004-3E2B6181257B}.Release|iPhone.Build.0 = Release|Any CPU
		{CEF167D7-B37A-4D82-B004-3E2B6181257B}.Release|iPhoneSimulator.ActiveCfg = Release|Any CPU
		{CEF167D7-B37A-4D82-B004-3E2B6181257B}.Release|iPhoneSimulator.Build.0 = Release|Any CPU
		{CEF167D7-B37A-4D82-B004-3E2B6181257B}.Release|x64.ActiveCfg = Release|Any CPU
		{CEF167D7-B37A-4D82-B004-3E2B6181257B}.Release|x64.Build.0 = Release|Any CPU
		{CEF167D7-B37A-4D82-B004-3E2B6181257B}.Release|x86.ActiveCfg = Release|Any CPU
		{CEF167D7-B37A-4D82-B004-3E2B6181257B}.Release|x86.Build.0 = Release|Any CPU
		{898C295C-684B-4AD1-8F6E-F0F0F1662DD0}.Ad-Hoc|Any CPU.ActiveCfg = Debug|Any CPU
		{898C295C-684B-4AD1-8F6E-F0F0F1662DD0}.Ad-Hoc|Any CPU.Build.0 = Debug|Any CPU
		{898C295C-684B-4AD1-8F6E-F0F0F1662DD0}.Ad-Hoc|ARM.ActiveCfg = Debug|Any CPU
		{898C295C-684B-4AD1-8F6E-F0F0F1662DD0}.Ad-Hoc|ARM.Build.0 = Debug|Any CPU
		{898C295C-684B-4AD1-8F6E-F0F0F1662DD0}.Ad-Hoc|ARM64.ActiveCfg = Debug|Any CPU
		{898C295C-684B-4AD1-8F6E-F0F0F1662DD0}.Ad-Hoc|ARM64.Build.0 = Debug|Any CPU
		{898C295C-684B-4AD1-8F6E-F0F0F1662DD0}.Ad-Hoc|iPhone.ActiveCfg = Debug|Any CPU
		{898C295C-684B-4AD1-8F6E-F0F0F1662DD0}.Ad-Hoc|iPhone.Build.0 = Debug|Any CPU
		{898C295C-684B-4AD1-8F6E-F0F0F1662DD0}.Ad-Hoc|iPhoneSimulator.ActiveCfg = Debug|Any CPU
		{898C295C-684B-4AD1-8F6E-F0F0F1662DD0}.Ad-Hoc|iPhoneSimulator.Build.0 = Debug|Any CPU
		{898C295C-684B-4AD1-8F6E-F0F0F1662DD0}.Ad-Hoc|x64.ActiveCfg = Debug|Any CPU
		{898C295C-684B-4AD1-8F6E-F0F0F1662DD0}.Ad-Hoc|x64.Build.0 = Debug|Any CPU
		{898C295C-684B-4AD1-8F6E-F0F0F1662DD0}.Ad-Hoc|x86.ActiveCfg = Debug|Any CPU
		{898C295C-684B-4AD1-8F6E-F0F0F1662DD0}.Ad-Hoc|x86.Build.0 = Debug|Any CPU
		{898C295C-684B-4AD1-8F6E-F0F0F1662DD0}.AppStore|Any CPU.ActiveCfg = Debug|Any CPU
		{898C295C-684B-4AD1-8F6E-F0F0F1662DD0}.AppStore|Any CPU.Build.0 = Debug|Any CPU
		{898C295C-684B-4AD1-8F6E-F0F0F1662DD0}.AppStore|ARM.ActiveCfg = Debug|Any CPU
		{898C295C-684B-4AD1-8F6E-F0F0F1662DD0}.AppStore|ARM.Build.0 = Debug|Any CPU
		{898C295C-684B-4AD1-8F6E-F0F0F1662DD0}.AppStore|ARM64.ActiveCfg = Debug|Any CPU
		{898C295C-684B-4AD1-8F6E-F0F0F1662DD0}.AppStore|ARM64.Build.0 = Debug|Any CPU
		{898C295C-684B-4AD1-8F6E-F0F0F1662DD0}.AppStore|iPhone.ActiveCfg = Debug|Any CPU
		{898C295C-684B-4AD1-8F6E-F0F0F1662DD0}.AppStore|iPhone.Build.0 = Debug|Any CPU
		{898C295C-684B-4AD1-8F6E-F0F0F1662DD0}.AppStore|iPhoneSimulator.ActiveCfg = Debug|Any CPU
		{898C295C-684B-4AD1-8F6E-F0F0F1662DD0}.AppStore|iPhoneSimulator.Build.0 = Debug|Any CPU
		{898C295C-684B-4AD1-8F6E-F0F0F1662DD0}.AppStore|x64.ActiveCfg = Debug|Any CPU
		{898C295C-684B-4AD1-8F6E-F0F0F1662DD0}.AppStore|x64.Build.0 = Debug|Any CPU
		{898C295C-684B-4AD1-8F6E-F0F0F1662DD0}.AppStore|x86.ActiveCfg = Debug|Any CPU
		{898C295C-684B-4AD1-8F6E-F0F0F1662DD0}.AppStore|x86.Build.0 = Debug|Any CPU
		{898C295C-684B-4AD1-8F6E-F0F0F1662DD0}.Debug|Any CPU.ActiveCfg = Debug|Any CPU
		{898C295C-684B-4AD1-8F6E-F0F0F1662DD0}.Debug|Any CPU.Build.0 = Debug|Any CPU
		{898C295C-684B-4AD1-8F6E-F0F0F1662DD0}.Debug|ARM.ActiveCfg = Debug|Any CPU
		{898C295C-684B-4AD1-8F6E-F0F0F1662DD0}.Debug|ARM.Build.0 = Debug|Any CPU
		{898C295C-684B-4AD1-8F6E-F0F0F1662DD0}.Debug|ARM64.ActiveCfg = Debug|Any CPU
		{898C295C-684B-4AD1-8F6E-F0F0F1662DD0}.Debug|ARM64.Build.0 = Debug|Any CPU
		{898C295C-684B-4AD1-8F6E-F0F0F1662DD0}.Debug|iPhone.ActiveCfg = Debug|Any CPU
		{898C295C-684B-4AD1-8F6E-F0F0F1662DD0}.Debug|iPhone.Build.0 = Debug|Any CPU
		{898C295C-684B-4AD1-8F6E-F0F0F1662DD0}.Debug|iPhoneSimulator.ActiveCfg = Debug|Any CPU
		{898C295C-684B-4AD1-8F6E-F0F0F1662DD0}.Debug|iPhoneSimulator.Build.0 = Debug|Any CPU
		{898C295C-684B-4AD1-8F6E-F0F0F1662DD0}.Debug|x64.ActiveCfg = Debug|Any CPU
		{898C295C-684B-4AD1-8F6E-F0F0F1662DD0}.Debug|x64.Build.0 = Debug|Any CPU
		{898C295C-684B-4AD1-8F6E-F0F0F1662DD0}.Debug|x86.ActiveCfg = Debug|Any CPU
		{898C295C-684B-4AD1-8F6E-F0F0F1662DD0}.Debug|x86.Build.0 = Debug|Any CPU
		{898C295C-684B-4AD1-8F6E-F0F0F1662DD0}.Release|Any CPU.ActiveCfg = Release|Any CPU
		{898C295C-684B-4AD1-8F6E-F0F0F1662DD0}.Release|Any CPU.Build.0 = Release|Any CPU
		{898C295C-684B-4AD1-8F6E-F0F0F1662DD0}.Release|ARM.ActiveCfg = Release|Any CPU
		{898C295C-684B-4AD1-8F6E-F0F0F1662DD0}.Release|ARM.Build.0 = Release|Any CPU
		{898C295C-684B-4AD1-8F6E-F0F0F1662DD0}.Release|ARM64.ActiveCfg = Release|Any CPU
		{898C295C-684B-4AD1-8F6E-F0F0F1662DD0}.Release|ARM64.Build.0 = Release|Any CPU
		{898C295C-684B-4AD1-8F6E-F0F0F1662DD0}.Release|iPhone.ActiveCfg = Release|Any CPU
		{898C295C-684B-4AD1-8F6E-F0F0F1662DD0}.Release|iPhone.Build.0 = Release|Any CPU
		{898C295C-684B-4AD1-8F6E-F0F0F1662DD0}.Release|iPhoneSimulator.ActiveCfg = Release|Any CPU
		{898C295C-684B-4AD1-8F6E-F0F0F1662DD0}.Release|iPhoneSimulator.Build.0 = Release|Any CPU
		{898C295C-684B-4AD1-8F6E-F0F0F1662DD0}.Release|x64.ActiveCfg = Release|Any CPU
		{898C295C-684B-4AD1-8F6E-F0F0F1662DD0}.Release|x64.Build.0 = Release|Any CPU
		{898C295C-684B-4AD1-8F6E-F0F0F1662DD0}.Release|x86.ActiveCfg = Release|Any CPU
		{898C295C-684B-4AD1-8F6E-F0F0F1662DD0}.Release|x86.Build.0 = Release|Any CPU
		{BFA7A1AF-F35D-48D0-BD4A-155287C0BF40}.Ad-Hoc|Any CPU.ActiveCfg = Debug|Any CPU
		{BFA7A1AF-F35D-48D0-BD4A-155287C0BF40}.Ad-Hoc|Any CPU.Build.0 = Debug|Any CPU
		{BFA7A1AF-F35D-48D0-BD4A-155287C0BF40}.Ad-Hoc|ARM.ActiveCfg = Debug|Any CPU
		{BFA7A1AF-F35D-48D0-BD4A-155287C0BF40}.Ad-Hoc|ARM.Build.0 = Debug|Any CPU
		{BFA7A1AF-F35D-48D0-BD4A-155287C0BF40}.Ad-Hoc|ARM64.ActiveCfg = Debug|Any CPU
		{BFA7A1AF-F35D-48D0-BD4A-155287C0BF40}.Ad-Hoc|ARM64.Build.0 = Debug|Any CPU
		{BFA7A1AF-F35D-48D0-BD4A-155287C0BF40}.Ad-Hoc|iPhone.ActiveCfg = Debug|Any CPU
		{BFA7A1AF-F35D-48D0-BD4A-155287C0BF40}.Ad-Hoc|iPhone.Build.0 = Debug|Any CPU
		{BFA7A1AF-F35D-48D0-BD4A-155287C0BF40}.Ad-Hoc|iPhoneSimulator.ActiveCfg = Debug|Any CPU
		{BFA7A1AF-F35D-48D0-BD4A-155287C0BF40}.Ad-Hoc|iPhoneSimulator.Build.0 = Debug|Any CPU
		{BFA7A1AF-F35D-48D0-BD4A-155287C0BF40}.Ad-Hoc|x64.ActiveCfg = Debug|Any CPU
		{BFA7A1AF-F35D-48D0-BD4A-155287C0BF40}.Ad-Hoc|x64.Build.0 = Debug|Any CPU
		{BFA7A1AF-F35D-48D0-BD4A-155287C0BF40}.Ad-Hoc|x86.ActiveCfg = Debug|Any CPU
		{BFA7A1AF-F35D-48D0-BD4A-155287C0BF40}.Ad-Hoc|x86.Build.0 = Debug|Any CPU
		{BFA7A1AF-F35D-48D0-BD4A-155287C0BF40}.AppStore|Any CPU.ActiveCfg = Debug|Any CPU
		{BFA7A1AF-F35D-48D0-BD4A-155287C0BF40}.AppStore|Any CPU.Build.0 = Debug|Any CPU
		{BFA7A1AF-F35D-48D0-BD4A-155287C0BF40}.AppStore|ARM.ActiveCfg = Debug|Any CPU
		{BFA7A1AF-F35D-48D0-BD4A-155287C0BF40}.AppStore|ARM.Build.0 = Debug|Any CPU
		{BFA7A1AF-F35D-48D0-BD4A-155287C0BF40}.AppStore|ARM64.ActiveCfg = Debug|Any CPU
		{BFA7A1AF-F35D-48D0-BD4A-155287C0BF40}.AppStore|ARM64.Build.0 = Debug|Any CPU
		{BFA7A1AF-F35D-48D0-BD4A-155287C0BF40}.AppStore|iPhone.ActiveCfg = Debug|Any CPU
		{BFA7A1AF-F35D-48D0-BD4A-155287C0BF40}.AppStore|iPhone.Build.0 = Debug|Any CPU
		{BFA7A1AF-F35D-48D0-BD4A-155287C0BF40}.AppStore|iPhoneSimulator.ActiveCfg = Debug|Any CPU
		{BFA7A1AF-F35D-48D0-BD4A-155287C0BF40}.AppStore|iPhoneSimulator.Build.0 = Debug|Any CPU
		{BFA7A1AF-F35D-48D0-BD4A-155287C0BF40}.AppStore|x64.ActiveCfg = Debug|Any CPU
		{BFA7A1AF-F35D-48D0-BD4A-155287C0BF40}.AppStore|x64.Build.0 = Debug|Any CPU
		{BFA7A1AF-F35D-48D0-BD4A-155287C0BF40}.AppStore|x86.ActiveCfg = Debug|Any CPU
		{BFA7A1AF-F35D-48D0-BD4A-155287C0BF40}.AppStore|x86.Build.0 = Debug|Any CPU
		{BFA7A1AF-F35D-48D0-BD4A-155287C0BF40}.Debug|Any CPU.ActiveCfg = Debug|Any CPU
		{BFA7A1AF-F35D-48D0-BD4A-155287C0BF40}.Debug|Any CPU.Build.0 = Debug|Any CPU
		{BFA7A1AF-F35D-48D0-BD4A-155287C0BF40}.Debug|ARM.ActiveCfg = Debug|Any CPU
		{BFA7A1AF-F35D-48D0-BD4A-155287C0BF40}.Debug|ARM.Build.0 = Debug|Any CPU
		{BFA7A1AF-F35D-48D0-BD4A-155287C0BF40}.Debug|ARM64.ActiveCfg = Debug|Any CPU
		{BFA7A1AF-F35D-48D0-BD4A-155287C0BF40}.Debug|ARM64.Build.0 = Debug|Any CPU
		{BFA7A1AF-F35D-48D0-BD4A-155287C0BF40}.Debug|iPhone.ActiveCfg = Debug|Any CPU
		{BFA7A1AF-F35D-48D0-BD4A-155287C0BF40}.Debug|iPhone.Build.0 = Debug|Any CPU
		{BFA7A1AF-F35D-48D0-BD4A-155287C0BF40}.Debug|iPhoneSimulator.ActiveCfg = Debug|Any CPU
		{BFA7A1AF-F35D-48D0-BD4A-155287C0BF40}.Debug|iPhoneSimulator.Build.0 = Debug|Any CPU
		{BFA7A1AF-F35D-48D0-BD4A-155287C0BF40}.Debug|x64.ActiveCfg = Debug|Any CPU
		{BFA7A1AF-F35D-48D0-BD4A-155287C0BF40}.Debug|x64.Build.0 = Debug|Any CPU
		{BFA7A1AF-F35D-48D0-BD4A-155287C0BF40}.Debug|x86.ActiveCfg = Debug|Any CPU
		{BFA7A1AF-F35D-48D0-BD4A-155287C0BF40}.Debug|x86.Build.0 = Debug|Any CPU
		{BFA7A1AF-F35D-48D0-BD4A-155287C0BF40}.Release|Any CPU.ActiveCfg = Release|Any CPU
		{BFA7A1AF-F35D-48D0-BD4A-155287C0BF40}.Release|Any CPU.Build.0 = Release|Any CPU
		{BFA7A1AF-F35D-48D0-BD4A-155287C0BF40}.Release|ARM.ActiveCfg = Release|Any CPU
		{BFA7A1AF-F35D-48D0-BD4A-155287C0BF40}.Release|ARM.Build.0 = Release|Any CPU
		{BFA7A1AF-F35D-48D0-BD4A-155287C0BF40}.Release|ARM64.ActiveCfg = Release|Any CPU
		{BFA7A1AF-F35D-48D0-BD4A-155287C0BF40}.Release|ARM64.Build.0 = Release|Any CPU
		{BFA7A1AF-F35D-48D0-BD4A-155287C0BF40}.Release|iPhone.ActiveCfg = Release|Any CPU
		{BFA7A1AF-F35D-48D0-BD4A-155287C0BF40}.Release|iPhone.Build.0 = Release|Any CPU
		{BFA7A1AF-F35D-48D0-BD4A-155287C0BF40}.Release|iPhoneSimulator.ActiveCfg = Release|Any CPU
		{BFA7A1AF-F35D-48D0-BD4A-155287C0BF40}.Release|iPhoneSimulator.Build.0 = Release|Any CPU
		{BFA7A1AF-F35D-48D0-BD4A-155287C0BF40}.Release|x64.ActiveCfg = Release|Any CPU
		{BFA7A1AF-F35D-48D0-BD4A-155287C0BF40}.Release|x64.Build.0 = Release|Any CPU
		{BFA7A1AF-F35D-48D0-BD4A-155287C0BF40}.Release|x86.ActiveCfg = Release|Any CPU
		{BFA7A1AF-F35D-48D0-BD4A-155287C0BF40}.Release|x86.Build.0 = Release|Any CPU
		{7DF3AA5E-1423-4FD9-BF38-B421BCEBB9DB}.Ad-Hoc|Any CPU.ActiveCfg = Debug|Any CPU
		{7DF3AA5E-1423-4FD9-BF38-B421BCEBB9DB}.Ad-Hoc|Any CPU.Build.0 = Debug|Any CPU
		{7DF3AA5E-1423-4FD9-BF38-B421BCEBB9DB}.Ad-Hoc|ARM.ActiveCfg = Debug|Any CPU
		{7DF3AA5E-1423-4FD9-BF38-B421BCEBB9DB}.Ad-Hoc|ARM.Build.0 = Debug|Any CPU
		{7DF3AA5E-1423-4FD9-BF38-B421BCEBB9DB}.Ad-Hoc|ARM64.ActiveCfg = Debug|Any CPU
		{7DF3AA5E-1423-4FD9-BF38-B421BCEBB9DB}.Ad-Hoc|ARM64.Build.0 = Debug|Any CPU
		{7DF3AA5E-1423-4FD9-BF38-B421BCEBB9DB}.Ad-Hoc|iPhone.ActiveCfg = Debug|Any CPU
		{7DF3AA5E-1423-4FD9-BF38-B421BCEBB9DB}.Ad-Hoc|iPhone.Build.0 = Debug|Any CPU
		{7DF3AA5E-1423-4FD9-BF38-B421BCEBB9DB}.Ad-Hoc|iPhoneSimulator.ActiveCfg = Debug|Any CPU
		{7DF3AA5E-1423-4FD9-BF38-B421BCEBB9DB}.Ad-Hoc|iPhoneSimulator.Build.0 = Debug|Any CPU
		{7DF3AA5E-1423-4FD9-BF38-B421BCEBB9DB}.Ad-Hoc|x64.ActiveCfg = Debug|Any CPU
		{7DF3AA5E-1423-4FD9-BF38-B421BCEBB9DB}.Ad-Hoc|x64.Build.0 = Debug|Any CPU
		{7DF3AA5E-1423-4FD9-BF38-B421BCEBB9DB}.Ad-Hoc|x86.ActiveCfg = Debug|Any CPU
		{7DF3AA5E-1423-4FD9-BF38-B421BCEBB9DB}.Ad-Hoc|x86.Build.0 = Debug|Any CPU
		{7DF3AA5E-1423-4FD9-BF38-B421BCEBB9DB}.AppStore|Any CPU.ActiveCfg = Debug|Any CPU
		{7DF3AA5E-1423-4FD9-BF38-B421BCEBB9DB}.AppStore|Any CPU.Build.0 = Debug|Any CPU
		{7DF3AA5E-1423-4FD9-BF38-B421BCEBB9DB}.AppStore|ARM.ActiveCfg = Debug|Any CPU
		{7DF3AA5E-1423-4FD9-BF38-B421BCEBB9DB}.AppStore|ARM.Build.0 = Debug|Any CPU
		{7DF3AA5E-1423-4FD9-BF38-B421BCEBB9DB}.AppStore|ARM64.ActiveCfg = Debug|Any CPU
		{7DF3AA5E-1423-4FD9-BF38-B421BCEBB9DB}.AppStore|ARM64.Build.0 = Debug|Any CPU
		{7DF3AA5E-1423-4FD9-BF38-B421BCEBB9DB}.AppStore|iPhone.ActiveCfg = Debug|Any CPU
		{7DF3AA5E-1423-4FD9-BF38-B421BCEBB9DB}.AppStore|iPhone.Build.0 = Debug|Any CPU
		{7DF3AA5E-1423-4FD9-BF38-B421BCEBB9DB}.AppStore|iPhoneSimulator.ActiveCfg = Debug|Any CPU
		{7DF3AA5E-1423-4FD9-BF38-B421BCEBB9DB}.AppStore|iPhoneSimulator.Build.0 = Debug|Any CPU
		{7DF3AA5E-1423-4FD9-BF38-B421BCEBB9DB}.AppStore|x64.ActiveCfg = Debug|Any CPU
		{7DF3AA5E-1423-4FD9-BF38-B421BCEBB9DB}.AppStore|x64.Build.0 = Debug|Any CPU
		{7DF3AA5E-1423-4FD9-BF38-B421BCEBB9DB}.AppStore|x86.ActiveCfg = Debug|Any CPU
		{7DF3AA5E-1423-4FD9-BF38-B421BCEBB9DB}.AppStore|x86.Build.0 = Debug|Any CPU
		{7DF3AA5E-1423-4FD9-BF38-B421BCEBB9DB}.Debug|Any CPU.ActiveCfg = Debug|Any CPU
		{7DF3AA5E-1423-4FD9-BF38-B421BCEBB9DB}.Debug|Any CPU.Build.0 = Debug|Any CPU
		{7DF3AA5E-1423-4FD9-BF38-B421BCEBB9DB}.Debug|ARM.ActiveCfg = Debug|Any CPU
		{7DF3AA5E-1423-4FD9-BF38-B421BCEBB9DB}.Debug|ARM.Build.0 = Debug|Any CPU
		{7DF3AA5E-1423-4FD9-BF38-B421BCEBB9DB}.Debug|ARM64.ActiveCfg = Debug|Any CPU
		{7DF3AA5E-1423-4FD9-BF38-B421BCEBB9DB}.Debug|ARM64.Build.0 = Debug|Any CPU
		{7DF3AA5E-1423-4FD9-BF38-B421BCEBB9DB}.Debug|iPhone.ActiveCfg = Debug|Any CPU
		{7DF3AA5E-1423-4FD9-BF38-B421BCEBB9DB}.Debug|iPhone.Build.0 = Debug|Any CPU
		{7DF3AA5E-1423-4FD9-BF38-B421BCEBB9DB}.Debug|iPhoneSimulator.ActiveCfg = Debug|Any CPU
		{7DF3AA5E-1423-4FD9-BF38-B421BCEBB9DB}.Debug|iPhoneSimulator.Build.0 = Debug|Any CPU
		{7DF3AA5E-1423-4FD9-BF38-B421BCEBB9DB}.Debug|x64.ActiveCfg = Debug|Any CPU
		{7DF3AA5E-1423-4FD9-BF38-B421BCEBB9DB}.Debug|x64.Build.0 = Debug|Any CPU
		{7DF3AA5E-1423-4FD9-BF38-B421BCEBB9DB}.Debug|x86.ActiveCfg = Debug|Any CPU
		{7DF3AA5E-1423-4FD9-BF38-B421BCEBB9DB}.Debug|x86.Build.0 = Debug|Any CPU
		{7DF3AA5E-1423-4FD9-BF38-B421BCEBB9DB}.Release|Any CPU.ActiveCfg = Release|Any CPU
		{7DF3AA5E-1423-4FD9-BF38-B421BCEBB9DB}.Release|Any CPU.Build.0 = Release|Any CPU
		{7DF3AA5E-1423-4FD9-BF38-B421BCEBB9DB}.Release|ARM.ActiveCfg = Release|Any CPU
		{7DF3AA5E-1423-4FD9-BF38-B421BCEBB9DB}.Release|ARM.Build.0 = Release|Any CPU
		{7DF3AA5E-1423-4FD9-BF38-B421BCEBB9DB}.Release|ARM64.ActiveCfg = Release|Any CPU
		{7DF3AA5E-1423-4FD9-BF38-B421BCEBB9DB}.Release|ARM64.Build.0 = Release|Any CPU
		{7DF3AA5E-1423-4FD9-BF38-B421BCEBB9DB}.Release|iPhone.ActiveCfg = Release|Any CPU
		{7DF3AA5E-1423-4FD9-BF38-B421BCEBB9DB}.Release|iPhone.Build.0 = Release|Any CPU
		{7DF3AA5E-1423-4FD9-BF38-B421BCEBB9DB}.Release|iPhoneSimulator.ActiveCfg = Release|Any CPU
		{7DF3AA5E-1423-4FD9-BF38-B421BCEBB9DB}.Release|iPhoneSimulator.Build.0 = Release|Any CPU
		{7DF3AA5E-1423-4FD9-BF38-B421BCEBB9DB}.Release|x64.ActiveCfg = Release|Any CPU
		{7DF3AA5E-1423-4FD9-BF38-B421BCEBB9DB}.Release|x64.Build.0 = Release|Any CPU
		{7DF3AA5E-1423-4FD9-BF38-B421BCEBB9DB}.Release|x86.ActiveCfg = Release|Any CPU
		{7DF3AA5E-1423-4FD9-BF38-B421BCEBB9DB}.Release|x86.Build.0 = Release|Any CPU
		{5496085E-BD68-4C86-875A-B946C0A570A8}.Ad-Hoc|Any CPU.ActiveCfg = Debug|Any CPU
		{5496085E-BD68-4C86-875A-B946C0A570A8}.Ad-Hoc|Any CPU.Build.0 = Debug|Any CPU
		{5496085E-BD68-4C86-875A-B946C0A570A8}.Ad-Hoc|ARM.ActiveCfg = Debug|Any CPU
		{5496085E-BD68-4C86-875A-B946C0A570A8}.Ad-Hoc|ARM.Build.0 = Debug|Any CPU
		{5496085E-BD68-4C86-875A-B946C0A570A8}.Ad-Hoc|ARM64.ActiveCfg = Debug|Any CPU
		{5496085E-BD68-4C86-875A-B946C0A570A8}.Ad-Hoc|ARM64.Build.0 = Debug|Any CPU
		{5496085E-BD68-4C86-875A-B946C0A570A8}.Ad-Hoc|iPhone.ActiveCfg = Debug|Any CPU
		{5496085E-BD68-4C86-875A-B946C0A570A8}.Ad-Hoc|iPhone.Build.0 = Debug|Any CPU
		{5496085E-BD68-4C86-875A-B946C0A570A8}.Ad-Hoc|iPhoneSimulator.ActiveCfg = Debug|Any CPU
		{5496085E-BD68-4C86-875A-B946C0A570A8}.Ad-Hoc|iPhoneSimulator.Build.0 = Debug|Any CPU
		{5496085E-BD68-4C86-875A-B946C0A570A8}.Ad-Hoc|x64.ActiveCfg = Debug|Any CPU
		{5496085E-BD68-4C86-875A-B946C0A570A8}.Ad-Hoc|x64.Build.0 = Debug|Any CPU
		{5496085E-BD68-4C86-875A-B946C0A570A8}.Ad-Hoc|x86.ActiveCfg = Debug|Any CPU
		{5496085E-BD68-4C86-875A-B946C0A570A8}.Ad-Hoc|x86.Build.0 = Debug|Any CPU
		{5496085E-BD68-4C86-875A-B946C0A570A8}.AppStore|Any CPU.ActiveCfg = Debug|Any CPU
		{5496085E-BD68-4C86-875A-B946C0A570A8}.AppStore|Any CPU.Build.0 = Debug|Any CPU
		{5496085E-BD68-4C86-875A-B946C0A570A8}.AppStore|ARM.ActiveCfg = Debug|Any CPU
		{5496085E-BD68-4C86-875A-B946C0A570A8}.AppStore|ARM.Build.0 = Debug|Any CPU
		{5496085E-BD68-4C86-875A-B946C0A570A8}.AppStore|ARM64.ActiveCfg = Debug|Any CPU
		{5496085E-BD68-4C86-875A-B946C0A570A8}.AppStore|ARM64.Build.0 = Debug|Any CPU
		{5496085E-BD68-4C86-875A-B946C0A570A8}.AppStore|iPhone.ActiveCfg = Debug|Any CPU
		{5496085E-BD68-4C86-875A-B946C0A570A8}.AppStore|iPhone.Build.0 = Debug|Any CPU
		{5496085E-BD68-4C86-875A-B946C0A570A8}.AppStore|iPhoneSimulator.ActiveCfg = Debug|Any CPU
		{5496085E-BD68-4C86-875A-B946C0A570A8}.AppStore|iPhoneSimulator.Build.0 = Debug|Any CPU
		{5496085E-BD68-4C86-875A-B946C0A570A8}.AppStore|x64.ActiveCfg = Debug|Any CPU
		{5496085E-BD68-4C86-875A-B946C0A570A8}.AppStore|x64.Build.0 = Debug|Any CPU
		{5496085E-BD68-4C86-875A-B946C0A570A8}.AppStore|x86.ActiveCfg = Debug|Any CPU
		{5496085E-BD68-4C86-875A-B946C0A570A8}.AppStore|x86.Build.0 = Debug|Any CPU
		{5496085E-BD68-4C86-875A-B946C0A570A8}.Debug|Any CPU.ActiveCfg = Debug|Any CPU
		{5496085E-BD68-4C86-875A-B946C0A570A8}.Debug|Any CPU.Build.0 = Debug|Any CPU
		{5496085E-BD68-4C86-875A-B946C0A570A8}.Debug|ARM.ActiveCfg = Debug|Any CPU
		{5496085E-BD68-4C86-875A-B946C0A570A8}.Debug|ARM.Build.0 = Debug|Any CPU
		{5496085E-BD68-4C86-875A-B946C0A570A8}.Debug|ARM64.ActiveCfg = Debug|Any CPU
		{5496085E-BD68-4C86-875A-B946C0A570A8}.Debug|ARM64.Build.0 = Debug|Any CPU
		{5496085E-BD68-4C86-875A-B946C0A570A8}.Debug|iPhone.ActiveCfg = Debug|Any CPU
		{5496085E-BD68-4C86-875A-B946C0A570A8}.Debug|iPhone.Build.0 = Debug|Any CPU
		{5496085E-BD68-4C86-875A-B946C0A570A8}.Debug|iPhoneSimulator.ActiveCfg = Debug|Any CPU
		{5496085E-BD68-4C86-875A-B946C0A570A8}.Debug|iPhoneSimulator.Build.0 = Debug|Any CPU
		{5496085E-BD68-4C86-875A-B946C0A570A8}.Debug|x64.ActiveCfg = Debug|Any CPU
		{5496085E-BD68-4C86-875A-B946C0A570A8}.Debug|x64.Build.0 = Debug|Any CPU
		{5496085E-BD68-4C86-875A-B946C0A570A8}.Debug|x86.ActiveCfg = Debug|Any CPU
		{5496085E-BD68-4C86-875A-B946C0A570A8}.Debug|x86.Build.0 = Debug|Any CPU
		{5496085E-BD68-4C86-875A-B946C0A570A8}.Release|Any CPU.ActiveCfg = Release|Any CPU
		{5496085E-BD68-4C86-875A-B946C0A570A8}.Release|Any CPU.Build.0 = Release|Any CPU
		{5496085E-BD68-4C86-875A-B946C0A570A8}.Release|ARM.ActiveCfg = Release|Any CPU
		{5496085E-BD68-4C86-875A-B946C0A570A8}.Release|ARM.Build.0 = Release|Any CPU
		{5496085E-BD68-4C86-875A-B946C0A570A8}.Release|ARM64.ActiveCfg = Release|Any CPU
		{5496085E-BD68-4C86-875A-B946C0A570A8}.Release|ARM64.Build.0 = Release|Any CPU
		{5496085E-BD68-4C86-875A-B946C0A570A8}.Release|iPhone.ActiveCfg = Release|Any CPU
		{5496085E-BD68-4C86-875A-B946C0A570A8}.Release|iPhone.Build.0 = Release|Any CPU
		{5496085E-BD68-4C86-875A-B946C0A570A8}.Release|iPhoneSimulator.ActiveCfg = Release|Any CPU
		{5496085E-BD68-4C86-875A-B946C0A570A8}.Release|iPhoneSimulator.Build.0 = Release|Any CPU
		{5496085E-BD68-4C86-875A-B946C0A570A8}.Release|x64.ActiveCfg = Release|Any CPU
		{5496085E-BD68-4C86-875A-B946C0A570A8}.Release|x64.Build.0 = Release|Any CPU
		{5496085E-BD68-4C86-875A-B946C0A570A8}.Release|x86.ActiveCfg = Release|Any CPU
		{5496085E-BD68-4C86-875A-B946C0A570A8}.Release|x86.Build.0 = Release|Any CPU
		{216E62AF-E59F-41F6-874F-9B4A2B66DA25}.Ad-Hoc|Any CPU.ActiveCfg = Debug|Any CPU
		{216E62AF-E59F-41F6-874F-9B4A2B66DA25}.Ad-Hoc|Any CPU.Build.0 = Debug|Any CPU
		{216E62AF-E59F-41F6-874F-9B4A2B66DA25}.Ad-Hoc|ARM.ActiveCfg = Debug|Any CPU
		{216E62AF-E59F-41F6-874F-9B4A2B66DA25}.Ad-Hoc|ARM.Build.0 = Debug|Any CPU
		{216E62AF-E59F-41F6-874F-9B4A2B66DA25}.Ad-Hoc|ARM64.ActiveCfg = Debug|Any CPU
		{216E62AF-E59F-41F6-874F-9B4A2B66DA25}.Ad-Hoc|ARM64.Build.0 = Debug|Any CPU
		{216E62AF-E59F-41F6-874F-9B4A2B66DA25}.Ad-Hoc|iPhone.ActiveCfg = Debug|Any CPU
		{216E62AF-E59F-41F6-874F-9B4A2B66DA25}.Ad-Hoc|iPhone.Build.0 = Debug|Any CPU
		{216E62AF-E59F-41F6-874F-9B4A2B66DA25}.Ad-Hoc|iPhoneSimulator.ActiveCfg = Debug|Any CPU
		{216E62AF-E59F-41F6-874F-9B4A2B66DA25}.Ad-Hoc|iPhoneSimulator.Build.0 = Debug|Any CPU
		{216E62AF-E59F-41F6-874F-9B4A2B66DA25}.Ad-Hoc|x64.ActiveCfg = Debug|Any CPU
		{216E62AF-E59F-41F6-874F-9B4A2B66DA25}.Ad-Hoc|x64.Build.0 = Debug|Any CPU
		{216E62AF-E59F-41F6-874F-9B4A2B66DA25}.Ad-Hoc|x86.ActiveCfg = Debug|Any CPU
		{216E62AF-E59F-41F6-874F-9B4A2B66DA25}.Ad-Hoc|x86.Build.0 = Debug|Any CPU
		{216E62AF-E59F-41F6-874F-9B4A2B66DA25}.AppStore|Any CPU.ActiveCfg = Debug|Any CPU
		{216E62AF-E59F-41F6-874F-9B4A2B66DA25}.AppStore|Any CPU.Build.0 = Debug|Any CPU
		{216E62AF-E59F-41F6-874F-9B4A2B66DA25}.AppStore|ARM.ActiveCfg = Debug|Any CPU
		{216E62AF-E59F-41F6-874F-9B4A2B66DA25}.AppStore|ARM.Build.0 = Debug|Any CPU
		{216E62AF-E59F-41F6-874F-9B4A2B66DA25}.AppStore|ARM64.ActiveCfg = Debug|Any CPU
		{216E62AF-E59F-41F6-874F-9B4A2B66DA25}.AppStore|ARM64.Build.0 = Debug|Any CPU
		{216E62AF-E59F-41F6-874F-9B4A2B66DA25}.AppStore|iPhone.ActiveCfg = Debug|Any CPU
		{216E62AF-E59F-41F6-874F-9B4A2B66DA25}.AppStore|iPhone.Build.0 = Debug|Any CPU
		{216E62AF-E59F-41F6-874F-9B4A2B66DA25}.AppStore|iPhoneSimulator.ActiveCfg = Debug|Any CPU
		{216E62AF-E59F-41F6-874F-9B4A2B66DA25}.AppStore|iPhoneSimulator.Build.0 = Debug|Any CPU
		{216E62AF-E59F-41F6-874F-9B4A2B66DA25}.AppStore|x64.ActiveCfg = Debug|Any CPU
		{216E62AF-E59F-41F6-874F-9B4A2B66DA25}.AppStore|x64.Build.0 = Debug|Any CPU
		{216E62AF-E59F-41F6-874F-9B4A2B66DA25}.AppStore|x86.ActiveCfg = Debug|Any CPU
		{216E62AF-E59F-41F6-874F-9B4A2B66DA25}.AppStore|x86.Build.0 = Debug|Any CPU
		{216E62AF-E59F-41F6-874F-9B4A2B66DA25}.Debug|Any CPU.ActiveCfg = Debug|Any CPU
		{216E62AF-E59F-41F6-874F-9B4A2B66DA25}.Debug|Any CPU.Build.0 = Debug|Any CPU
		{216E62AF-E59F-41F6-874F-9B4A2B66DA25}.Debug|ARM.ActiveCfg = Debug|Any CPU
		{216E62AF-E59F-41F6-874F-9B4A2B66DA25}.Debug|ARM.Build.0 = Debug|Any CPU
		{216E62AF-E59F-41F6-874F-9B4A2B66DA25}.Debug|ARM64.ActiveCfg = Debug|Any CPU
		{216E62AF-E59F-41F6-874F-9B4A2B66DA25}.Debug|ARM64.Build.0 = Debug|Any CPU
		{216E62AF-E59F-41F6-874F-9B4A2B66DA25}.Debug|iPhone.ActiveCfg = Debug|Any CPU
		{216E62AF-E59F-41F6-874F-9B4A2B66DA25}.Debug|iPhone.Build.0 = Debug|Any CPU
		{216E62AF-E59F-41F6-874F-9B4A2B66DA25}.Debug|iPhoneSimulator.ActiveCfg = Debug|Any CPU
		{216E62AF-E59F-41F6-874F-9B4A2B66DA25}.Debug|iPhoneSimulator.Build.0 = Debug|Any CPU
		{216E62AF-E59F-41F6-874F-9B4A2B66DA25}.Debug|x64.ActiveCfg = Debug|Any CPU
		{216E62AF-E59F-41F6-874F-9B4A2B66DA25}.Debug|x64.Build.0 = Debug|Any CPU
		{216E62AF-E59F-41F6-874F-9B4A2B66DA25}.Debug|x86.ActiveCfg = Debug|Any CPU
		{216E62AF-E59F-41F6-874F-9B4A2B66DA25}.Debug|x86.Build.0 = Debug|Any CPU
		{216E62AF-E59F-41F6-874F-9B4A2B66DA25}.Release|Any CPU.ActiveCfg = Release|Any CPU
		{216E62AF-E59F-41F6-874F-9B4A2B66DA25}.Release|Any CPU.Build.0 = Release|Any CPU
		{216E62AF-E59F-41F6-874F-9B4A2B66DA25}.Release|ARM.ActiveCfg = Release|Any CPU
		{216E62AF-E59F-41F6-874F-9B4A2B66DA25}.Release|ARM.Build.0 = Release|Any CPU
		{216E62AF-E59F-41F6-874F-9B4A2B66DA25}.Release|ARM64.ActiveCfg = Release|Any CPU
		{216E62AF-E59F-41F6-874F-9B4A2B66DA25}.Release|ARM64.Build.0 = Release|Any CPU
		{216E62AF-E59F-41F6-874F-9B4A2B66DA25}.Release|iPhone.ActiveCfg = Release|Any CPU
		{216E62AF-E59F-41F6-874F-9B4A2B66DA25}.Release|iPhone.Build.0 = Release|Any CPU
		{216E62AF-E59F-41F6-874F-9B4A2B66DA25}.Release|iPhoneSimulator.ActiveCfg = Release|Any CPU
		{216E62AF-E59F-41F6-874F-9B4A2B66DA25}.Release|iPhoneSimulator.Build.0 = Release|Any CPU
		{216E62AF-E59F-41F6-874F-9B4A2B66DA25}.Release|x64.ActiveCfg = Release|Any CPU
		{216E62AF-E59F-41F6-874F-9B4A2B66DA25}.Release|x64.Build.0 = Release|Any CPU
		{216E62AF-E59F-41F6-874F-9B4A2B66DA25}.Release|x86.ActiveCfg = Release|Any CPU
		{216E62AF-E59F-41F6-874F-9B4A2B66DA25}.Release|x86.Build.0 = Release|Any CPU
		{52CEE9CD-982A-4FFF-A42C-570EDA61E743}.Ad-Hoc|Any CPU.ActiveCfg = Debug|Any CPU
		{52CEE9CD-982A-4FFF-A42C-570EDA61E743}.Ad-Hoc|Any CPU.Build.0 = Debug|Any CPU
		{52CEE9CD-982A-4FFF-A42C-570EDA61E743}.Ad-Hoc|ARM.ActiveCfg = Debug|Any CPU
		{52CEE9CD-982A-4FFF-A42C-570EDA61E743}.Ad-Hoc|ARM.Build.0 = Debug|Any CPU
		{52CEE9CD-982A-4FFF-A42C-570EDA61E743}.Ad-Hoc|ARM64.ActiveCfg = Debug|Any CPU
		{52CEE9CD-982A-4FFF-A42C-570EDA61E743}.Ad-Hoc|ARM64.Build.0 = Debug|Any CPU
		{52CEE9CD-982A-4FFF-A42C-570EDA61E743}.Ad-Hoc|iPhone.ActiveCfg = Debug|Any CPU
		{52CEE9CD-982A-4FFF-A42C-570EDA61E743}.Ad-Hoc|iPhone.Build.0 = Debug|Any CPU
		{52CEE9CD-982A-4FFF-A42C-570EDA61E743}.Ad-Hoc|iPhoneSimulator.ActiveCfg = Debug|Any CPU
		{52CEE9CD-982A-4FFF-A42C-570EDA61E743}.Ad-Hoc|iPhoneSimulator.Build.0 = Debug|Any CPU
		{52CEE9CD-982A-4FFF-A42C-570EDA61E743}.Ad-Hoc|x64.ActiveCfg = Debug|Any CPU
		{52CEE9CD-982A-4FFF-A42C-570EDA61E743}.Ad-Hoc|x64.Build.0 = Debug|Any CPU
		{52CEE9CD-982A-4FFF-A42C-570EDA61E743}.Ad-Hoc|x86.ActiveCfg = Debug|Any CPU
		{52CEE9CD-982A-4FFF-A42C-570EDA61E743}.Ad-Hoc|x86.Build.0 = Debug|Any CPU
		{52CEE9CD-982A-4FFF-A42C-570EDA61E743}.AppStore|Any CPU.ActiveCfg = Debug|Any CPU
		{52CEE9CD-982A-4FFF-A42C-570EDA61E743}.AppStore|Any CPU.Build.0 = Debug|Any CPU
		{52CEE9CD-982A-4FFF-A42C-570EDA61E743}.AppStore|ARM.ActiveCfg = Debug|Any CPU
		{52CEE9CD-982A-4FFF-A42C-570EDA61E743}.AppStore|ARM.Build.0 = Debug|Any CPU
		{52CEE9CD-982A-4FFF-A42C-570EDA61E743}.AppStore|ARM64.ActiveCfg = Debug|Any CPU
		{52CEE9CD-982A-4FFF-A42C-570EDA61E743}.AppStore|ARM64.Build.0 = Debug|Any CPU
		{52CEE9CD-982A-4FFF-A42C-570EDA61E743}.AppStore|iPhone.ActiveCfg = Debug|Any CPU
		{52CEE9CD-982A-4FFF-A42C-570EDA61E743}.AppStore|iPhone.Build.0 = Debug|Any CPU
		{52CEE9CD-982A-4FFF-A42C-570EDA61E743}.AppStore|iPhoneSimulator.ActiveCfg = Debug|Any CPU
		{52CEE9CD-982A-4FFF-A42C-570EDA61E743}.AppStore|iPhoneSimulator.Build.0 = Debug|Any CPU
		{52CEE9CD-982A-4FFF-A42C-570EDA61E743}.AppStore|x64.ActiveCfg = Debug|Any CPU
		{52CEE9CD-982A-4FFF-A42C-570EDA61E743}.AppStore|x64.Build.0 = Debug|Any CPU
		{52CEE9CD-982A-4FFF-A42C-570EDA61E743}.AppStore|x86.ActiveCfg = Debug|Any CPU
		{52CEE9CD-982A-4FFF-A42C-570EDA61E743}.AppStore|x86.Build.0 = Debug|Any CPU
		{52CEE9CD-982A-4FFF-A42C-570EDA61E743}.Debug|Any CPU.ActiveCfg = Debug|Any CPU
		{52CEE9CD-982A-4FFF-A42C-570EDA61E743}.Debug|Any CPU.Build.0 = Debug|Any CPU
		{52CEE9CD-982A-4FFF-A42C-570EDA61E743}.Debug|ARM.ActiveCfg = Debug|Any CPU
		{52CEE9CD-982A-4FFF-A42C-570EDA61E743}.Debug|ARM.Build.0 = Debug|Any CPU
		{52CEE9CD-982A-4FFF-A42C-570EDA61E743}.Debug|ARM64.ActiveCfg = Debug|Any CPU
		{52CEE9CD-982A-4FFF-A42C-570EDA61E743}.Debug|ARM64.Build.0 = Debug|Any CPU
		{52CEE9CD-982A-4FFF-A42C-570EDA61E743}.Debug|iPhone.ActiveCfg = Debug|Any CPU
		{52CEE9CD-982A-4FFF-A42C-570EDA61E743}.Debug|iPhone.Build.0 = Debug|Any CPU
		{52CEE9CD-982A-4FFF-A42C-570EDA61E743}.Debug|iPhoneSimulator.ActiveCfg = Debug|Any CPU
		{52CEE9CD-982A-4FFF-A42C-570EDA61E743}.Debug|iPhoneSimulator.Build.0 = Debug|Any CPU
		{52CEE9CD-982A-4FFF-A42C-570EDA61E743}.Debug|x64.ActiveCfg = Debug|Any CPU
		{52CEE9CD-982A-4FFF-A42C-570EDA61E743}.Debug|x64.Build.0 = Debug|Any CPU
		{52CEE9CD-982A-4FFF-A42C-570EDA61E743}.Debug|x86.ActiveCfg = Debug|Any CPU
		{52CEE9CD-982A-4FFF-A42C-570EDA61E743}.Debug|x86.Build.0 = Debug|Any CPU
		{52CEE9CD-982A-4FFF-A42C-570EDA61E743}.Release|Any CPU.ActiveCfg = Release|Any CPU
		{52CEE9CD-982A-4FFF-A42C-570EDA61E743}.Release|Any CPU.Build.0 = Release|Any CPU
		{52CEE9CD-982A-4FFF-A42C-570EDA61E743}.Release|ARM.ActiveCfg = Release|Any CPU
		{52CEE9CD-982A-4FFF-A42C-570EDA61E743}.Release|ARM.Build.0 = Release|Any CPU
		{52CEE9CD-982A-4FFF-A42C-570EDA61E743}.Release|ARM64.ActiveCfg = Release|Any CPU
		{52CEE9CD-982A-4FFF-A42C-570EDA61E743}.Release|ARM64.Build.0 = Release|Any CPU
		{52CEE9CD-982A-4FFF-A42C-570EDA61E743}.Release|iPhone.ActiveCfg = Release|Any CPU
		{52CEE9CD-982A-4FFF-A42C-570EDA61E743}.Release|iPhone.Build.0 = Release|Any CPU
		{52CEE9CD-982A-4FFF-A42C-570EDA61E743}.Release|iPhoneSimulator.ActiveCfg = Release|Any CPU
		{52CEE9CD-982A-4FFF-A42C-570EDA61E743}.Release|iPhoneSimulator.Build.0 = Release|Any CPU
		{52CEE9CD-982A-4FFF-A42C-570EDA61E743}.Release|x64.ActiveCfg = Release|Any CPU
		{52CEE9CD-982A-4FFF-A42C-570EDA61E743}.Release|x64.Build.0 = Release|Any CPU
		{52CEE9CD-982A-4FFF-A42C-570EDA61E743}.Release|x86.ActiveCfg = Release|Any CPU
		{52CEE9CD-982A-4FFF-A42C-570EDA61E743}.Release|x86.Build.0 = Release|Any CPU
		{F5B5F869-129E-4921-8ED7-DE7FDDFE6758}.Ad-Hoc|Any CPU.ActiveCfg = Debug|Any CPU
		{F5B5F869-129E-4921-8ED7-DE7FDDFE6758}.Ad-Hoc|Any CPU.Build.0 = Debug|Any CPU
		{F5B5F869-129E-4921-8ED7-DE7FDDFE6758}.Ad-Hoc|ARM.ActiveCfg = Debug|Any CPU
		{F5B5F869-129E-4921-8ED7-DE7FDDFE6758}.Ad-Hoc|ARM.Build.0 = Debug|Any CPU
		{F5B5F869-129E-4921-8ED7-DE7FDDFE6758}.Ad-Hoc|ARM64.ActiveCfg = Debug|Any CPU
		{F5B5F869-129E-4921-8ED7-DE7FDDFE6758}.Ad-Hoc|ARM64.Build.0 = Debug|Any CPU
		{F5B5F869-129E-4921-8ED7-DE7FDDFE6758}.Ad-Hoc|iPhone.ActiveCfg = Debug|Any CPU
		{F5B5F869-129E-4921-8ED7-DE7FDDFE6758}.Ad-Hoc|iPhone.Build.0 = Debug|Any CPU
		{F5B5F869-129E-4921-8ED7-DE7FDDFE6758}.Ad-Hoc|iPhoneSimulator.ActiveCfg = Debug|Any CPU
		{F5B5F869-129E-4921-8ED7-DE7FDDFE6758}.Ad-Hoc|iPhoneSimulator.Build.0 = Debug|Any CPU
		{F5B5F869-129E-4921-8ED7-DE7FDDFE6758}.Ad-Hoc|x64.ActiveCfg = Debug|Any CPU
		{F5B5F869-129E-4921-8ED7-DE7FDDFE6758}.Ad-Hoc|x64.Build.0 = Debug|Any CPU
		{F5B5F869-129E-4921-8ED7-DE7FDDFE6758}.Ad-Hoc|x86.ActiveCfg = Debug|Any CPU
		{F5B5F869-129E-4921-8ED7-DE7FDDFE6758}.Ad-Hoc|x86.Build.0 = Debug|Any CPU
		{F5B5F869-129E-4921-8ED7-DE7FDDFE6758}.AppStore|Any CPU.ActiveCfg = Debug|Any CPU
		{F5B5F869-129E-4921-8ED7-DE7FDDFE6758}.AppStore|Any CPU.Build.0 = Debug|Any CPU
		{F5B5F869-129E-4921-8ED7-DE7FDDFE6758}.AppStore|ARM.ActiveCfg = Debug|Any CPU
		{F5B5F869-129E-4921-8ED7-DE7FDDFE6758}.AppStore|ARM.Build.0 = Debug|Any CPU
		{F5B5F869-129E-4921-8ED7-DE7FDDFE6758}.AppStore|ARM64.ActiveCfg = Debug|Any CPU
		{F5B5F869-129E-4921-8ED7-DE7FDDFE6758}.AppStore|ARM64.Build.0 = Debug|Any CPU
		{F5B5F869-129E-4921-8ED7-DE7FDDFE6758}.AppStore|iPhone.ActiveCfg = Debug|Any CPU
		{F5B5F869-129E-4921-8ED7-DE7FDDFE6758}.AppStore|iPhone.Build.0 = Debug|Any CPU
		{F5B5F869-129E-4921-8ED7-DE7FDDFE6758}.AppStore|iPhoneSimulator.ActiveCfg = Debug|Any CPU
		{F5B5F869-129E-4921-8ED7-DE7FDDFE6758}.AppStore|iPhoneSimulator.Build.0 = Debug|Any CPU
		{F5B5F869-129E-4921-8ED7-DE7FDDFE6758}.AppStore|x64.ActiveCfg = Debug|Any CPU
		{F5B5F869-129E-4921-8ED7-DE7FDDFE6758}.AppStore|x64.Build.0 = Debug|Any CPU
		{F5B5F869-129E-4921-8ED7-DE7FDDFE6758}.AppStore|x86.ActiveCfg = Debug|Any CPU
		{F5B5F869-129E-4921-8ED7-DE7FDDFE6758}.AppStore|x86.Build.0 = Debug|Any CPU
		{F5B5F869-129E-4921-8ED7-DE7FDDFE6758}.Debug|Any CPU.ActiveCfg = Debug|Any CPU
		{F5B5F869-129E-4921-8ED7-DE7FDDFE6758}.Debug|Any CPU.Build.0 = Debug|Any CPU
		{F5B5F869-129E-4921-8ED7-DE7FDDFE6758}.Debug|ARM.ActiveCfg = Debug|Any CPU
		{F5B5F869-129E-4921-8ED7-DE7FDDFE6758}.Debug|ARM.Build.0 = Debug|Any CPU
		{F5B5F869-129E-4921-8ED7-DE7FDDFE6758}.Debug|ARM64.ActiveCfg = Debug|Any CPU
		{F5B5F869-129E-4921-8ED7-DE7FDDFE6758}.Debug|ARM64.Build.0 = Debug|Any CPU
		{F5B5F869-129E-4921-8ED7-DE7FDDFE6758}.Debug|iPhone.ActiveCfg = Debug|Any CPU
		{F5B5F869-129E-4921-8ED7-DE7FDDFE6758}.Debug|iPhone.Build.0 = Debug|Any CPU
		{F5B5F869-129E-4921-8ED7-DE7FDDFE6758}.Debug|iPhoneSimulator.ActiveCfg = Debug|Any CPU
		{F5B5F869-129E-4921-8ED7-DE7FDDFE6758}.Debug|iPhoneSimulator.Build.0 = Debug|Any CPU
		{F5B5F869-129E-4921-8ED7-DE7FDDFE6758}.Debug|x64.ActiveCfg = Debug|Any CPU
		{F5B5F869-129E-4921-8ED7-DE7FDDFE6758}.Debug|x64.Build.0 = Debug|Any CPU
		{F5B5F869-129E-4921-8ED7-DE7FDDFE6758}.Debug|x86.ActiveCfg = Debug|Any CPU
		{F5B5F869-129E-4921-8ED7-DE7FDDFE6758}.Debug|x86.Build.0 = Debug|Any CPU
		{F5B5F869-129E-4921-8ED7-DE7FDDFE6758}.Release|Any CPU.ActiveCfg = Release|Any CPU
		{F5B5F869-129E-4921-8ED7-DE7FDDFE6758}.Release|Any CPU.Build.0 = Release|Any CPU
		{F5B5F869-129E-4921-8ED7-DE7FDDFE6758}.Release|ARM.ActiveCfg = Release|Any CPU
		{F5B5F869-129E-4921-8ED7-DE7FDDFE6758}.Release|ARM.Build.0 = Release|Any CPU
		{F5B5F869-129E-4921-8ED7-DE7FDDFE6758}.Release|ARM64.ActiveCfg = Release|Any CPU
		{F5B5F869-129E-4921-8ED7-DE7FDDFE6758}.Release|ARM64.Build.0 = Release|Any CPU
		{F5B5F869-129E-4921-8ED7-DE7FDDFE6758}.Release|iPhone.ActiveCfg = Release|Any CPU
		{F5B5F869-129E-4921-8ED7-DE7FDDFE6758}.Release|iPhone.Build.0 = Release|Any CPU
		{F5B5F869-129E-4921-8ED7-DE7FDDFE6758}.Release|iPhoneSimulator.ActiveCfg = Release|Any CPU
		{F5B5F869-129E-4921-8ED7-DE7FDDFE6758}.Release|iPhoneSimulator.Build.0 = Release|Any CPU
		{F5B5F869-129E-4921-8ED7-DE7FDDFE6758}.Release|x64.ActiveCfg = Release|Any CPU
		{F5B5F869-129E-4921-8ED7-DE7FDDFE6758}.Release|x64.Build.0 = Release|Any CPU
		{F5B5F869-129E-4921-8ED7-DE7FDDFE6758}.Release|x86.ActiveCfg = Release|Any CPU
		{F5B5F869-129E-4921-8ED7-DE7FDDFE6758}.Release|x86.Build.0 = Release|Any CPU
		{8B3DD821-009C-49DE-9BA1-4FA658300064}.Ad-Hoc|Any CPU.ActiveCfg = Debug|Any CPU
		{8B3DD821-009C-49DE-9BA1-4FA658300064}.Ad-Hoc|Any CPU.Build.0 = Debug|Any CPU
		{8B3DD821-009C-49DE-9BA1-4FA658300064}.Ad-Hoc|ARM.ActiveCfg = Debug|Any CPU
		{8B3DD821-009C-49DE-9BA1-4FA658300064}.Ad-Hoc|ARM.Build.0 = Debug|Any CPU
		{8B3DD821-009C-49DE-9BA1-4FA658300064}.Ad-Hoc|ARM64.ActiveCfg = Debug|Any CPU
		{8B3DD821-009C-49DE-9BA1-4FA658300064}.Ad-Hoc|ARM64.Build.0 = Debug|Any CPU
		{8B3DD821-009C-49DE-9BA1-4FA658300064}.Ad-Hoc|iPhone.ActiveCfg = Debug|Any CPU
		{8B3DD821-009C-49DE-9BA1-4FA658300064}.Ad-Hoc|iPhone.Build.0 = Debug|Any CPU
		{8B3DD821-009C-49DE-9BA1-4FA658300064}.Ad-Hoc|iPhoneSimulator.ActiveCfg = Debug|Any CPU
		{8B3DD821-009C-49DE-9BA1-4FA658300064}.Ad-Hoc|iPhoneSimulator.Build.0 = Debug|Any CPU
		{8B3DD821-009C-49DE-9BA1-4FA658300064}.Ad-Hoc|x64.ActiveCfg = Debug|Any CPU
		{8B3DD821-009C-49DE-9BA1-4FA658300064}.Ad-Hoc|x64.Build.0 = Debug|Any CPU
		{8B3DD821-009C-49DE-9BA1-4FA658300064}.Ad-Hoc|x86.ActiveCfg = Debug|Any CPU
		{8B3DD821-009C-49DE-9BA1-4FA658300064}.Ad-Hoc|x86.Build.0 = Debug|Any CPU
		{8B3DD821-009C-49DE-9BA1-4FA658300064}.AppStore|Any CPU.ActiveCfg = Debug|Any CPU
		{8B3DD821-009C-49DE-9BA1-4FA658300064}.AppStore|Any CPU.Build.0 = Debug|Any CPU
		{8B3DD821-009C-49DE-9BA1-4FA658300064}.AppStore|ARM.ActiveCfg = Debug|Any CPU
		{8B3DD821-009C-49DE-9BA1-4FA658300064}.AppStore|ARM.Build.0 = Debug|Any CPU
		{8B3DD821-009C-49DE-9BA1-4FA658300064}.AppStore|ARM64.ActiveCfg = Debug|Any CPU
		{8B3DD821-009C-49DE-9BA1-4FA658300064}.AppStore|ARM64.Build.0 = Debug|Any CPU
		{8B3DD821-009C-49DE-9BA1-4FA658300064}.AppStore|iPhone.ActiveCfg = Debug|Any CPU
		{8B3DD821-009C-49DE-9BA1-4FA658300064}.AppStore|iPhone.Build.0 = Debug|Any CPU
		{8B3DD821-009C-49DE-9BA1-4FA658300064}.AppStore|iPhoneSimulator.ActiveCfg = Debug|Any CPU
		{8B3DD821-009C-49DE-9BA1-4FA658300064}.AppStore|iPhoneSimulator.Build.0 = Debug|Any CPU
		{8B3DD821-009C-49DE-9BA1-4FA658300064}.AppStore|x64.ActiveCfg = Debug|Any CPU
		{8B3DD821-009C-49DE-9BA1-4FA658300064}.AppStore|x64.Build.0 = Debug|Any CPU
		{8B3DD821-009C-49DE-9BA1-4FA658300064}.AppStore|x86.ActiveCfg = Debug|Any CPU
		{8B3DD821-009C-49DE-9BA1-4FA658300064}.AppStore|x86.Build.0 = Debug|Any CPU
		{8B3DD821-009C-49DE-9BA1-4FA658300064}.Debug|Any CPU.ActiveCfg = Debug|Any CPU
		{8B3DD821-009C-49DE-9BA1-4FA658300064}.Debug|Any CPU.Build.0 = Debug|Any CPU
		{8B3DD821-009C-49DE-9BA1-4FA658300064}.Debug|ARM.ActiveCfg = Debug|Any CPU
		{8B3DD821-009C-49DE-9BA1-4FA658300064}.Debug|ARM.Build.0 = Debug|Any CPU
		{8B3DD821-009C-49DE-9BA1-4FA658300064}.Debug|ARM64.ActiveCfg = Debug|Any CPU
		{8B3DD821-009C-49DE-9BA1-4FA658300064}.Debug|ARM64.Build.0 = Debug|Any CPU
		{8B3DD821-009C-49DE-9BA1-4FA658300064}.Debug|iPhone.ActiveCfg = Debug|Any CPU
		{8B3DD821-009C-49DE-9BA1-4FA658300064}.Debug|iPhone.Build.0 = Debug|Any CPU
		{8B3DD821-009C-49DE-9BA1-4FA658300064}.Debug|iPhoneSimulator.ActiveCfg = Debug|Any CPU
		{8B3DD821-009C-49DE-9BA1-4FA658300064}.Debug|iPhoneSimulator.Build.0 = Debug|Any CPU
		{8B3DD821-009C-49DE-9BA1-4FA658300064}.Debug|x64.ActiveCfg = Debug|Any CPU
		{8B3DD821-009C-49DE-9BA1-4FA658300064}.Debug|x64.Build.0 = Debug|Any CPU
		{8B3DD821-009C-49DE-9BA1-4FA658300064}.Debug|x86.ActiveCfg = Debug|Any CPU
		{8B3DD821-009C-49DE-9BA1-4FA658300064}.Debug|x86.Build.0 = Debug|Any CPU
		{8B3DD821-009C-49DE-9BA1-4FA658300064}.Release|Any CPU.ActiveCfg = Release|Any CPU
		{8B3DD821-009C-49DE-9BA1-4FA658300064}.Release|Any CPU.Build.0 = Release|Any CPU
		{8B3DD821-009C-49DE-9BA1-4FA658300064}.Release|ARM.ActiveCfg = Release|Any CPU
		{8B3DD821-009C-49DE-9BA1-4FA658300064}.Release|ARM.Build.0 = Release|Any CPU
		{8B3DD821-009C-49DE-9BA1-4FA658300064}.Release|ARM64.ActiveCfg = Release|Any CPU
		{8B3DD821-009C-49DE-9BA1-4FA658300064}.Release|ARM64.Build.0 = Release|Any CPU
		{8B3DD821-009C-49DE-9BA1-4FA658300064}.Release|iPhone.ActiveCfg = Release|Any CPU
		{8B3DD821-009C-49DE-9BA1-4FA658300064}.Release|iPhone.Build.0 = Release|Any CPU
		{8B3DD821-009C-49DE-9BA1-4FA658300064}.Release|iPhoneSimulator.ActiveCfg = Release|Any CPU
		{8B3DD821-009C-49DE-9BA1-4FA658300064}.Release|iPhoneSimulator.Build.0 = Release|Any CPU
		{8B3DD821-009C-49DE-9BA1-4FA658300064}.Release|x64.ActiveCfg = Release|Any CPU
		{8B3DD821-009C-49DE-9BA1-4FA658300064}.Release|x64.Build.0 = Release|Any CPU
		{8B3DD821-009C-49DE-9BA1-4FA658300064}.Release|x86.ActiveCfg = Release|Any CPU
		{8B3DD821-009C-49DE-9BA1-4FA658300064}.Release|x86.Build.0 = Release|Any CPU
	EndGlobalSection
	GlobalSection(SolutionProperties) = preSolution
		HideSolutionNode = FALSE
	EndGlobalSection
	GlobalSection(NestedProjects) = preSolution
		{EB5417EA-362A-40B6-8B2A-E48BC45C9C05} = {09A058BC-88A5-4451-9636-09A17A82814F}
		{654608E6-4BB3-4D7F-8F39-144C1318AA7B} = {09A058BC-88A5-4451-9636-09A17A82814F}
		{E987EC5E-563C-48D9-932F-1DFBC545752D} = {09A058BC-88A5-4451-9636-09A17A82814F}
		{7DF3AA5E-1423-4FD9-BF38-B421BCEBB9DB} = {09A058BC-88A5-4451-9636-09A17A82814F}
		{5496085E-BD68-4C86-875A-B946C0A570A8} = {09A058BC-88A5-4451-9636-09A17A82814F}
		{216E62AF-E59F-41F6-874F-9B4A2B66DA25} = {09A058BC-88A5-4451-9636-09A17A82814F}
		{52CEE9CD-982A-4FFF-A42C-570EDA61E743} = {09A058BC-88A5-4451-9636-09A17A82814F}
		{F5B5F869-129E-4921-8ED7-DE7FDDFE6758} = {09A058BC-88A5-4451-9636-09A17A82814F}
		{8B3DD821-009C-49DE-9BA1-4FA658300064} = {09A058BC-88A5-4451-9636-09A17A82814F}
	EndGlobalSection
	GlobalSection(ExtensibilityGlobals) = postSolution
		SolutionGuid = {39440075-E230-4736-AAA7-1F9CD3EB062F}
	EndGlobalSection
EndGlobal
