
Microsoft Visual Studio Solution File, Format Version 12.00
# Visual Studio Version 17
VisualStudioVersion = 17.1.32319.34
MinimumVisualStudioVersion = 10.0.40219.1
Project("{9A19103F-16F7-4668-BE54-9A1E7A4F7556}") = "OracleDataSourceCore", "..\..\BeepDataSources\DataSourcesPluginsCore\OracleDataSourceCore\OracleDataSourceCore.csproj", "{0FED94A1-DEC9-4CBF-8B8F-FBFD8A2CD625}"
EndProject
Project("{9A19103F-16F7-4668-BE54-9A1E7A4F7556}") = "CouchBaseDataSourceCore", "..\..\BeepDataSources\DataSourcesPluginsCore\CouchBaseDataSourceCore\CouchBaseDataSourceCore.csproj", "{606E1CE5-BF54-4AA0-A53E-7F2E86D5F102}"
EndProject
Project("{9A19103F-16F7-4668-BE54-9A1E7A4F7556}") = "CouchDBDataSourceCore", "..\..\BeepDataSources\DataSourcesPluginsCore\CouchDBDataSourceCore\CouchDBDataSourceCore.csproj", "{5943259B-0BD9-4B96-B126-8570FDAE5D42}"
EndProject
Project("{9A19103F-16F7-4668-BE54-9A1E7A4F7556}") = "CSVDatasourceCore", "..\..\BeepDataSources\DataSourcesPluginsCore\CSVDatasourceCore\CSVDatasourceCore.csproj", "{A265086C-6A75-4683-8DAA-D8EB9B910781}"
EndProject
Project("{9A19103F-16F7-4668-BE54-9A1E7A4F7556}") = "FireBaseDataSourceCore", "..\..\BeepDataSources\DataSourcesPluginsCore\FireBaseDataSourceCore\FireBaseDataSourceCore.csproj", "{23BFD699-4E8F-477D-8A96-DC3AC379DBB4}"
EndProject
Project("{9A19103F-16F7-4668-BE54-9A1E7A4F7556}") = "FirebirdDataSourceCore", "..\..\BeepDataSources\DataSourcesPluginsCore\FirebirdDataSourceCore\FirebirdDataSourceCore.csproj", "{76471A20-89B9-4ADF-A453-064DAA354984}"
EndProject
Project("{9A19103F-16F7-4668-BE54-9A1E7A4F7556}") = "HadoopDataSourceCore", "..\..\BeepDataSources\DataSourcesPluginsCore\HadoopDataSourceCore\HadoopDataSourceCore.csproj", "{4EA36DEE-4865-4126-9EE5-A529EA79D171}"
EndProject
Project("{9A19103F-16F7-4668-BE54-9A1E7A4F7556}") = "MongoDBDataSourceCore", "..\..\BeepDataSources\DataSourcesPluginsCore\MongoDBDataSourceCore\MongoDBDataSourceCore.csproj", "{156EE126-5D22-42A0-8971-F081DFAEA1FB}"
EndProject
Project("{9A19103F-16F7-4668-BE54-9A1E7A4F7556}") = "MySqlDataSourceCore", "..\..\BeepDataSources\DataSourcesPluginsCore\MySqlDataSourceCore\MySqlDataSourceCore.csproj", "{DFE72E20-3D07-4FAD-8C5E-1EA6DA9BD673}"
EndProject
Project("{9A19103F-16F7-4668-BE54-9A1E7A4F7556}") = "RavenDBDataSourceCore", "..\..\BeepDataSources\DataSourcesPluginsCore\RavenDBDataSourceCore\RavenDBDataSourceCore.csproj", "{FFDA65F9-E555-4320-8EA6-77347D8AAD1A}"
EndProject
Project("{9A19103F-16F7-4668-BE54-9A1E7A4F7556}") = "SqliteDatasourceCore", "..\..\BeepDataSources\DataSourcesPluginsCore\SqliteDatasourceCore\SqliteDatasourceCore.csproj", "{E45EA2AC-8643-496E-B498-880DE6BD13EC}"
EndProject
Project("{9A19103F-16F7-4668-BE54-9A1E7A4F7556}") = "SqlServerDataSourceCore", "..\..\BeepDataSources\DataSourcesPluginsCore\SQlServerDataSourceCore\SqlServerDataSourceCore.csproj", "{F81AC40C-AC55-4EF8-AD81-7DB9205CBCBA}"
EndProject
Project("{9A19103F-16F7-4668-BE54-9A1E7A4F7556}") = "WebApiDataSourceCore", "..\..\BeepDataSources\DataSourcesPluginsCore\WebApiDataSourceCore\WebApiDataSourceCore.csproj", "{1363854B-07E7-4087-BA5E-C279D2636A28}"
EndProject
Project("{2150E333-8FDC-42A3-9474-1A3956D46DE8}") = "Net6", "Net6", "{944E7BCB-8095-4C62-A954-F940DBAAEEAB}"
EndProject
Project("{2150E333-8FDC-42A3-9474-1A3956D46DE8}") = "Net", "Net", "{D1BBD849-A915-4153-89E6-C228D0D27E3E}"
EndProject
Project("{FAE04EC0-301F-11D3-BF4B-00C04F79EFBC}") = "AmazonCloudDatasource", "..\..\BeepDataSources\DataSourcesPlugins\AmazonCloudDatasource\AmazonCloudDatasource.csproj", "{AE872E78-2D9F-4A2E-BA8A-4B5A39260B77}"
EndProject
Project("{FAE04EC0-301F-11D3-BF4B-00C04F79EFBC}") = "AzureCloudDataSource", "..\..\BeepDataSources\DataSourcesPlugins\AzureCloudDataSource\AzureCloudDataSource.csproj", "{FEBD738E-F5CA-4C00-AE83-2A8F582A45BB}"
EndProject
Project("{FAE04EC0-301F-11D3-BF4B-00C04F79EFBC}") = "CockroachDBDataSource", "..\..\BeepDataSources\DataSourcesPlugins\CockroachDBDataSource\CockroachDBDataSource.csproj", "{851515EC-631E-4907-B0C0-587CA0EE916F}"
EndProject
Project("{FAE04EC0-301F-11D3-BF4B-00C04F79EFBC}") = "CouchBaseDataSource", "..\..\BeepDataSources\DataSourcesPlugins\CouchBaseDataSource\CouchBaseDataSource.csproj", "{D4F0C629-29D2-460B-89B1-1DD6A4178295}"
EndProject
Project("{FAE04EC0-301F-11D3-BF4B-00C04F79EFBC}") = "CouchBaseLiteDataSource", "..\..\BeepDataSources\DataSourcesPlugins\CouchBaseLiteDataSource\CouchBaseLiteDataSource.csproj", "{7AA40543-4101-49BE-BCE9-B82A080C6FFE}"
EndProject
Project("{FAE04EC0-301F-11D3-BF4B-00C04F79EFBC}") = "CountriesRestWebApiDatasource", "..\..\BeepDataSources\DataSourcesPlugins\CountriesRestWebApiDatasource\CountriesRestWebApiDatasource.csproj", "{39C942D2-863D-465C-A2D5-A8F20A833051}"
EndProject
Project("{FAE04EC0-301F-11D3-BF4B-00C04F79EFBC}") = "TxtXlsCSVFileSource", "..\..\BeepDataSources\DataSourcesPlugins\CSVDataSource\TxtXlsCSVFileSource.csproj", "{98E2E483-7D30-495E-88F4-69B2797434AF}"
EndProject
Project("{FAE04EC0-301F-11D3-BF4B-00C04F79EFBC}") = "EIAWebApiDataSource", "..\..\BeepDataSources\DataSourcesPlugins\EIAWebApiDataSource\EIAWebApiDataSource.csproj", "{E5912B9F-82AA-4417-B221-12A81E2DA997}"
EndProject
Project("{FAE04EC0-301F-11D3-BF4B-00C04F79EFBC}") = "ExcelDataSource", "..\..\BeepDataSources\DataSourcesPlugins\ExcelDataSource\ExcelDataSource.csproj", "{5994631D-2F06-4418-BA36-2081582B7CCD}"
EndProject
Project("{FAE04EC0-301F-11D3-BF4B-00C04F79EFBC}") = "FDAWebApiDatasource", "..\..\BeepDataSources\DataSourcesPlugins\FDAWebApiDatasource\FDAWebApiDatasource.csproj", "{2F2040E7-EAC3-4229-93E4-5A62EF9070CB}"
EndProject
Project("{FAE04EC0-301F-11D3-BF4B-00C04F79EFBC}") = "FileHelperDataSource", "..\..\BeepDataSources\DataSourcesPlugins\FileHelperDataDource\FileHelperDataSource.csproj", "{CAA76136-35C7-4506-ADD9-8524B03B6094}"
EndProject
Project("{FAE04EC0-301F-11D3-BF4B-00C04F79EFBC}") = "FireBirdDataSource", "..\..\BeepDataSources\DataSourcesPlugins\FireBirdDataSource\FireBirdDataSource.csproj", "{93A7A64D-2B3A-48B1-8E1B-EF456FFA8191}"
EndProject
Project("{FAE04EC0-301F-11D3-BF4B-00C04F79EFBC}") = "GeoDBCitiesWebAPIDatasource", "..\..\BeepDataSources\DataSourcesPlugins\GeoDBCitiesWebAPIDatasource\GeoDBCitiesWebAPIDatasource.csproj", "{9646B447-6E3F-4B74-BA50-36BF333A4783}"
EndProject
Project("{FAE04EC0-301F-11D3-BF4B-00C04F79EFBC}") = "GoogleCloudDataSource", "..\..\BeepDataSources\DataSourcesPlugins\GoogleCloudDataSource\GoogleCloudDataSource.csproj", "{26B15687-0D17-4909-B4DA-02B50CD976D8}"
EndProject
Project("{FAE04EC0-301F-11D3-BF4B-00C04F79EFBC}") = "GraphQLClient", "..\..\BeepDataSources\DataSourcesPlugins\GraphQLDataSource\GraphQLClient.csproj", "{C2C8BDD8-8733-4CFE-9A90-C855D1D3A9CF}"
EndProject
Project("{FAE04EC0-301F-11D3-BF4B-00C04F79EFBC}") = "gRPCClient", "..\..\BeepDataSources\DataSourcesPlugins\gRPC\gRPCClient.csproj", "{48F5E988-6361-49DD-A372-5D96E189228D}"
EndProject
Project("{FAE04EC0-301F-11D3-BF4B-00C04F79EFBC}") = "HadoopDataSource", "..\..\BeepDataSources\DataSourcesPlugins\HadoopDataSource\HadoopDataSource.csproj", "{30492465-0AFD-4CC2-9FE4-AEA2F11CFC9F}"
EndProject
Project("{FAE04EC0-301F-11D3-BF4B-00C04F79EFBC}") = "JsonDataSource", "..\..\BeepDataSources\DataSourcesPlugins\JsonDataSource\JsonDataSource.csproj", "{A1A01CA5-24BF-4F9A-8F4A-68308E89A056}"
EndProject
Project("{FAE04EC0-301F-11D3-BF4B-00C04F79EFBC}") = "KafkaDataSource", "..\..\BeepDataSources\DataSourcesPlugins\KafkaDataSource\KafkaDataSource.csproj", "{4C33F450-005E-4EC8-B040-3E89D998E2B8}"
EndProject
Project("{FAE04EC0-301F-11D3-BF4B-00C04F79EFBC}") = "LiteDBDataSource", "..\..\BeepDataSources\DataSourcesPlugins\LiteDB\LiteDBDataSource.csproj", "{EA21C64F-3A62-4BB3-9A7C-68DD4EF0E874}"
EndProject
Project("{FAE04EC0-301F-11D3-BF4B-00C04F79EFBC}") = "OracleDataSource", "..\..\BeepDataSources\DataSourcesPlugins\OracleDataSource\OracleDataSource.csproj", "{F879429B-3F6A-4A3F-8314-B9B52724D149}"
EndProject
Project("{FAE04EC0-301F-11D3-BF4B-00C04F79EFBC}") = "PostgreDataSource", "..\..\BeepDataSources\DataSourcesPlugins\Postgre\PostgreDataSource.csproj", "{B9BE5B14-7FE6-43D4-9594-D7E62AE7B4F9}"
EndProject
Project("{FAE04EC0-301F-11D3-BF4B-00C04F79EFBC}") = "PublicApisWebApiDatasource", "..\..\BeepDataSources\DataSourcesPlugins\PublicApisWebApiDatasource\PublicApisWebApiDatasource.csproj", "{64D32929-FBE7-48CC-84B2-71888324D3A2}"
EndProject
Project("{FAE04EC0-301F-11D3-BF4B-00C04F79EFBC}") = "RavenDBDataSource", "..\..\BeepDataSources\DataSourcesPlugins\RavenDbDataSource\RavenDBDataSource.csproj", "{1A01A77C-C332-452E-988C-888D75F45F96}"
EndProject
Project("{FAE04EC0-301F-11D3-BF4B-00C04F79EFBC}") = "RedisDataSource", "..\..\BeepDataSources\DataSourcesPlugins\RedisDataSource\RedisDataSource.csproj", "{A6440C21-7C53-4855-A40A-ADE04F1289C5}"
EndProject
Project("{FAE04EC0-301F-11D3-BF4B-00C04F79EFBC}") = "SpannerDataSource", "..\..\BeepDataSources\DataSourcesPlugins\SpannerDataSource\SpannerDataSource.csproj", "{5141C07A-F1DE-43D7-B81B-B02307D23FE5}"
EndProject
Project("{FAE04EC0-301F-11D3-BF4B-00C04F79EFBC}") = "SqlCompactDatasource", "..\..\BeepDataSources\DataSourcesPlugins\SqlCompact\SqlCompactDatasource.csproj", "{6FD1CCA1-994B-4DA1-B104-8FB71CE0E3A4}"
EndProject
Project("{FAE04EC0-301F-11D3-BF4B-00C04F79EFBC}") = "SqliteDatasource", "..\..\BeepDataSources\DataSourcesPlugins\Sqlite\SqliteDatasource.csproj", "{55B7EC79-3B2C-4D34-9050-E021D45BAA2C}"
EndProject
Project("{FAE04EC0-301F-11D3-BF4B-00C04F79EFBC}") = "SQLServerDataSource", "..\..\BeepDataSources\DataSourcesPlugins\SQLServerDataSource\SQLServerDataSource.csproj", "{ACB7F443-F4F7-42A6-8211-507996F6D1B0}"
EndProject
Project("{FAE04EC0-301F-11D3-BF4B-00C04F79EFBC}") = "WorldBankWebApiDataSource", "..\..\BeepDataSources\DataSourcesPlugins\WorkdBankWebApiDataSource\WorldBankWebApiDataSource.csproj", "{025F7B6D-BE00-4FB9-B26C-55E31694BB2B}"
EndProject
Project("{FAE04EC0-301F-11D3-BF4B-00C04F79EFBC}") = "YamlDataSource", "..\..\BeepDataSources\DataSourcesPlugins\YamlDataSource\YamlDataSource.csproj", "{D2A772AC-F650-47B3-BD96-D66E48C2DBAE}"
EndProject
Global
	GlobalSection(SolutionConfigurationPlatforms) = preSolution
		Debug|Any CPU = Debug|Any CPU
		Release|Any CPU = Release|Any CPU
	EndGlobalSection
	GlobalSection(ProjectConfigurationPlatforms) = postSolution
		{0FED94A1-DEC9-4CBF-8B8F-FBFD8A2CD625}.Debug|Any CPU.ActiveCfg = Debug|Any CPU
		{0FED94A1-DEC9-4CBF-8B8F-FBFD8A2CD625}.Debug|Any CPU.Build.0 = Debug|Any CPU
		{0FED94A1-DEC9-4CBF-8B8F-FBFD8A2CD625}.Release|Any CPU.ActiveCfg = Release|Any CPU
		{0FED94A1-DEC9-4CBF-8B8F-FBFD8A2CD625}.Release|Any CPU.Build.0 = Release|Any CPU
		{606E1CE5-BF54-4AA0-A53E-7F2E86D5F102}.Debug|Any CPU.ActiveCfg = Debug|Any CPU
		{606E1CE5-BF54-4AA0-A53E-7F2E86D5F102}.Debug|Any CPU.Build.0 = Debug|Any CPU
		{606E1CE5-BF54-4AA0-A53E-7F2E86D5F102}.Release|Any CPU.ActiveCfg = Release|Any CPU
		{606E1CE5-BF54-4AA0-A53E-7F2E86D5F102}.Release|Any CPU.Build.0 = Release|Any CPU
		{5943259B-0BD9-4B96-B126-8570FDAE5D42}.Debug|Any CPU.ActiveCfg = Debug|Any CPU
		{5943259B-0BD9-4B96-B126-8570FDAE5D42}.Debug|Any CPU.Build.0 = Debug|Any CPU
		{5943259B-0BD9-4B96-B126-8570FDAE5D42}.Release|Any CPU.ActiveCfg = Release|Any CPU
		{5943259B-0BD9-4B96-B126-8570FDAE5D42}.Release|Any CPU.Build.0 = Release|Any CPU
		{A265086C-6A75-4683-8DAA-D8EB9B910781}.Debug|Any CPU.ActiveCfg = Debug|Any CPU
		{A265086C-6A75-4683-8DAA-D8EB9B910781}.Debug|Any CPU.Build.0 = Debug|Any CPU
		{A265086C-6A75-4683-8DAA-D8EB9B910781}.Release|Any CPU.ActiveCfg = Release|Any CPU
		{A265086C-6A75-4683-8DAA-D8EB9B910781}.Release|Any CPU.Build.0 = Release|Any CPU
		{23BFD699-4E8F-477D-8A96-DC3AC379DBB4}.Debug|Any CPU.ActiveCfg = Debug|Any CPU
		{23BFD699-4E8F-477D-8A96-DC3AC379DBB4}.Debug|Any CPU.Build.0 = Debug|Any CPU
		{23BFD699-4E8F-477D-8A96-DC3AC379DBB4}.Release|Any CPU.ActiveCfg = Release|Any CPU
		{23BFD699-4E8F-477D-8A96-DC3AC379DBB4}.Release|Any CPU.Build.0 = Release|Any CPU
		{76471A20-89B9-4ADF-A453-064DAA354984}.Debug|Any CPU.ActiveCfg = Debug|Any CPU
		{76471A20-89B9-4ADF-A453-064DAA354984}.Debug|Any CPU.Build.0 = Debug|Any CPU
		{76471A20-89B9-4ADF-A453-064DAA354984}.Release|Any CPU.ActiveCfg = Release|Any CPU
		{76471A20-89B9-4ADF-A453-064DAA354984}.Release|Any CPU.Build.0 = Release|Any CPU
		{4EA36DEE-4865-4126-9EE5-A529EA79D171}.Debug|Any CPU.ActiveCfg = Debug|Any CPU
		{4EA36DEE-4865-4126-9EE5-A529EA79D171}.Debug|Any CPU.Build.0 = Debug|Any CPU
		{4EA36DEE-4865-4126-9EE5-A529EA79D171}.Release|Any CPU.ActiveCfg = Release|Any CPU
		{4EA36DEE-4865-4126-9EE5-A529EA79D171}.Release|Any CPU.Build.0 = Release|Any CPU
		{156EE126-5D22-42A0-8971-F081DFAEA1FB}.Debug|Any CPU.ActiveCfg = Debug|Any CPU
		{156EE126-5D22-42A0-8971-F081DFAEA1FB}.Debug|Any CPU.Build.0 = Debug|Any CPU
		{156EE126-5D22-42A0-8971-F081DFAEA1FB}.Release|Any CPU.ActiveCfg = Release|Any CPU
		{156EE126-5D22-42A0-8971-F081DFAEA1FB}.Release|Any CPU.Build.0 = Release|Any CPU
		{DFE72E20-3D07-4FAD-8C5E-1EA6DA9BD673}.Debug|Any CPU.ActiveCfg = Debug|Any CPU
		{DFE72E20-3D07-4FAD-8C5E-1EA6DA9BD673}.Debug|Any CPU.Build.0 = Debug|Any CPU
		{DFE72E20-3D07-4FAD-8C5E-1EA6DA9BD673}.Release|Any CPU.ActiveCfg = Release|Any CPU
		{DFE72E20-3D07-4FAD-8C5E-1EA6DA9BD673}.Release|Any CPU.Build.0 = Release|Any CPU
		{FFDA65F9-E555-4320-8EA6-77347D8AAD1A}.Debug|Any CPU.ActiveCfg = Debug|Any CPU
		{FFDA65F9-E555-4320-8EA6-77347D8AAD1A}.Debug|Any CPU.Build.0 = Debug|Any CPU
		{FFDA65F9-E555-4320-8EA6-77347D8AAD1A}.Release|Any CPU.ActiveCfg = Release|Any CPU
		{FFDA65F9-E555-4320-8EA6-77347D8AAD1A}.Release|Any CPU.Build.0 = Release|Any CPU
		{E45EA2AC-8643-496E-B498-880DE6BD13EC}.Debug|Any CPU.ActiveCfg = Debug|Any CPU
		{E45EA2AC-8643-496E-B498-880DE6BD13EC}.Debug|Any CPU.Build.0 = Debug|Any CPU
		{E45EA2AC-8643-496E-B498-880DE6BD13EC}.Release|Any CPU.ActiveCfg = Release|Any CPU
		{E45EA2AC-8643-496E-B498-880DE6BD13EC}.Release|Any CPU.Build.0 = Release|Any CPU
		{F81AC40C-AC55-4EF8-AD81-7DB9205CBCBA}.Debug|Any CPU.ActiveCfg = Debug|Any CPU
		{F81AC40C-AC55-4EF8-AD81-7DB9205CBCBA}.Debug|Any CPU.Build.0 = Debug|Any CPU
		{F81AC40C-AC55-4EF8-AD81-7DB9205CBCBA}.Release|Any CPU.ActiveCfg = Release|Any CPU
		{F81AC40C-AC55-4EF8-AD81-7DB9205CBCBA}.Release|Any CPU.Build.0 = Release|Any CPU
		{1363854B-07E7-4087-BA5E-C279D2636A28}.Debug|Any CPU.ActiveCfg = Debug|Any CPU
		{1363854B-07E7-4087-BA5E-C279D2636A28}.Debug|Any CPU.Build.0 = Debug|Any CPU
		{1363854B-07E7-4087-BA5E-C279D2636A28}.Release|Any CPU.ActiveCfg = Release|Any CPU
		{1363854B-07E7-4087-BA5E-C279D2636A28}.Release|Any CPU.Build.0 = Release|Any CPU
		{AE872E78-2D9F-4A2E-BA8A-4B5A39260B77}.Debug|Any CPU.ActiveCfg = Debug|Any CPU
		{AE872E78-2D9F-4A2E-BA8A-4B5A39260B77}.Debug|Any CPU.Build.0 = Debug|Any CPU
		{AE872E78-2D9F-4A2E-BA8A-4B5A39260B77}.Release|Any CPU.ActiveCfg = Release|Any CPU
		{AE872E78-2D9F-4A2E-BA8A-4B5A39260B77}.Release|Any CPU.Build.0 = Release|Any CPU
		{FEBD738E-F5CA-4C00-AE83-2A8F582A45BB}.Debug|Any CPU.ActiveCfg = Debug|Any CPU
		{FEBD738E-F5CA-4C00-AE83-2A8F582A45BB}.Debug|Any CPU.Build.0 = Debug|Any CPU
		{FEBD738E-F5CA-4C00-AE83-2A8F582A45BB}.Release|Any CPU.ActiveCfg = Release|Any CPU
		{FEBD738E-F5CA-4C00-AE83-2A8F582A45BB}.Release|Any CPU.Build.0 = Release|Any CPU
		{851515EC-631E-4907-B0C0-587CA0EE916F}.Debug|Any CPU.ActiveCfg = Debug|Any CPU
		{851515EC-631E-4907-B0C0-587CA0EE916F}.Debug|Any CPU.Build.0 = Debug|Any CPU
		{851515EC-631E-4907-B0C0-587CA0EE916F}.Release|Any CPU.ActiveCfg = Release|Any CPU
		{851515EC-631E-4907-B0C0-587CA0EE916F}.Release|Any CPU.Build.0 = Release|Any CPU
		{D4F0C629-29D2-460B-89B1-1DD6A4178295}.Debug|Any CPU.ActiveCfg = Debug|Any CPU
		{D4F0C629-29D2-460B-89B1-1DD6A4178295}.Debug|Any CPU.Build.0 = Debug|Any CPU
		{D4F0C629-29D2-460B-89B1-1DD6A4178295}.Release|Any CPU.ActiveCfg = Release|Any CPU
		{D4F0C629-29D2-460B-89B1-1DD6A4178295}.Release|Any CPU.Build.0 = Release|Any CPU
		{7AA40543-4101-49BE-BCE9-B82A080C6FFE}.Debug|Any CPU.ActiveCfg = Debug|Any CPU
		{7AA40543-4101-49BE-BCE9-B82A080C6FFE}.Debug|Any CPU.Build.0 = Debug|Any CPU
		{7AA40543-4101-49BE-BCE9-B82A080C6FFE}.Release|Any CPU.ActiveCfg = Release|Any CPU
		{7AA40543-4101-49BE-BCE9-B82A080C6FFE}.Release|Any CPU.Build.0 = Release|Any CPU
		{39C942D2-863D-465C-A2D5-A8F20A833051}.Debug|Any CPU.ActiveCfg = Debug|Any CPU
		{39C942D2-863D-465C-A2D5-A8F20A833051}.Debug|Any CPU.Build.0 = Debug|Any CPU
		{39C942D2-863D-465C-A2D5-A8F20A833051}.Release|Any CPU.ActiveCfg = Release|Any CPU
		{39C942D2-863D-465C-A2D5-A8F20A833051}.Release|Any CPU.Build.0 = Release|Any CPU
		{98E2E483-7D30-495E-88F4-69B2797434AF}.Debug|Any CPU.ActiveCfg = Debug|Any CPU
		{98E2E483-7D30-495E-88F4-69B2797434AF}.Debug|Any CPU.Build.0 = Debug|Any CPU
		{98E2E483-7D30-495E-88F4-69B2797434AF}.Release|Any CPU.ActiveCfg = Release|Any CPU
		{98E2E483-7D30-495E-88F4-69B2797434AF}.Release|Any CPU.Build.0 = Release|Any CPU
		{E5912B9F-82AA-4417-B221-12A81E2DA997}.Debug|Any CPU.ActiveCfg = Debug|Any CPU
		{E5912B9F-82AA-4417-B221-12A81E2DA997}.Debug|Any CPU.Build.0 = Debug|Any CPU
		{E5912B9F-82AA-4417-B221-12A81E2DA997}.Release|Any CPU.ActiveCfg = Release|Any CPU
		{E5912B9F-82AA-4417-B221-12A81E2DA997}.Release|Any CPU.Build.0 = Release|Any CPU
		{5994631D-2F06-4418-BA36-2081582B7CCD}.Debug|Any CPU.ActiveCfg = Debug|Any CPU
		{5994631D-2F06-4418-BA36-2081582B7CCD}.Debug|Any CPU.Build.0 = Debug|Any CPU
		{5994631D-2F06-4418-BA36-2081582B7CCD}.Release|Any CPU.ActiveCfg = Release|Any CPU
		{5994631D-2F06-4418-BA36-2081582B7CCD}.Release|Any CPU.Build.0 = Release|Any CPU
		{2F2040E7-EAC3-4229-93E4-5A62EF9070CB}.Debug|Any CPU.ActiveCfg = Debug|Any CPU
		{2F2040E7-EAC3-4229-93E4-5A62EF9070CB}.Debug|Any CPU.Build.0 = Debug|Any CPU
		{2F2040E7-EAC3-4229-93E4-5A62EF9070CB}.Release|Any CPU.ActiveCfg = Release|Any CPU
		{2F2040E7-EAC3-4229-93E4-5A62EF9070CB}.Release|Any CPU.Build.0 = Release|Any CPU
		{CAA76136-35C7-4506-ADD9-8524B03B6094}.Debug|Any CPU.ActiveCfg = Debug|Any CPU
		{CAA76136-35C7-4506-ADD9-8524B03B6094}.Debug|Any CPU.Build.0 = Debug|Any CPU
		{CAA76136-35C7-4506-ADD9-8524B03B6094}.Release|Any CPU.ActiveCfg = Release|Any CPU
		{CAA76136-35C7-4506-ADD9-8524B03B6094}.Release|Any CPU.Build.0 = Release|Any CPU
		{93A7A64D-2B3A-48B1-8E1B-EF456FFA8191}.Debug|Any CPU.ActiveCfg = Debug|Any CPU
		{93A7A64D-2B3A-48B1-8E1B-EF456FFA8191}.Debug|Any CPU.Build.0 = Debug|Any CPU
		{93A7A64D-2B3A-48B1-8E1B-EF456FFA8191}.Release|Any CPU.ActiveCfg = Release|Any CPU
		{93A7A64D-2B3A-48B1-8E1B-EF456FFA8191}.Release|Any CPU.Build.0 = Release|Any CPU
		{9646B447-6E3F-4B74-BA50-36BF333A4783}.Debug|Any CPU.ActiveCfg = Debug|Any CPU
		{9646B447-6E3F-4B74-BA50-36BF333A4783}.Debug|Any CPU.Build.0 = Debug|Any CPU
		{9646B447-6E3F-4B74-BA50-36BF333A4783}.Release|Any CPU.ActiveCfg = Release|Any CPU
		{9646B447-6E3F-4B74-BA50-36BF333A4783}.Release|Any CPU.Build.0 = Release|Any CPU
		{26B15687-0D17-4909-B4DA-02B50CD976D8}.Debug|Any CPU.ActiveCfg = Debug|Any CPU
		{26B15687-0D17-4909-B4DA-02B50CD976D8}.Debug|Any CPU.Build.0 = Debug|Any CPU
		{26B15687-0D17-4909-B4DA-02B50CD976D8}.Release|Any CPU.ActiveCfg = Release|Any CPU
		{26B15687-0D17-4909-B4DA-02B50CD976D8}.Release|Any CPU.Build.0 = Release|Any CPU
		{C2C8BDD8-8733-4CFE-9A90-C855D1D3A9CF}.Debug|Any CPU.ActiveCfg = Debug|Any CPU
		{C2C8BDD8-8733-4CFE-9A90-C855D1D3A9CF}.Debug|Any CPU.Build.0 = Debug|Any CPU
		{C2C8BDD8-8733-4CFE-9A90-C855D1D3A9CF}.Release|Any CPU.ActiveCfg = Release|Any CPU
		{C2C8BDD8-8733-4CFE-9A90-C855D1D3A9CF}.Release|Any CPU.Build.0 = Release|Any CPU
		{48F5E988-6361-49DD-A372-5D96E189228D}.Debug|Any CPU.ActiveCfg = Debug|Any CPU
		{48F5E988-6361-49DD-A372-5D96E189228D}.Debug|Any CPU.Build.0 = Debug|Any CPU
		{48F5E988-6361-49DD-A372-5D96E189228D}.Release|Any CPU.ActiveCfg = Release|Any CPU
		{48F5E988-6361-49DD-A372-5D96E189228D}.Release|Any CPU.Build.0 = Release|Any CPU
		{30492465-0AFD-4CC2-9FE4-AEA2F11CFC9F}.Debug|Any CPU.ActiveCfg = Debug|Any CPU
		{30492465-0AFD-4CC2-9FE4-AEA2F11CFC9F}.Debug|Any CPU.Build.0 = Debug|Any CPU
		{30492465-0AFD-4CC2-9FE4-AEA2F11CFC9F}.Release|Any CPU.ActiveCfg = Release|Any CPU
		{30492465-0AFD-4CC2-9FE4-AEA2F11CFC9F}.Release|Any CPU.Build.0 = Release|Any CPU
		{A1A01CA5-24BF-4F9A-8F4A-68308E89A056}.Debug|Any CPU.ActiveCfg = Debug|Any CPU
		{A1A01CA5-24BF-4F9A-8F4A-68308E89A056}.Debug|Any CPU.Build.0 = Debug|Any CPU
		{A1A01CA5-24BF-4F9A-8F4A-68308E89A056}.Release|Any CPU.ActiveCfg = Release|Any CPU
		{A1A01CA5-24BF-4F9A-8F4A-68308E89A056}.Release|Any CPU.Build.0 = Release|Any CPU
		{4C33F450-005E-4EC8-B040-3E89D998E2B8}.Debug|Any CPU.ActiveCfg = Debug|Any CPU
		{4C33F450-005E-4EC8-B040-3E89D998E2B8}.Debug|Any CPU.Build.0 = Debug|Any CPU
		{4C33F450-005E-4EC8-B040-3E89D998E2B8}.Release|Any CPU.ActiveCfg = Release|Any CPU
		{4C33F450-005E-4EC8-B040-3E89D998E2B8}.Release|Any CPU.Build.0 = Release|Any CPU
		{EA21C64F-3A62-4BB3-9A7C-68DD4EF0E874}.Debug|Any CPU.ActiveCfg = Debug|Any CPU
		{EA21C64F-3A62-4BB3-9A7C-68DD4EF0E874}.Debug|Any CPU.Build.0 = Debug|Any CPU
		{EA21C64F-3A62-4BB3-9A7C-68DD4EF0E874}.Release|Any CPU.ActiveCfg = Release|Any CPU
		{EA21C64F-3A62-4BB3-9A7C-68DD4EF0E874}.Release|Any CPU.Build.0 = Release|Any CPU
		{F879429B-3F6A-4A3F-8314-B9B52724D149}.Debug|Any CPU.ActiveCfg = Debug|Any CPU
		{F879429B-3F6A-4A3F-8314-B9B52724D149}.Debug|Any CPU.Build.0 = Debug|Any CPU
		{F879429B-3F6A-4A3F-8314-B9B52724D149}.Release|Any CPU.ActiveCfg = Release|Any CPU
		{F879429B-3F6A-4A3F-8314-B9B52724D149}.Release|Any CPU.Build.0 = Release|Any CPU
		{B9BE5B14-7FE6-43D4-9594-D7E62AE7B4F9}.Debug|Any CPU.ActiveCfg = Debug|Any CPU
		{B9BE5B14-7FE6-43D4-9594-D7E62AE7B4F9}.Debug|Any CPU.Build.0 = Debug|Any CPU
		{B9BE5B14-7FE6-43D4-9594-D7E62AE7B4F9}.Release|Any CPU.ActiveCfg = Release|Any CPU
		{B9BE5B14-7FE6-43D4-9594-D7E62AE7B4F9}.Release|Any CPU.Build.0 = Release|Any CPU
		{64D32929-FBE7-48CC-84B2-71888324D3A2}.Debug|Any CPU.ActiveCfg = Debug|Any CPU
		{64D32929-FBE7-48CC-84B2-71888324D3A2}.Debug|Any CPU.Build.0 = Debug|Any CPU
		{64D32929-FBE7-48CC-84B2-71888324D3A2}.Release|Any CPU.ActiveCfg = Release|Any CPU
		{64D32929-FBE7-48CC-84B2-71888324D3A2}.Release|Any CPU.Build.0 = Release|Any CPU
		{1A01A77C-C332-452E-988C-888D75F45F96}.Debug|Any CPU.ActiveCfg = Debug|Any CPU
		{1A01A77C-C332-452E-988C-888D75F45F96}.Debug|Any CPU.Build.0 = Debug|Any CPU
		{1A01A77C-C332-452E-988C-888D75F45F96}.Release|Any CPU.ActiveCfg = Release|Any CPU
		{1A01A77C-C332-452E-988C-888D75F45F96}.Release|Any CPU.Build.0 = Release|Any CPU
		{A6440C21-7C53-4855-A40A-ADE04F1289C5}.Debug|Any CPU.ActiveCfg = Debug|Any CPU
		{A6440C21-7C53-4855-A40A-ADE04F1289C5}.Debug|Any CPU.Build.0 = Debug|Any CPU
		{A6440C21-7C53-4855-A40A-ADE04F1289C5}.Release|Any CPU.ActiveCfg = Release|Any CPU
		{A6440C21-7C53-4855-A40A-ADE04F1289C5}.Release|Any CPU.Build.0 = Release|Any CPU
		{5141C07A-F1DE-43D7-B81B-B02307D23FE5}.Debug|Any CPU.ActiveCfg = Debug|Any CPU
		{5141C07A-F1DE-43D7-B81B-B02307D23FE5}.Debug|Any CPU.Build.0 = Debug|Any CPU
		{5141C07A-F1DE-43D7-B81B-B02307D23FE5}.Release|Any CPU.ActiveCfg = Release|Any CPU
		{5141C07A-F1DE-43D7-B81B-B02307D23FE5}.Release|Any CPU.Build.0 = Release|Any CPU
		{6FD1CCA1-994B-4DA1-B104-8FB71CE0E3A4}.Debug|Any CPU.ActiveCfg = Debug|Any CPU
		{6FD1CCA1-994B-4DA1-B104-8FB71CE0E3A4}.Debug|Any CPU.Build.0 = Debug|Any CPU
		{6FD1CCA1-994B-4DA1-B104-8FB71CE0E3A4}.Release|Any CPU.ActiveCfg = Release|Any CPU
		{6FD1CCA1-994B-4DA1-B104-8FB71CE0E3A4}.Release|Any CPU.Build.0 = Release|Any CPU
		{55B7EC79-3B2C-4D34-9050-E021D45BAA2C}.Debug|Any CPU.ActiveCfg = Debug|Any CPU
		{55B7EC79-3B2C-4D34-9050-E021D45BAA2C}.Debug|Any CPU.Build.0 = Debug|Any CPU
		{55B7EC79-3B2C-4D34-9050-E021D45BAA2C}.Release|Any CPU.ActiveCfg = Release|Any CPU
		{55B7EC79-3B2C-4D34-9050-E021D45BAA2C}.Release|Any CPU.Build.0 = Release|Any CPU
		{ACB7F443-F4F7-42A6-8211-507996F6D1B0}.Debug|Any CPU.ActiveCfg = Debug|Any CPU
		{ACB7F443-F4F7-42A6-8211-507996F6D1B0}.Debug|Any CPU.Build.0 = Debug|Any CPU
		{ACB7F443-F4F7-42A6-8211-507996F6D1B0}.Release|Any CPU.ActiveCfg = Release|Any CPU
		{ACB7F443-F4F7-42A6-8211-507996F6D1B0}.Release|Any CPU.Build.0 = Release|Any CPU
		{025F7B6D-BE00-4FB9-B26C-55E31694BB2B}.Debug|Any CPU.ActiveCfg = Debug|Any CPU
		{025F7B6D-BE00-4FB9-B26C-55E31694BB2B}.Debug|Any CPU.Build.0 = Debug|Any CPU
		{025F7B6D-BE00-4FB9-B26C-55E31694BB2B}.Release|Any CPU.ActiveCfg = Release|Any CPU
		{025F7B6D-BE00-4FB9-B26C-55E31694BB2B}.Release|Any CPU.Build.0 = Release|Any CPU
		{D2A772AC-F650-47B3-BD96-D66E48C2DBAE}.Debug|Any CPU.ActiveCfg = Debug|Any CPU
		{D2A772AC-F650-47B3-BD96-D66E48C2DBAE}.Debug|Any CPU.Build.0 = Debug|Any CPU
		{D2A772AC-F650-47B3-BD96-D66E48C2DBAE}.Release|Any CPU.ActiveCfg = Release|Any CPU
		{D2A772AC-F650-47B3-BD96-D66E48C2DBAE}.Release|Any CPU.Build.0 = Release|Any CPU
	EndGlobalSection
	GlobalSection(SolutionProperties) = preSolution
		HideSolutionNode = FALSE
	EndGlobalSection
	GlobalSection(NestedProjects) = preSolution
		{0FED94A1-DEC9-4CBF-8B8F-FBFD8A2CD625} = {944E7BCB-8095-4C62-A954-F940DBAAEEAB}
		{606E1CE5-BF54-4AA0-A53E-7F2E86D5F102} = {944E7BCB-8095-4C62-A954-F940DBAAEEAB}
		{5943259B-0BD9-4B96-B126-8570FDAE5D42} = {944E7BCB-8095-4C62-A954-F940DBAAEEAB}
		{A265086C-6A75-4683-8DAA-D8EB9B910781} = {944E7BCB-8095-4C62-A954-F940DBAAEEAB}
		{23BFD699-4E8F-477D-8A96-DC3AC379DBB4} = {944E7BCB-8095-4C62-A954-F940DBAAEEAB}
		{76471A20-89B9-4ADF-A453-064DAA354984} = {944E7BCB-8095-4C62-A954-F940DBAAEEAB}
		{4EA36DEE-4865-4126-9EE5-A529EA79D171} = {944E7BCB-8095-4C62-A954-F940DBAAEEAB}
		{156EE126-5D22-42A0-8971-F081DFAEA1FB} = {944E7BCB-8095-4C62-A954-F940DBAAEEAB}
		{DFE72E20-3D07-4FAD-8C5E-1EA6DA9BD673} = {944E7BCB-8095-4C62-A954-F940DBAAEEAB}
		{FFDA65F9-E555-4320-8EA6-77347D8AAD1A} = {944E7BCB-8095-4C62-A954-F940DBAAEEAB}
		{E45EA2AC-8643-496E-B498-880DE6BD13EC} = {944E7BCB-8095-4C62-A954-F940DBAAEEAB}
		{F81AC40C-AC55-4EF8-AD81-7DB9205CBCBA} = {944E7BCB-8095-4C62-A954-F940DBAAEEAB}
		{1363854B-07E7-4087-BA5E-C279D2636A28} = {944E7BCB-8095-4C62-A954-F940DBAAEEAB}
		{AE872E78-2D9F-4A2E-BA8A-4B5A39260B77} = {D1BBD849-A915-4153-89E6-C228D0D27E3E}
		{FEBD738E-F5CA-4C00-AE83-2A8F582A45BB} = {D1BBD849-A915-4153-89E6-C228D0D27E3E}
		{851515EC-631E-4907-B0C0-587CA0EE916F} = {D1BBD849-A915-4153-89E6-C228D0D27E3E}
		{D4F0C629-29D2-460B-89B1-1DD6A4178295} = {D1BBD849-A915-4153-89E6-C228D0D27E3E}
		{7AA40543-4101-49BE-BCE9-B82A080C6FFE} = {D1BBD849-A915-4153-89E6-C228D0D27E3E}
		{39C942D2-863D-465C-A2D5-A8F20A833051} = {D1BBD849-A915-4153-89E6-C228D0D27E3E}
		{98E2E483-7D30-495E-88F4-69B2797434AF} = {D1BBD849-A915-4153-89E6-C228D0D27E3E}
		{E5912B9F-82AA-4417-B221-12A81E2DA997} = {D1BBD849-A915-4153-89E6-C228D0D27E3E}
		{5994631D-2F06-4418-BA36-2081582B7CCD} = {D1BBD849-A915-4153-89E6-C228D0D27E3E}
		{2F2040E7-EAC3-4229-93E4-5A62EF9070CB} = {D1BBD849-A915-4153-89E6-C228D0D27E3E}
		{CAA76136-35C7-4506-ADD9-8524B03B6094} = {D1BBD849-A915-4153-89E6-C228D0D27E3E}
		{93A7A64D-2B3A-48B1-8E1B-EF456FFA8191} = {D1BBD849-A915-4153-89E6-C228D0D27E3E}
		{9646B447-6E3F-4B74-BA50-36BF333A4783} = {D1BBD849-A915-4153-89E6-C228D0D27E3E}
		{26B15687-0D17-4909-B4DA-02B50CD976D8} = {D1BBD849-A915-4153-89E6-C228D0D27E3E}
		{C2C8BDD8-8733-4CFE-9A90-C855D1D3A9CF} = {D1BBD849-A915-4153-89E6-C228D0D27E3E}
		{48F5E988-6361-49DD-A372-5D96E189228D} = {D1BBD849-A915-4153-89E6-C228D0D27E3E}
		{30492465-0AFD-4CC2-9FE4-AEA2F11CFC9F} = {D1BBD849-A915-4153-89E6-C228D0D27E3E}
		{A1A01CA5-24BF-4F9A-8F4A-68308E89A056} = {D1BBD849-A915-4153-89E6-C228D0D27E3E}
		{4C33F450-005E-4EC8-B040-3E89D998E2B8} = {D1BBD849-A915-4153-89E6-C228D0D27E3E}
		{EA21C64F-3A62-4BB3-9A7C-68DD4EF0E874} = {D1BBD849-A915-4153-89E6-C228D0D27E3E}
		{F879429B-3F6A-4A3F-8314-B9B52724D149} = {D1BBD849-A915-4153-89E6-C228D0D27E3E}
		{B9BE5B14-7FE6-43D4-9594-D7E62AE7B4F9} = {D1BBD849-A915-4153-89E6-C228D0D27E3E}
		{64D32929-FBE7-48CC-84B2-71888324D3A2} = {D1BBD849-A915-4153-89E6-C228D0D27E3E}
		{1A01A77C-C332-452E-988C-888D75F45F96} = {D1BBD849-A915-4153-89E6-C228D0D27E3E}
		{A6440C21-7C53-4855-A40A-ADE04F1289C5} = {D1BBD849-A915-4153-89E6-C228D0D27E3E}
		{5141C07A-F1DE-43D7-B81B-B02307D23FE5} = {D1BBD849-A915-4153-89E6-C228D0D27E3E}
		{6FD1CCA1-994B-4DA1-B104-8FB71CE0E3A4} = {D1BBD849-A915-4153-89E6-C228D0D27E3E}
		{55B7EC79-3B2C-4D34-9050-E021D45BAA2C} = {D1BBD849-A915-4153-89E6-C228D0D27E3E}
		{ACB7F443-F4F7-42A6-8211-507996F6D1B0} = {D1BBD849-A915-4153-89E6-C228D0D27E3E}
		{025F7B6D-BE00-4FB9-B26C-55E31694BB2B} = {D1BBD849-A915-4153-89E6-C228D0D27E3E}
		{D2A772AC-F650-47B3-BD96-D66E48C2DBAE} = {D1BBD849-A915-4153-89E6-C228D0D27E3E}
	EndGlobalSection
	GlobalSection(ExtensibilityGlobals) = postSolution
		SolutionGuid = {B1925536-E35E-4FFD-874A-B14D7F013666}
	EndGlobalSection
EndGlobal
